
Microsoft Visual Studio Solution File, Format Version 12.00
# Visual Studio Version 16
VisualStudioVersion = 16.0.30621.155
MinimumVisualStudioVersion = 15.0.26124.0
Project("{9A19103F-16F7-4668-BE54-9A1E7A4F7556}") = "012_ManualResetEvent", "012_ManualResetEvent\012_ManualResetEvent.csproj", "{86347F1B-3B68-4FCB-AEF2-9162D6D5877B}"
EndProject
Project("{9A19103F-16F7-4668-BE54-9A1E7A4F7556}") = "014_EventWaitHandle", "014_EventWaitHandle\014_EventWaitHandle.csproj", "{2731B09F-8265-4136-BB04-E013BA071FD9}"
EndProject
Project("{9A19103F-16F7-4668-BE54-9A1E7A4F7556}") = "009_AutoResetEvent", "009_AutoResetEvent\009_AutoResetEvent.csproj", "{6BE74F2D-BCB4-4909-8CE1-6300594AC361}"
EndProject
Project("{9A19103F-16F7-4668-BE54-9A1E7A4F7556}") = "008_AutoResetEvent", "008_AutoResetEvent\008_AutoResetEvent.csproj", "{F68B2846-1B7B-4434-9A91-4FBF3C30CB39}"
EndProject
Project("{9A19103F-16F7-4668-BE54-9A1E7A4F7556}") = "010_ManualResetEvent", "010_ManualResetEvent\010_ManualResetEvent.csproj", "{0F1375FD-D98F-449B-A2EE-AED2FFF54DDE}"
EndProject
Project("{9A19103F-16F7-4668-BE54-9A1E7A4F7556}") = "005_Mutex", "005_Mutex\005_Mutex.csproj", "{B6EFF4E2-007B-428B-952D-320EF2B18F73}"
EndProject
Project("{9A19103F-16F7-4668-BE54-9A1E7A4F7556}") = "013_RegistredWaitHandle", "013_RegistredWaitHandle\013_RegistredWaitHandle.csproj", "{1CAEB56C-DC4C-4CA8-9914-A2A8D3AE9869}"
EndProject
Project("{9A19103F-16F7-4668-BE54-9A1E7A4F7556}") = "011_ManualResetEventSlim", "011_ManualResetEventSlim\011_ManualResetEventSlim.csproj", "{94F20843-A196-4425-A4ED-EAF31D8B5E97}"
EndProject
Project("{9A19103F-16F7-4668-BE54-9A1E7A4F7556}") = "004_Mutex", "004_Mutex\004_Mutex.csproj", "{BC7D1993-3F7C-4261-8318-78776ACB77D7}"
EndProject
Project("{9A19103F-16F7-4668-BE54-9A1E7A4F7556}") = "007_SemaphoreSlim", "007_SemaphoreSlim\007_SemaphoreSlim.csproj", "{B11A68EE-F520-4B59-BEB4-15630CA80F59}"
EndProject
Project("{9A19103F-16F7-4668-BE54-9A1E7A4F7556}") = "015_HybridLock", "015_HybridLock\015_HybridLock.csproj", "{7801282F-9B35-4679-8454-7FA773722D91}"
EndProject
Project("{9A19103F-16F7-4668-BE54-9A1E7A4F7556}") = "003_ThreadPool", "003_ThreadPool\003_ThreadPool.csproj", "{1F8C8762-27E2-434A-826A-5D8C17B588AC}"
EndProject
Project("{9A19103F-16F7-4668-BE54-9A1E7A4F7556}") = "015_Timer", "015_Timer\015_Timer.csproj", "{00867F37-692C-4341-9991-B608B1CB4B82}"
EndProject
Project("{9A19103F-16F7-4668-BE54-9A1E7A4F7556}") = "001_Volatile", "001_Volatile\001_Volatile.csproj", "{F3995EA2-7313-4EC2-B039-72ECB72A7214}"
EndProject
Project("{9A19103F-16F7-4668-BE54-9A1E7A4F7556}") = "002__Volatile", "002__Volatile\002__Volatile.csproj", "{56190BD7-9649-42D3-AFDD-5972EF23BF22}"
EndProject
Project("{9A19103F-16F7-4668-BE54-9A1E7A4F7556}") = "016_WaitHandle", "016_WaitHandle\016_WaitHandle.csproj", "{3E51BE8C-D81D-4E43-B127-96C3AB0DD994}"
EndProject
Project("{9A19103F-16F7-4668-BE54-9A1E7A4F7556}") = "006_Semaphore", "006_Semaphore\006_Semaphore.csproj", "{16045776-A601-40FD-85D0-E1F23E8AB184}"
EndProject
Global
	GlobalSection(SolutionConfigurationPlatforms) = preSolution
		Debug|Any CPU = Debug|Any CPU
		Debug|x64 = Debug|x64
		Debug|x86 = Debug|x86
		Release|Any CPU = Release|Any CPU
		Release|x64 = Release|x64
		Release|x86 = Release|x86
	EndGlobalSection
	GlobalSection(ProjectConfigurationPlatforms) = postSolution
		{86347F1B-3B68-4FCB-AEF2-9162D6D5877B}.Debug|Any CPU.ActiveCfg = Debug|Any CPU
		{86347F1B-3B68-4FCB-AEF2-9162D6D5877B}.Debug|Any CPU.Build.0 = Debug|Any CPU
		{86347F1B-3B68-4FCB-AEF2-9162D6D5877B}.Debug|x64.ActiveCfg = Debug|Any CPU
		{86347F1B-3B68-4FCB-AEF2-9162D6D5877B}.Debug|x64.Build.0 = Debug|Any CPU
		{86347F1B-3B68-4FCB-AEF2-9162D6D5877B}.Debug|x86.ActiveCfg = Debug|Any CPU
		{86347F1B-3B68-4FCB-AEF2-9162D6D5877B}.Debug|x86.Build.0 = Debug|Any CPU
		{86347F1B-3B68-4FCB-AEF2-9162D6D5877B}.Release|Any CPU.ActiveCfg = Release|Any CPU
		{86347F1B-3B68-4FCB-AEF2-9162D6D5877B}.Release|Any CPU.Build.0 = Release|Any CPU
		{86347F1B-3B68-4FCB-AEF2-9162D6D5877B}.Release|x64.ActiveCfg = Release|Any CPU
		{86347F1B-3B68-4FCB-AEF2-9162D6D5877B}.Release|x64.Build.0 = Release|Any CPU
		{86347F1B-3B68-4FCB-AEF2-9162D6D5877B}.Release|x86.ActiveCfg = Release|Any CPU
		{86347F1B-3B68-4FCB-AEF2-9162D6D5877B}.Release|x86.Build.0 = Release|Any CPU
		{2731B09F-8265-4136-BB04-E013BA071FD9}.Debug|Any CPU.ActiveCfg = Debug|Any CPU
		{2731B09F-8265-4136-BB04-E013BA071FD9}.Debug|Any CPU.Build.0 = Debug|Any CPU
		{2731B09F-8265-4136-BB04-E013BA071FD9}.Debug|x64.ActiveCfg = Debug|Any CPU
		{2731B09F-8265-4136-BB04-E013BA071FD9}.Debug|x64.Build.0 = Debug|Any CPU
		{2731B09F-8265-4136-BB04-E013BA071FD9}.Debug|x86.ActiveCfg = Debug|Any CPU
		{2731B09F-8265-4136-BB04-E013BA071FD9}.Debug|x86.Build.0 = Debug|Any CPU
		{2731B09F-8265-4136-BB04-E013BA071FD9}.Release|Any CPU.ActiveCfg = Release|Any CPU
		{2731B09F-8265-4136-BB04-E013BA071FD9}.Release|Any CPU.Build.0 = Release|Any CPU
		{2731B09F-8265-4136-BB04-E013BA071FD9}.Release|x64.ActiveCfg = Release|Any CPU
		{2731B09F-8265-4136-BB04-E013BA071FD9}.Release|x64.Build.0 = Release|Any CPU
		{2731B09F-8265-4136-BB04-E013BA071FD9}.Release|x86.ActiveCfg = Release|Any CPU
		{2731B09F-8265-4136-BB04-E013BA071FD9}.Release|x86.Build.0 = Release|Any CPU
		{6BE74F2D-BCB4-4909-8CE1-6300594AC361}.Debug|Any CPU.ActiveCfg = Debug|Any CPU
		{6BE74F2D-BCB4-4909-8CE1-6300594AC361}.Debug|Any CPU.Build.0 = Debug|Any CPU
		{6BE74F2D-BCB4-4909-8CE1-6300594AC361}.Debug|x64.ActiveCfg = Debug|Any CPU
		{6BE74F2D-BCB4-4909-8CE1-6300594AC361}.Debug|x64.Build.0 = Debug|Any CPU
		{6BE74F2D-BCB4-4909-8CE1-6300594AC361}.Debug|x86.ActiveCfg = Debug|Any CPU
		{6BE74F2D-BCB4-4909-8CE1-6300594AC361}.Debug|x86.Build.0 = Debug|Any CPU
		{6BE74F2D-BCB4-4909-8CE1-6300594AC361}.Release|Any CPU.ActiveCfg = Release|Any CPU
		{6BE74F2D-BCB4-4909-8CE1-6300594AC361}.Release|Any CPU.Build.0 = Release|Any CPU
		{6BE74F2D-BCB4-4909-8CE1-6300594AC361}.Release|x64.ActiveCfg = Release|Any CPU
		{6BE74F2D-BCB4-4909-8CE1-6300594AC361}.Release|x64.Build.0 = Release|Any CPU
		{6BE74F2D-BCB4-4909-8CE1-6300594AC361}.Release|x86.ActiveCfg = Release|Any CPU
		{6BE74F2D-BCB4-4909-8CE1-6300594AC361}.Release|x86.Build.0 = Release|Any CPU
		{F68B2846-1B7B-4434-9A91-4FBF3C30CB39}.Debug|Any CPU.ActiveCfg = Debug|Any CPU
		{F68B2846-1B7B-4434-9A91-4FBF3C30CB39}.Debug|Any CPU.Build.0 = Debug|Any CPU
		{F68B2846-1B7B-4434-9A91-4FBF3C30CB39}.Debug|x64.ActiveCfg = Debug|Any CPU
		{F68B2846-1B7B-4434-9A91-4FBF3C30CB39}.Debug|x64.Build.0 = Debug|Any CPU
		{F68B2846-1B7B-4434-9A91-4FBF3C30CB39}.Debug|x86.ActiveCfg = Debug|Any CPU
		{F68B2846-1B7B-4434-9A91-4FBF3C30CB39}.Debug|x86.Build.0 = Debug|Any CPU
		{F68B2846-1B7B-4434-9A91-4FBF3C30CB39}.Release|Any CPU.ActiveCfg = Release|Any CPU
		{F68B2846-1B7B-4434-9A91-4FBF3C30CB39}.Release|Any CPU.Build.0 = Release|Any CPU
		{F68B2846-1B7B-4434-9A91-4FBF3C30CB39}.Release|x64.ActiveCfg = Release|Any CPU
		{F68B2846-1B7B-4434-9A91-4FBF3C30CB39}.Release|x64.Build.0 = Release|Any CPU
		{F68B2846-1B7B-4434-9A91-4FBF3C30CB39}.Release|x86.ActiveCfg = Release|Any CPU
		{F68B2846-1B7B-4434-9A91-4FBF3C30CB39}.Release|x86.Build.0 = Release|Any CPU
		{0F1375FD-D98F-449B-A2EE-AED2FFF54DDE}.Debug|Any CPU.ActiveCfg = Debug|Any CPU
		{0F1375FD-D98F-449B-A2EE-AED2FFF54DDE}.Debug|Any CPU.Build.0 = Debug|Any CPU
		{0F1375FD-D98F-449B-A2EE-AED2FFF54DDE}.Debug|x64.ActiveCfg = Debug|Any CPU
		{0F1375FD-D98F-449B-A2EE-AED2FFF54DDE}.Debug|x64.Build.0 = Debug|Any CPU
		{0F1375FD-D98F-449B-A2EE-AED2FFF54DDE}.Debug|x86.ActiveCfg = Debug|Any CPU
		{0F1375FD-D98F-449B-A2EE-AED2FFF54DDE}.Debug|x86.Build.0 = Debug|Any CPU
		{0F1375FD-D98F-449B-A2EE-AED2FFF54DDE}.Release|Any CPU.ActiveCfg = Release|Any CPU
		{0F1375FD-D98F-449B-A2EE-AED2FFF54DDE}.Release|Any CPU.Build.0 = Release|Any CPU
		{0F1375FD-D98F-449B-A2EE-AED2FFF54DDE}.Release|x64.ActiveCfg = Release|Any CPU
		{0F1375FD-D98F-449B-A2EE-AED2FFF54DDE}.Release|x64.Build.0 = Release|Any CPU
		{0F1375FD-D98F-449B-A2EE-AED2FFF54DDE}.Release|x86.ActiveCfg = Release|Any CPU
		{0F1375FD-D98F-449B-A2EE-AED2FFF54DDE}.Release|x86.Build.0 = Release|Any CPU
		{B6EFF4E2-007B-428B-952D-320EF2B18F73}.Debug|Any CPU.ActiveCfg = Debug|Any CPU
		{B6EFF4E2-007B-428B-952D-320EF2B18F73}.Debug|Any CPU.Build.0 = Debug|Any CPU
		{B6EFF4E2-007B-428B-952D-320EF2B18F73}.Debug|x64.ActiveCfg = Debug|Any CPU
		{B6EFF4E2-007B-428B-952D-320EF2B18F73}.Debug|x64.Build.0 = Debug|Any CPU
		{B6EFF4E2-007B-428B-952D-320EF2B18F73}.Debug|x86.ActiveCfg = Debug|Any CPU
		{B6EFF4E2-007B-428B-952D-320EF2B18F73}.Debug|x86.Build.0 = Debug|Any CPU
		{B6EFF4E2-007B-428B-952D-320EF2B18F73}.Release|Any CPU.ActiveCfg = Release|Any CPU
		{B6EFF4E2-007B-428B-952D-320EF2B18F73}.Release|Any CPU.Build.0 = Release|Any CPU
		{B6EFF4E2-007B-428B-952D-320EF2B18F73}.Release|x64.ActiveCfg = Release|Any CPU
		{B6EFF4E2-007B-428B-952D-320EF2B18F73}.Release|x64.Build.0 = Release|Any CPU
		{B6EFF4E2-007B-428B-952D-320EF2B18F73}.Release|x86.ActiveCfg = Release|Any CPU
		{B6EFF4E2-007B-428B-952D-320EF2B18F73}.Release|x86.Build.0 = Release|Any CPU
		{1CAEB56C-DC4C-4CA8-9914-A2A8D3AE9869}.Debug|Any CPU.ActiveCfg = Debug|Any CPU
		{1CAEB56C-DC4C-4CA8-9914-A2A8D3AE9869}.Debug|Any CPU.Build.0 = Debug|Any CPU
		{1CAEB56C-DC4C-4CA8-9914-A2A8D3AE9869}.Debug|x64.ActiveCfg = Debug|Any CPU
		{1CAEB56C-DC4C-4CA8-9914-A2A8D3AE9869}.Debug|x64.Build.0 = Debug|Any CPU
		{1CAEB56C-DC4C-4CA8-9914-A2A8D3AE9869}.Debug|x86.ActiveCfg = Debug|Any CPU
		{1CAEB56C-DC4C-4CA8-9914-A2A8D3AE9869}.Debug|x86.Build.0 = Debug|Any CPU
		{1CAEB56C-DC4C-4CA8-9914-A2A8D3AE9869}.Release|Any CPU.ActiveCfg = Release|Any CPU
		{1CAEB56C-DC4C-4CA8-9914-A2A8D3AE9869}.Release|Any CPU.Build.0 = Release|Any CPU
		{1CAEB56C-DC4C-4CA8-9914-A2A8D3AE9869}.Release|x64.ActiveCfg = Release|Any CPU
		{1CAEB56C-DC4C-4CA8-9914-A2A8D3AE9869}.Release|x64.Build.0 = Release|Any CPU
		{1CAEB56C-DC4C-4CA8-9914-A2A8D3AE9869}.Release|x86.ActiveCfg = Release|Any CPU
		{1CAEB56C-DC4C-4CA8-9914-A2A8D3AE9869}.Release|x86.Build.0 = Release|Any CPU
		{94F20843-A196-4425-A4ED-EAF31D8B5E97}.Debug|Any CPU.ActiveCfg = Debug|Any CPU
		{94F20843-A196-4425-A4ED-EAF31D8B5E97}.Debug|Any CPU.Build.0 = Debug|Any CPU
		{94F20843-A196-4425-A4ED-EAF31D8B5E97}.Debug|x64.ActiveCfg = Debug|Any CPU
		{94F20843-A196-4425-A4ED-EAF31D8B5E97}.Debug|x64.Build.0 = Debug|Any CPU
		{94F20843-A196-4425-A4ED-EAF31D8B5E97}.Debug|x86.ActiveCfg = Debug|Any CPU
		{94F20843-A196-4425-A4ED-EAF31D8B5E97}.Debug|x86.Build.0 = Debug|Any CPU
		{94F20843-A196-4425-A4ED-EAF31D8B5E97}.Release|Any CPU.ActiveCfg = Release|Any CPU
		{94F20843-A196-4425-A4ED-EAF31D8B5E97}.Release|Any CPU.Build.0 = Release|Any CPU
		{94F20843-A196-4425-A4ED-EAF31D8B5E97}.Release|x64.ActiveCfg = Release|Any CPU
		{94F20843-A196-4425-A4ED-EAF31D8B5E97}.Release|x64.Build.0 = Release|Any CPU
		{94F20843-A196-4425-A4ED-EAF31D8B5E97}.Release|x86.ActiveCfg = Release|Any CPU
		{94F20843-A196-4425-A4ED-EAF31D8B5E97}.Release|x86.Build.0 = Release|Any CPU
		{BC7D1993-3F7C-4261-8318-78776ACB77D7}.Debug|Any CPU.ActiveCfg = Debug|Any CPU
		{BC7D1993-3F7C-4261-8318-78776ACB77D7}.Debug|Any CPU.Build.0 = Debug|Any CPU
		{BC7D1993-3F7C-4261-8318-78776ACB77D7}.Debug|x64.ActiveCfg = Debug|Any CPU
		{BC7D1993-3F7C-4261-8318-78776ACB77D7}.Debug|x64.Build.0 = Debug|Any CPU
		{BC7D1993-3F7C-4261-8318-78776ACB77D7}.Debug|x86.ActiveCfg = Debug|Any CPU
		{BC7D1993-3F7C-4261-8318-78776ACB77D7}.Debug|x86.Build.0 = Debug|Any CPU
		{BC7D1993-3F7C-4261-8318-78776ACB77D7}.Release|Any CPU.ActiveCfg = Release|Any CPU
		{BC7D1993-3F7C-4261-8318-78776ACB77D7}.Release|Any CPU.Build.0 = Release|Any CPU
		{BC7D1993-3F7C-4261-8318-78776ACB77D7}.Release|x64.ActiveCfg = Release|Any CPU
		{BC7D1993-3F7C-4261-8318-78776ACB77D7}.Release|x64.Build.0 = Release|Any CPU
		{BC7D1993-3F7C-4261-8318-78776ACB77D7}.Release|x86.ActiveCfg = Release|Any CPU
		{BC7D1993-3F7C-4261-8318-78776ACB77D7}.Release|x86.Build.0 = Release|Any CPU
		{B11A68EE-F520-4B59-BEB4-15630CA80F59}.Debug|Any CPU.ActiveCfg = Debug|Any CPU
		{B11A68EE-F520-4B59-BEB4-15630CA80F59}.Debug|Any CPU.Build.0 = Debug|Any CPU
		{B11A68EE-F520-4B59-BEB4-15630CA80F59}.Debug|x64.ActiveCfg = Debug|Any CPU
		{B11A68EE-F520-4B59-BEB4-15630CA80F59}.Debug|x64.Build.0 = Debug|Any CPU
		{B11A68EE-F520-4B59-BEB4-15630CA80F59}.Debug|x86.ActiveCfg = Debug|Any CPU
		{B11A68EE-F520-4B59-BEB4-15630CA80F59}.Debug|x86.Build.0 = Debug|Any CPU
		{B11A68EE-F520-4B59-BEB4-15630CA80F59}.Release|Any CPU.ActiveCfg = Release|Any CPU
		{B11A68EE-F520-4B59-BEB4-15630CA80F59}.Release|Any CPU.Build.0 = Release|Any CPU
		{B11A68EE-F520-4B59-BEB4-15630CA80F59}.Release|x64.ActiveCfg = Release|Any CPU
		{B11A68EE-F520-4B59-BEB4-15630CA80F59}.Release|x64.Build.0 = Release|Any CPU
		{B11A68EE-F520-4B59-BEB4-15630CA80F59}.Release|x86.ActiveCfg = Release|Any CPU
		{B11A68EE-F520-4B59-BEB4-15630CA80F59}.Release|x86.Build.0 = Release|Any CPU
		{7801282F-9B35-4679-8454-7FA773722D91}.Debug|Any CPU.ActiveCfg = Debug|Any CPU
		{7801282F-9B35-4679-8454-7FA773722D91}.Debug|Any CPU.Build.0 = Debug|Any CPU
		{7801282F-9B35-4679-8454-7FA773722D91}.Debug|x64.ActiveCfg = Debug|Any CPU
		{7801282F-9B35-4679-8454-7FA773722D91}.Debug|x64.Build.0 = Debug|Any CPU
		{7801282F-9B35-4679-8454-7FA773722D91}.Debug|x86.ActiveCfg = Debug|Any CPU
		{7801282F-9B35-4679-8454-7FA773722D91}.Debug|x86.Build.0 = Debug|Any CPU
		{7801282F-9B35-4679-8454-7FA773722D91}.Release|Any CPU.ActiveCfg = Release|Any CPU
		{7801282F-9B35-4679-8454-7FA773722D91}.Release|Any CPU.Build.0 = Release|Any CPU
		{7801282F-9B35-4679-8454-7FA773722D91}.Release|x64.ActiveCfg = Release|Any CPU
		{7801282F-9B35-4679-8454-7FA773722D91}.Release|x64.Build.0 = Release|Any CPU
		{7801282F-9B35-4679-8454-7FA773722D91}.Release|x86.ActiveCfg = Release|Any CPU
		{7801282F-9B35-4679-8454-7FA773722D91}.Release|x86.Build.0 = Release|Any CPU
		{1F8C8762-27E2-434A-826A-5D8C17B588AC}.Debug|Any CPU.ActiveCfg = Debug|Any CPU
		{1F8C8762-27E2-434A-826A-5D8C17B588AC}.Debug|Any CPU.Build.0 = Debug|Any CPU
		{1F8C8762-27E2-434A-826A-5D8C17B588AC}.Debug|x64.ActiveCfg = Debug|Any CPU
		{1F8C8762-27E2-434A-826A-5D8C17B588AC}.Debug|x64.Build.0 = Debug|Any CPU
		{1F8C8762-27E2-434A-826A-5D8C17B588AC}.Debug|x86.ActiveCfg = Debug|Any CPU
		{1F8C8762-27E2-434A-826A-5D8C17B588AC}.Debug|x86.Build.0 = Debug|Any CPU
		{1F8C8762-27E2-434A-826A-5D8C17B588AC}.Release|Any CPU.ActiveCfg = Release|Any CPU
		{1F8C8762-27E2-434A-826A-5D8C17B588AC}.Release|Any CPU.Build.0 = Release|Any CPU
		{1F8C8762-27E2-434A-826A-5D8C17B588AC}.Release|x64.ActiveCfg = Release|Any CPU
		{1F8C8762-27E2-434A-826A-5D8C17B588AC}.Release|x64.Build.0 = Release|Any CPU
		{1F8C8762-27E2-434A-826A-5D8C17B588AC}.Release|x86.ActiveCfg = Release|Any CPU
		{1F8C8762-27E2-434A-826A-5D8C17B588AC}.Release|x86.Build.0 = Release|Any CPU
		{00867F37-692C-4341-9991-B608B1CB4B82}.Debug|Any CPU.ActiveCfg = Debug|Any CPU
		{00867F37-692C-4341-9991-B608B1CB4B82}.Debug|Any CPU.Build.0 = Debug|Any CPU
		{00867F37-692C-4341-9991-B608B1CB4B82}.Debug|x64.ActiveCfg = Debug|Any CPU
		{00867F37-692C-4341-9991-B608B1CB4B82}.Debug|x64.Build.0 = Debug|Any CPU
		{00867F37-692C-4341-9991-B608B1CB4B82}.Debug|x86.ActiveCfg = Debug|Any CPU
		{00867F37-692C-4341-9991-B608B1CB4B82}.Debug|x86.Build.0 = Debug|Any CPU
		{00867F37-692C-4341-9991-B608B1CB4B82}.Release|Any CPU.ActiveCfg = Release|Any CPU
		{00867F37-692C-4341-9991-B608B1CB4B82}.Release|Any CPU.Build.0 = Release|Any CPU
		{00867F37-692C-4341-9991-B608B1CB4B82}.Release|x64.ActiveCfg = Release|Any CPU
		{00867F37-692C-4341-9991-B608B1CB4B82}.Release|x64.Build.0 = Release|Any CPU
		{00867F37-692C-4341-9991-B608B1CB4B82}.Release|x86.ActiveCfg = Release|Any CPU
		{00867F37-692C-4341-9991-B608B1CB4B82}.Release|x86.Build.0 = Release|Any CPU
		{F3995EA2-7313-4EC2-B039-72ECB72A7214}.Debug|Any CPU.ActiveCfg = Debug|Any CPU
		{F3995EA2-7313-4EC2-B039-72ECB72A7214}.Debug|Any CPU.Build.0 = Debug|Any CPU
		{F3995EA2-7313-4EC2-B039-72ECB72A7214}.Debug|x64.ActiveCfg = Debug|Any CPU
		{F3995EA2-7313-4EC2-B039-72ECB72A7214}.Debug|x64.Build.0 = Debug|Any CPU
		{F3995EA2-7313-4EC2-B039-72ECB72A7214}.Debug|x86.ActiveCfg = Debug|Any CPU
		{F3995EA2-7313-4EC2-B039-72ECB72A7214}.Debug|x86.Build.0 = Debug|Any CPU
		{F3995EA2-7313-4EC2-B039-72ECB72A7214}.Release|Any CPU.ActiveCfg = Release|Any CPU
		{F3995EA2-7313-4EC2-B039-72ECB72A7214}.Release|Any CPU.Build.0 = Release|Any CPU
		{F3995EA2-7313-4EC2-B039-72ECB72A7214}.Release|x64.ActiveCfg = Release|Any CPU
		{F3995EA2-7313-4EC2-B039-72ECB72A7214}.Release|x64.Build.0 = Release|Any CPU
		{F3995EA2-7313-4EC2-B039-72ECB72A7214}.Release|x86.ActiveCfg = Release|Any CPU
		{F3995EA2-7313-4EC2-B039-72ECB72A7214}.Release|x86.Build.0 = Release|Any CPU
		{56190BD7-9649-42D3-AFDD-5972EF23BF22}.Debug|Any CPU.ActiveCfg = Debug|Any CPU
		{56190BD7-9649-42D3-AFDD-5972EF23BF22}.Debug|Any CPU.Build.0 = Debug|Any CPU
		{56190BD7-9649-42D3-AFDD-5972EF23BF22}.Debug|x64.ActiveCfg = Debug|Any CPU
		{56190BD7-9649-42D3-AFDD-5972EF23BF22}.Debug|x64.Build.0 = Debug|Any CPU
		{56190BD7-9649-42D3-AFDD-5972EF23BF22}.Debug|x86.ActiveCfg = Debug|Any CPU
		{56190BD7-9649-42D3-AFDD-5972EF23BF22}.Debug|x86.Build.0 = Debug|Any CPU
		{56190BD7-9649-42D3-AFDD-5972EF23BF22}.Release|Any CPU.ActiveCfg = Release|Any CPU
		{56190BD7-9649-42D3-AFDD-5972EF23BF22}.Release|Any CPU.Build.0 = Release|Any CPU
		{56190BD7-9649-42D3-AFDD-5972EF23BF22}.Release|x64.ActiveCfg = Release|Any CPU
		{56190BD7-9649-42D3-AFDD-5972EF23BF22}.Release|x64.Build.0 = Release|Any CPU
		{56190BD7-9649-42D3-AFDD-5972EF23BF22}.Release|x86.ActiveCfg = Release|Any CPU
		{56190BD7-9649-42D3-AFDD-5972EF23BF22}.Release|x86.Build.0 = Release|Any CPU
		{3E51BE8C-D81D-4E43-B127-96C3AB0DD994}.Debug|Any CPU.ActiveCfg = Debug|Any CPU
		{3E51BE8C-D81D-4E43-B127-96C3AB0DD994}.Debug|Any CPU.Build.0 = Debug|Any CPU
		{3E51BE8C-D81D-4E43-B127-96C3AB0DD994}.Debug|x64.ActiveCfg = Debug|Any CPU
		{3E51BE8C-D81D-4E43-B127-96C3AB0DD994}.Debug|x64.Build.0 = Debug|Any CPU
		{3E51BE8C-D81D-4E43-B127-96C3AB0DD994}.Debug|x86.ActiveCfg = Debug|Any CPU
		{3E51BE8C-D81D-4E43-B127-96C3AB0DD994}.Debug|x86.Build.0 = Debug|Any CPU
		{3E51BE8C-D81D-4E43-B127-96C3AB0DD994}.Release|Any CPU.ActiveCfg = Release|Any CPU
		{3E51BE8C-D81D-4E43-B127-96C3AB0DD994}.Release|Any CPU.Build.0 = Release|Any CPU
		{3E51BE8C-D81D-4E43-B127-96C3AB0DD994}.Release|x64.ActiveCfg = Release|Any CPU
		{3E51BE8C-D81D-4E43-B127-96C3AB0DD994}.Release|x64.Build.0 = Release|Any CPU
		{3E51BE8C-D81D-4E43-B127-96C3AB0DD994}.Release|x86.ActiveCfg = Release|Any CPU
		{3E51BE8C-D81D-4E43-B127-96C3AB0DD994}.Release|x86.Build.0 = Release|Any CPU
		{16045776-A601-40FD-85D0-E1F23E8AB184}.Debug|Any CPU.ActiveCfg = Debug|Any CPU
		{16045776-A601-40FD-85D0-E1F23E8AB184}.Debug|Any CPU.Build.0 = Debug|Any CPU
		{16045776-A601-40FD-85D0-E1F23E8AB184}.Debug|x64.ActiveCfg = Debug|Any CPU
		{16045776-A601-40FD-85D0-E1F23E8AB184}.Debug|x64.Build.0 = Debug|Any CPU
		{16045776-A601-40FD-85D0-E1F23E8AB184}.Debug|x86.ActiveCfg = Debug|Any CPU
		{16045776-A601-40FD-85D0-E1F23E8AB184}.Debug|x86.Build.0 = Debug|Any CPU
		{16045776-A601-40FD-85D0-E1F23E8AB184}.Release|Any CPU.ActiveCfg = Release|Any CPU
		{16045776-A601-40FD-85D0-E1F23E8AB184}.Release|Any CPU.Build.0 = Release|Any CPU
		{16045776-A601-40FD-85D0-E1F23E8AB184}.Release|x64.ActiveCfg = Release|Any CPU
		{16045776-A601-40FD-85D0-E1F23E8AB184}.Release|x64.Build.0 = Release|Any CPU
		{16045776-A601-40FD-85D0-E1F23E8AB184}.Release|x86.ActiveCfg = Release|Any CPU
		{16045776-A601-40FD-85D0-E1F23E8AB184}.Release|x86.Build.0 = Release|Any CPU
	EndGlobalSection
	GlobalSection(SolutionProperties) = preSolution
		HideSolutionNode = FALSE
	EndGlobalSection
	GlobalSection(ExtensibilityGlobals) = postSolution
		SolutionGuid = {89120A50-2706-4DC7-BB65-7AD3215CA56E}
	EndGlobalSection
EndGlobal
