
Microsoft Visual Studio Solution File, Format Version 12.00
# Visual Studio 15
VisualStudioVersion = 15.0.26124.0
MinimumVisualStudioVersion = 15.0.26124.0
Project("{FAE04EC0-301F-11D3-BF4B-00C04F79EFBC}") = "001_Boxing", "001_Boxing\001_Boxing.csproj", "{62977D7C-4FDD-4AE5-9AD2-D716AB5ADD0D}"
EndProject
Project("{FAE04EC0-301F-11D3-BF4B-00C04F79EFBC}") = "002_Boxing", "002_Boxing\002_Boxing.csproj", "{A6FE5F6B-72D4-4058-A10A-1D8D6BF4AB29}"
EndProject
Project("{FAE04EC0-301F-11D3-BF4B-00C04F79EFBC}") = "003_Boxing", "003_Boxing\003_Boxing.csproj", "{267E5512-C00A-4ADD-8FCB-1F08A794CC7A}"
EndProject
Global
	GlobalSection(SolutionConfigurationPlatforms) = preSolution
		Debug|Any CPU = Debug|Any CPU
		Debug|x64 = Debug|x64
		Debug|x86 = Debug|x86
		Release|Any CPU = Release|Any CPU
		Release|x64 = Release|x64
		Release|x86 = Release|x86
	EndGlobalSection
	GlobalSection(SolutionProperties) = preSolution
		HideSolutionNode = FALSE
	EndGlobalSection
	GlobalSection(ProjectConfigurationPlatforms) = postSolution
		{62977D7C-4FDD-4AE5-9AD2-D716AB5ADD0D}.Debug|Any CPU.ActiveCfg = Debug|Any CPU
		{62977D7C-4FDD-4AE5-9AD2-D716AB5ADD0D}.Debug|Any CPU.Build.0 = Debug|Any CPU
		{62977D7C-4FDD-4AE5-9AD2-D716AB5ADD0D}.Debug|x64.ActiveCfg = Debug|Any CPU
		{62977D7C-4FDD-4AE5-9AD2-D716AB5ADD0D}.Debug|x64.Build.0 = Debug|Any CPU
		{62977D7C-4FDD-4AE5-9AD2-D716AB5ADD0D}.Debug|x86.ActiveCfg = Debug|Any CPU
		{62977D7C-4FDD-4AE5-9AD2-D716AB5ADD0D}.Debug|x86.Build.0 = Debug|Any CPU
		{62977D7C-4FDD-4AE5-9AD2-D716AB5ADD0D}.Release|Any CPU.ActiveCfg = Release|Any CPU
		{62977D7C-4FDD-4AE5-9AD2-D716AB5ADD0D}.Release|Any CPU.Build.0 = Release|Any CPU
		{62977D7C-4FDD-4AE5-9AD2-D716AB5ADD0D}.Release|x64.ActiveCfg = Release|Any CPU
		{62977D7C-4FDD-4AE5-9AD2-D716AB5ADD0D}.Release|x64.Build.0 = Release|Any CPU
		{62977D7C-4FDD-4AE5-9AD2-D716AB5ADD0D}.Release|x86.ActiveCfg = Release|Any CPU
		{62977D7C-4FDD-4AE5-9AD2-D716AB5ADD0D}.Release|x86.Build.0 = Release|Any CPU
		{A6FE5F6B-72D4-4058-A10A-1D8D6BF4AB29}.Debug|Any CPU.ActiveCfg = Debug|Any CPU
		{A6FE5F6B-72D4-4058-A10A-1D8D6BF4AB29}.Debug|Any CPU.Build.0 = Debug|Any CPU
		{A6FE5F6B-72D4-4058-A10A-1D8D6BF4AB29}.Debug|x64.ActiveCfg = Debug|Any CPU
		{A6FE5F6B-72D4-4058-A10A-1D8D6BF4AB29}.Debug|x64.Build.0 = Debug|Any CPU
		{A6FE5F6B-72D4-4058-A10A-1D8D6BF4AB29}.Debug|x86.ActiveCfg = Debug|Any CPU
		{A6FE5F6B-72D4-4058-A10A-1D8D6BF4AB29}.Debug|x86.Build.0 = Debug|Any CPU
		{A6FE5F6B-72D4-4058-A10A-1D8D6BF4AB29}.Release|Any CPU.ActiveCfg = Release|Any CPU
		{A6FE5F6B-72D4-4058-A10A-1D8D6BF4AB29}.Release|Any CPU.Build.0 = Release|Any CPU
		{A6FE5F6B-72D4-4058-A10A-1D8D6BF4AB29}.Release|x64.ActiveCfg = Release|Any CPU
		{A6FE5F6B-72D4-4058-A10A-1D8D6BF4AB29}.Release|x64.Build.0 = Release|Any CPU
		{A6FE5F6B-72D4-4058-A10A-1D8D6BF4AB29}.Release|x86.ActiveCfg = Release|Any CPU
		{A6FE5F6B-72D4-4058-A10A-1D8D6BF4AB29}.Release|x86.Build.0 = Release|Any CPU
		{267E5512-C00A-4ADD-8FCB-1F08A794CC7A}.Debug|Any CPU.ActiveCfg = Debug|Any CPU
		{267E5512-C00A-4ADD-8FCB-1F08A794CC7A}.Debug|Any CPU.Build.0 = Debug|Any CPU
		{267E5512-C00A-4ADD-8FCB-1F08A794CC7A}.Debug|x64.ActiveCfg = Debug|Any CPU
		{267E5512-C00A-4ADD-8FCB-1F08A794CC7A}.Debug|x64.Build.0 = Debug|Any CPU
		{267E5512-C00A-4ADD-8FCB-1F08A794CC7A}.Debug|x86.ActiveCfg = Debug|Any CPU
		{267E5512-C00A-4ADD-8FCB-1F08A794CC7A}.Debug|x86.Build.0 = Debug|Any CPU
		{267E5512-C00A-4ADD-8FCB-1F08A794CC7A}.Release|Any CPU.ActiveCfg = Release|Any CPU
		{267E5512-C00A-4ADD-8FCB-1F08A794CC7A}.Release|Any CPU.Build.0 = Release|Any CPU
		{267E5512-C00A-4ADD-8FCB-1F08A794CC7A}.Release|x64.ActiveCfg = Release|Any CPU
		{267E5512-C00A-4ADD-8FCB-1F08A794CC7A}.Release|x64.Build.0 = Release|Any CPU
		{267E5512-C00A-4ADD-8FCB-1F08A794CC7A}.Release|x86.ActiveCfg = Release|Any CPU
		{267E5512-C00A-4ADD-8FCB-1F08A794CC7A}.Release|x86.Build.0 = Release|Any CPU
	EndGlobalSection
EndGlobal
