
Microsoft Visual Studio Solution File, Format Version 12.00
# Visual Studio 15
VisualStudioVersion = 15.0.26124.0
MinimumVisualStudioVersion = 15.0.26124.0
Project("{FAE04EC0-301F-11D3-BF4B-00C04F79EFBC}") = "001_Dynamic", "001_Dynamic\001_Dynamic.csproj", "{CF9D9E28-7D4E-464A-944B-E94B6455721D}"
EndProject
Project("{FAE04EC0-301F-11D3-BF4B-00C04F79EFBC}") = "002_Dynamic", "002_Dynamic\002_Dynamic.csproj", "{1EC70816-FA74-411E-B8CF-832D83738642}"
EndProject
Project("{FAE04EC0-301F-11D3-BF4B-00C04F79EFBC}") = "003_Dynamic", "003_Dynamic\003_Dynamic.csproj", "{8F936816-B6FA-4A52-87F5-D493E8A27D55}"
EndProject
Project("{FAE04EC0-301F-11D3-BF4B-00C04F79EFBC}") = "004_Dynamic", "004_Dynamic\004_Dynamic.csproj", "{A42A5663-40F7-489A-BF1E-19A0B21E0786}"
EndProject
Project("{FAE04EC0-301F-11D3-BF4B-00C04F79EFBC}") = "005_Dynamic", "005_Dynamic\005_Dynamic.csproj", "{26D85C9B-4697-4DF4-ABB3-F33F02A3BB8A}"
EndProject
Project("{FAE04EC0-301F-11D3-BF4B-00C04F79EFBC}") = "006_Dynamic", "006_Dynamic\006_Dynamic.csproj", "{A0C0C39F-8C44-4707-A197-E86A4FC6A0D7}"
EndProject
Project("{FAE04EC0-301F-11D3-BF4B-00C04F79EFBC}") = "007_Dynamic", "007_Dynamic\007_Dynamic.csproj", "{8DD01AB0-0FAA-473B-BA47-ED684D1BD40F}"
EndProject
Project("{FAE04EC0-301F-11D3-BF4B-00C04F79EFBC}") = "008_Dynamic", "008_Dynamic\008_Dynamic.csproj", "{D249F75E-EA78-45F2-B447-B496347BABF4}"
EndProject
Project("{FAE04EC0-301F-11D3-BF4B-00C04F79EFBC}") = "009_Dynamic", "009_Dynamic\009_Dynamic.csproj", "{54E1BAA3-7C68-4173-9BE2-6290AD1FE020}"
EndProject
Project("{FAE04EC0-301F-11D3-BF4B-00C04F79EFBC}") = "010_Dynamic", "010_Dynamic\010_Dynamic.csproj", "{B9F24D21-6A47-43D3-8ADC-80BDD2C2D1A0}"
EndProject
Project("{FAE04EC0-301F-11D3-BF4B-00C04F79EFBC}") = "011_Dynamic", "011_Dynamic\011_Dynamic.csproj", "{4A23CB87-AEF5-4A57-9481-FA3BF34A4D10}"
EndProject
Project("{FAE04EC0-301F-11D3-BF4B-00C04F79EFBC}") = "012_Dynamic", "012_Dynamic\012_Dynamic.csproj", "{EC16A318-185D-49CA-9F9B-100B7C310A63}"
EndProject
Global
	GlobalSection(SolutionConfigurationPlatforms) = preSolution
		Debug|Any CPU = Debug|Any CPU
		Debug|x64 = Debug|x64
		Debug|x86 = Debug|x86
		Release|Any CPU = Release|Any CPU
		Release|x64 = Release|x64
		Release|x86 = Release|x86
	EndGlobalSection
	GlobalSection(SolutionProperties) = preSolution
		HideSolutionNode = FALSE
	EndGlobalSection
	GlobalSection(ProjectConfigurationPlatforms) = postSolution
		{CF9D9E28-7D4E-464A-944B-E94B6455721D}.Debug|Any CPU.ActiveCfg = Debug|Any CPU
		{CF9D9E28-7D4E-464A-944B-E94B6455721D}.Debug|Any CPU.Build.0 = Debug|Any CPU
		{CF9D9E28-7D4E-464A-944B-E94B6455721D}.Debug|x64.ActiveCfg = Debug|Any CPU
		{CF9D9E28-7D4E-464A-944B-E94B6455721D}.Debug|x64.Build.0 = Debug|Any CPU
		{CF9D9E28-7D4E-464A-944B-E94B6455721D}.Debug|x86.ActiveCfg = Debug|Any CPU
		{CF9D9E28-7D4E-464A-944B-E94B6455721D}.Debug|x86.Build.0 = Debug|Any CPU
		{CF9D9E28-7D4E-464A-944B-E94B6455721D}.Release|Any CPU.ActiveCfg = Release|Any CPU
		{CF9D9E28-7D4E-464A-944B-E94B6455721D}.Release|Any CPU.Build.0 = Release|Any CPU
		{CF9D9E28-7D4E-464A-944B-E94B6455721D}.Release|x64.ActiveCfg = Release|Any CPU
		{CF9D9E28-7D4E-464A-944B-E94B6455721D}.Release|x64.Build.0 = Release|Any CPU
		{CF9D9E28-7D4E-464A-944B-E94B6455721D}.Release|x86.ActiveCfg = Release|Any CPU
		{CF9D9E28-7D4E-464A-944B-E94B6455721D}.Release|x86.Build.0 = Release|Any CPU
		{1EC70816-FA74-411E-B8CF-832D83738642}.Debug|Any CPU.ActiveCfg = Debug|Any CPU
		{1EC70816-FA74-411E-B8CF-832D83738642}.Debug|Any CPU.Build.0 = Debug|Any CPU
		{1EC70816-FA74-411E-B8CF-832D83738642}.Debug|x64.ActiveCfg = Debug|Any CPU
		{1EC70816-FA74-411E-B8CF-832D83738642}.Debug|x64.Build.0 = Debug|Any CPU
		{1EC70816-FA74-411E-B8CF-832D83738642}.Debug|x86.ActiveCfg = Debug|Any CPU
		{1EC70816-FA74-411E-B8CF-832D83738642}.Debug|x86.Build.0 = Debug|Any CPU
		{1EC70816-FA74-411E-B8CF-832D83738642}.Release|Any CPU.ActiveCfg = Release|Any CPU
		{1EC70816-FA74-411E-B8CF-832D83738642}.Release|Any CPU.Build.0 = Release|Any CPU
		{1EC70816-FA74-411E-B8CF-832D83738642}.Release|x64.ActiveCfg = Release|Any CPU
		{1EC70816-FA74-411E-B8CF-832D83738642}.Release|x64.Build.0 = Release|Any CPU
		{1EC70816-FA74-411E-B8CF-832D83738642}.Release|x86.ActiveCfg = Release|Any CPU
		{1EC70816-FA74-411E-B8CF-832D83738642}.Release|x86.Build.0 = Release|Any CPU
		{8F936816-B6FA-4A52-87F5-D493E8A27D55}.Debug|Any CPU.ActiveCfg = Debug|Any CPU
		{8F936816-B6FA-4A52-87F5-D493E8A27D55}.Debug|Any CPU.Build.0 = Debug|Any CPU
		{8F936816-B6FA-4A52-87F5-D493E8A27D55}.Debug|x64.ActiveCfg = Debug|Any CPU
		{8F936816-B6FA-4A52-87F5-D493E8A27D55}.Debug|x64.Build.0 = Debug|Any CPU
		{8F936816-B6FA-4A52-87F5-D493E8A27D55}.Debug|x86.ActiveCfg = Debug|Any CPU
		{8F936816-B6FA-4A52-87F5-D493E8A27D55}.Debug|x86.Build.0 = Debug|Any CPU
		{8F936816-B6FA-4A52-87F5-D493E8A27D55}.Release|Any CPU.ActiveCfg = Release|Any CPU
		{8F936816-B6FA-4A52-87F5-D493E8A27D55}.Release|Any CPU.Build.0 = Release|Any CPU
		{8F936816-B6FA-4A52-87F5-D493E8A27D55}.Release|x64.ActiveCfg = Release|Any CPU
		{8F936816-B6FA-4A52-87F5-D493E8A27D55}.Release|x64.Build.0 = Release|Any CPU
		{8F936816-B6FA-4A52-87F5-D493E8A27D55}.Release|x86.ActiveCfg = Release|Any CPU
		{8F936816-B6FA-4A52-87F5-D493E8A27D55}.Release|x86.Build.0 = Release|Any CPU
		{A42A5663-40F7-489A-BF1E-19A0B21E0786}.Debug|Any CPU.ActiveCfg = Debug|Any CPU
		{A42A5663-40F7-489A-BF1E-19A0B21E0786}.Debug|Any CPU.Build.0 = Debug|Any CPU
		{A42A5663-40F7-489A-BF1E-19A0B21E0786}.Debug|x64.ActiveCfg = Debug|Any CPU
		{A42A5663-40F7-489A-BF1E-19A0B21E0786}.Debug|x64.Build.0 = Debug|Any CPU
		{A42A5663-40F7-489A-BF1E-19A0B21E0786}.Debug|x86.ActiveCfg = Debug|Any CPU
		{A42A5663-40F7-489A-BF1E-19A0B21E0786}.Debug|x86.Build.0 = Debug|Any CPU
		{A42A5663-40F7-489A-BF1E-19A0B21E0786}.Release|Any CPU.ActiveCfg = Release|Any CPU
		{A42A5663-40F7-489A-BF1E-19A0B21E0786}.Release|Any CPU.Build.0 = Release|Any CPU
		{A42A5663-40F7-489A-BF1E-19A0B21E0786}.Release|x64.ActiveCfg = Release|Any CPU
		{A42A5663-40F7-489A-BF1E-19A0B21E0786}.Release|x64.Build.0 = Release|Any CPU
		{A42A5663-40F7-489A-BF1E-19A0B21E0786}.Release|x86.ActiveCfg = Release|Any CPU
		{A42A5663-40F7-489A-BF1E-19A0B21E0786}.Release|x86.Build.0 = Release|Any CPU
		{26D85C9B-4697-4DF4-ABB3-F33F02A3BB8A}.Debug|Any CPU.ActiveCfg = Debug|Any CPU
		{26D85C9B-4697-4DF4-ABB3-F33F02A3BB8A}.Debug|Any CPU.Build.0 = Debug|Any CPU
		{26D85C9B-4697-4DF4-ABB3-F33F02A3BB8A}.Debug|x64.ActiveCfg = Debug|Any CPU
		{26D85C9B-4697-4DF4-ABB3-F33F02A3BB8A}.Debug|x64.Build.0 = Debug|Any CPU
		{26D85C9B-4697-4DF4-ABB3-F33F02A3BB8A}.Debug|x86.ActiveCfg = Debug|Any CPU
		{26D85C9B-4697-4DF4-ABB3-F33F02A3BB8A}.Debug|x86.Build.0 = Debug|Any CPU
		{26D85C9B-4697-4DF4-ABB3-F33F02A3BB8A}.Release|Any CPU.ActiveCfg = Release|Any CPU
		{26D85C9B-4697-4DF4-ABB3-F33F02A3BB8A}.Release|Any CPU.Build.0 = Release|Any CPU
		{26D85C9B-4697-4DF4-ABB3-F33F02A3BB8A}.Release|x64.ActiveCfg = Release|Any CPU
		{26D85C9B-4697-4DF4-ABB3-F33F02A3BB8A}.Release|x64.Build.0 = Release|Any CPU
		{26D85C9B-4697-4DF4-ABB3-F33F02A3BB8A}.Release|x86.ActiveCfg = Release|Any CPU
		{26D85C9B-4697-4DF4-ABB3-F33F02A3BB8A}.Release|x86.Build.0 = Release|Any CPU
		{A0C0C39F-8C44-4707-A197-E86A4FC6A0D7}.Debug|Any CPU.ActiveCfg = Debug|Any CPU
		{A0C0C39F-8C44-4707-A197-E86A4FC6A0D7}.Debug|Any CPU.Build.0 = Debug|Any CPU
		{A0C0C39F-8C44-4707-A197-E86A4FC6A0D7}.Debug|x64.ActiveCfg = Debug|Any CPU
		{A0C0C39F-8C44-4707-A197-E86A4FC6A0D7}.Debug|x64.Build.0 = Debug|Any CPU
		{A0C0C39F-8C44-4707-A197-E86A4FC6A0D7}.Debug|x86.ActiveCfg = Debug|Any CPU
		{A0C0C39F-8C44-4707-A197-E86A4FC6A0D7}.Debug|x86.Build.0 = Debug|Any CPU
		{A0C0C39F-8C44-4707-A197-E86A4FC6A0D7}.Release|Any CPU.ActiveCfg = Release|Any CPU
		{A0C0C39F-8C44-4707-A197-E86A4FC6A0D7}.Release|Any CPU.Build.0 = Release|Any CPU
		{A0C0C39F-8C44-4707-A197-E86A4FC6A0D7}.Release|x64.ActiveCfg = Release|Any CPU
		{A0C0C39F-8C44-4707-A197-E86A4FC6A0D7}.Release|x64.Build.0 = Release|Any CPU
		{A0C0C39F-8C44-4707-A197-E86A4FC6A0D7}.Release|x86.ActiveCfg = Release|Any CPU
		{A0C0C39F-8C44-4707-A197-E86A4FC6A0D7}.Release|x86.Build.0 = Release|Any CPU
		{8DD01AB0-0FAA-473B-BA47-ED684D1BD40F}.Debug|Any CPU.ActiveCfg = Debug|Any CPU
		{8DD01AB0-0FAA-473B-BA47-ED684D1BD40F}.Debug|Any CPU.Build.0 = Debug|Any CPU
		{8DD01AB0-0FAA-473B-BA47-ED684D1BD40F}.Debug|x64.ActiveCfg = Debug|Any CPU
		{8DD01AB0-0FAA-473B-BA47-ED684D1BD40F}.Debug|x64.Build.0 = Debug|Any CPU
		{8DD01AB0-0FAA-473B-BA47-ED684D1BD40F}.Debug|x86.ActiveCfg = Debug|Any CPU
		{8DD01AB0-0FAA-473B-BA47-ED684D1BD40F}.Debug|x86.Build.0 = Debug|Any CPU
		{8DD01AB0-0FAA-473B-BA47-ED684D1BD40F}.Release|Any CPU.ActiveCfg = Release|Any CPU
		{8DD01AB0-0FAA-473B-BA47-ED684D1BD40F}.Release|Any CPU.Build.0 = Release|Any CPU
		{8DD01AB0-0FAA-473B-BA47-ED684D1BD40F}.Release|x64.ActiveCfg = Release|Any CPU
		{8DD01AB0-0FAA-473B-BA47-ED684D1BD40F}.Release|x64.Build.0 = Release|Any CPU
		{8DD01AB0-0FAA-473B-BA47-ED684D1BD40F}.Release|x86.ActiveCfg = Release|Any CPU
		{8DD01AB0-0FAA-473B-BA47-ED684D1BD40F}.Release|x86.Build.0 = Release|Any CPU
		{D249F75E-EA78-45F2-B447-B496347BABF4}.Debug|Any CPU.ActiveCfg = Debug|Any CPU
		{D249F75E-EA78-45F2-B447-B496347BABF4}.Debug|Any CPU.Build.0 = Debug|Any CPU
		{D249F75E-EA78-45F2-B447-B496347BABF4}.Debug|x64.ActiveCfg = Debug|Any CPU
		{D249F75E-EA78-45F2-B447-B496347BABF4}.Debug|x64.Build.0 = Debug|Any CPU
		{D249F75E-EA78-45F2-B447-B496347BABF4}.Debug|x86.ActiveCfg = Debug|Any CPU
		{D249F75E-EA78-45F2-B447-B496347BABF4}.Debug|x86.Build.0 = Debug|Any CPU
		{D249F75E-EA78-45F2-B447-B496347BABF4}.Release|Any CPU.ActiveCfg = Release|Any CPU
		{D249F75E-EA78-45F2-B447-B496347BABF4}.Release|Any CPU.Build.0 = Release|Any CPU
		{D249F75E-EA78-45F2-B447-B496347BABF4}.Release|x64.ActiveCfg = Release|Any CPU
		{D249F75E-EA78-45F2-B447-B496347BABF4}.Release|x64.Build.0 = Release|Any CPU
		{D249F75E-EA78-45F2-B447-B496347BABF4}.Release|x86.ActiveCfg = Release|Any CPU
		{D249F75E-EA78-45F2-B447-B496347BABF4}.Release|x86.Build.0 = Release|Any CPU
		{54E1BAA3-7C68-4173-9BE2-6290AD1FE020}.Debug|Any CPU.ActiveCfg = Debug|Any CPU
		{54E1BAA3-7C68-4173-9BE2-6290AD1FE020}.Debug|Any CPU.Build.0 = Debug|Any CPU
		{54E1BAA3-7C68-4173-9BE2-6290AD1FE020}.Debug|x64.ActiveCfg = Debug|Any CPU
		{54E1BAA3-7C68-4173-9BE2-6290AD1FE020}.Debug|x64.Build.0 = Debug|Any CPU
		{54E1BAA3-7C68-4173-9BE2-6290AD1FE020}.Debug|x86.ActiveCfg = Debug|Any CPU
		{54E1BAA3-7C68-4173-9BE2-6290AD1FE020}.Debug|x86.Build.0 = Debug|Any CPU
		{54E1BAA3-7C68-4173-9BE2-6290AD1FE020}.Release|Any CPU.ActiveCfg = Release|Any CPU
		{54E1BAA3-7C68-4173-9BE2-6290AD1FE020}.Release|Any CPU.Build.0 = Release|Any CPU
		{54E1BAA3-7C68-4173-9BE2-6290AD1FE020}.Release|x64.ActiveCfg = Release|Any CPU
		{54E1BAA3-7C68-4173-9BE2-6290AD1FE020}.Release|x64.Build.0 = Release|Any CPU
		{54E1BAA3-7C68-4173-9BE2-6290AD1FE020}.Release|x86.ActiveCfg = Release|Any CPU
		{54E1BAA3-7C68-4173-9BE2-6290AD1FE020}.Release|x86.Build.0 = Release|Any CPU
		{B9F24D21-6A47-43D3-8ADC-80BDD2C2D1A0}.Debug|Any CPU.ActiveCfg = Debug|Any CPU
		{B9F24D21-6A47-43D3-8ADC-80BDD2C2D1A0}.Debug|Any CPU.Build.0 = Debug|Any CPU
		{B9F24D21-6A47-43D3-8ADC-80BDD2C2D1A0}.Debug|x64.ActiveCfg = Debug|Any CPU
		{B9F24D21-6A47-43D3-8ADC-80BDD2C2D1A0}.Debug|x64.Build.0 = Debug|Any CPU
		{B9F24D21-6A47-43D3-8ADC-80BDD2C2D1A0}.Debug|x86.ActiveCfg = Debug|Any CPU
		{B9F24D21-6A47-43D3-8ADC-80BDD2C2D1A0}.Debug|x86.Build.0 = Debug|Any CPU
		{B9F24D21-6A47-43D3-8ADC-80BDD2C2D1A0}.Release|Any CPU.ActiveCfg = Release|Any CPU
		{B9F24D21-6A47-43D3-8ADC-80BDD2C2D1A0}.Release|Any CPU.Build.0 = Release|Any CPU
		{B9F24D21-6A47-43D3-8ADC-80BDD2C2D1A0}.Release|x64.ActiveCfg = Release|Any CPU
		{B9F24D21-6A47-43D3-8ADC-80BDD2C2D1A0}.Release|x64.Build.0 = Release|Any CPU
		{B9F24D21-6A47-43D3-8ADC-80BDD2C2D1A0}.Release|x86.ActiveCfg = Release|Any CPU
		{B9F24D21-6A47-43D3-8ADC-80BDD2C2D1A0}.Release|x86.Build.0 = Release|Any CPU
		{4A23CB87-AEF5-4A57-9481-FA3BF34A4D10}.Debug|Any CPU.ActiveCfg = Debug|Any CPU
		{4A23CB87-AEF5-4A57-9481-FA3BF34A4D10}.Debug|Any CPU.Build.0 = Debug|Any CPU
		{4A23CB87-AEF5-4A57-9481-FA3BF34A4D10}.Debug|x64.ActiveCfg = Debug|Any CPU
		{4A23CB87-AEF5-4A57-9481-FA3BF34A4D10}.Debug|x64.Build.0 = Debug|Any CPU
		{4A23CB87-AEF5-4A57-9481-FA3BF34A4D10}.Debug|x86.ActiveCfg = Debug|Any CPU
		{4A23CB87-AEF5-4A57-9481-FA3BF34A4D10}.Debug|x86.Build.0 = Debug|Any CPU
		{4A23CB87-AEF5-4A57-9481-FA3BF34A4D10}.Release|Any CPU.ActiveCfg = Release|Any CPU
		{4A23CB87-AEF5-4A57-9481-FA3BF34A4D10}.Release|Any CPU.Build.0 = Release|Any CPU
		{4A23CB87-AEF5-4A57-9481-FA3BF34A4D10}.Release|x64.ActiveCfg = Release|Any CPU
		{4A23CB87-AEF5-4A57-9481-FA3BF34A4D10}.Release|x64.Build.0 = Release|Any CPU
		{4A23CB87-AEF5-4A57-9481-FA3BF34A4D10}.Release|x86.ActiveCfg = Release|Any CPU
		{4A23CB87-AEF5-4A57-9481-FA3BF34A4D10}.Release|x86.Build.0 = Release|Any CPU
		{EC16A318-185D-49CA-9F9B-100B7C310A63}.Debug|Any CPU.ActiveCfg = Debug|Any CPU
		{EC16A318-185D-49CA-9F9B-100B7C310A63}.Debug|Any CPU.Build.0 = Debug|Any CPU
		{EC16A318-185D-49CA-9F9B-100B7C310A63}.Debug|x64.ActiveCfg = Debug|Any CPU
		{EC16A318-185D-49CA-9F9B-100B7C310A63}.Debug|x64.Build.0 = Debug|Any CPU
		{EC16A318-185D-49CA-9F9B-100B7C310A63}.Debug|x86.ActiveCfg = Debug|Any CPU
		{EC16A318-185D-49CA-9F9B-100B7C310A63}.Debug|x86.Build.0 = Debug|Any CPU
		{EC16A318-185D-49CA-9F9B-100B7C310A63}.Release|Any CPU.ActiveCfg = Release|Any CPU
		{EC16A318-185D-49CA-9F9B-100B7C310A63}.Release|Any CPU.Build.0 = Release|Any CPU
		{EC16A318-185D-49CA-9F9B-100B7C310A63}.Release|x64.ActiveCfg = Release|Any CPU
		{EC16A318-185D-49CA-9F9B-100B7C310A63}.Release|x64.Build.0 = Release|Any CPU
		{EC16A318-185D-49CA-9F9B-100B7C310A63}.Release|x86.ActiveCfg = Release|Any CPU
		{EC16A318-185D-49CA-9F9B-100B7C310A63}.Release|x86.Build.0 = Release|Any CPU
	EndGlobalSection
EndGlobal
