
Microsoft Visual Studio Solution File, Format Version 12.00
# Visual Studio Version 16
VisualStudioVersion = 16.0.30621.155
MinimumVisualStudioVersion = 15.0.26124.0
Project("{9A19103F-16F7-4668-BE54-9A1E7A4F7556}") = "001_Operators", "001_Operators\001_Operators.csproj", "{2E70E89B-71CF-4AC6-B5FE-C392CA80BD68}"
EndProject
Project("{9A19103F-16F7-4668-BE54-9A1E7A4F7556}") = "002_Operators", "002_Operators\002_Operators.csproj", "{08B3BB88-D7D6-49E5-BD58-00CA408B4342}"
EndProject
Project("{9A19103F-16F7-4668-BE54-9A1E7A4F7556}") = "003_Operators", "003_Operators\003_Operators.csproj", "{C3F63E5A-FDBE-4A6B-9048-32C5F5F5417F}"
EndProject
Project("{9A19103F-16F7-4668-BE54-9A1E7A4F7556}") = "004_Operators", "004_Operators\004_Operators.csproj", "{3B9A0B2E-A272-4777-A549-A9F750AA025B}"
EndProject
Project("{9A19103F-16F7-4668-BE54-9A1E7A4F7556}") = "005_Operators", "005_Operators\005_Operators.csproj", "{1AD32727-C1F4-4F63-94D0-83555BBD65E2}"
EndProject
Project("{9A19103F-16F7-4668-BE54-9A1E7A4F7556}") = "006_Operators", "006_Operators\006_Operators.csproj", "{0A87BC64-4C86-499B-9AD0-8DC30D68D0F6}"
EndProject
Project("{FAE04EC0-301F-11D3-BF4B-00C04F79EFBC}") = "007_Operators", "007_Operators\007_Operators.csproj", "{5801AC94-FC78-40E1-A8B6-1A29B376B78F}"
EndProject
Project("{FAE04EC0-301F-11D3-BF4B-00C04F79EFBC}") = "008_Operators", "008_Operators\008_Operators.csproj", "{FDBF3688-01DD-4863-8CC3-B8E4C7F2226F}"
EndProject
Global
	GlobalSection(SolutionConfigurationPlatforms) = preSolution
		Debug|Any CPU = Debug|Any CPU
		Debug|x64 = Debug|x64
		Debug|x86 = Debug|x86
		Release|Any CPU = Release|Any CPU
		Release|x64 = Release|x64
		Release|x86 = Release|x86
	EndGlobalSection
	GlobalSection(ProjectConfigurationPlatforms) = postSolution
		{2E70E89B-71CF-4AC6-B5FE-C392CA80BD68}.Debug|Any CPU.ActiveCfg = Debug|Any CPU
		{2E70E89B-71CF-4AC6-B5FE-C392CA80BD68}.Debug|Any CPU.Build.0 = Debug|Any CPU
		{2E70E89B-71CF-4AC6-B5FE-C392CA80BD68}.Debug|x64.ActiveCfg = Debug|Any CPU
		{2E70E89B-71CF-4AC6-B5FE-C392CA80BD68}.Debug|x64.Build.0 = Debug|Any CPU
		{2E70E89B-71CF-4AC6-B5FE-C392CA80BD68}.Debug|x86.ActiveCfg = Debug|Any CPU
		{2E70E89B-71CF-4AC6-B5FE-C392CA80BD68}.Debug|x86.Build.0 = Debug|Any CPU
		{2E70E89B-71CF-4AC6-B5FE-C392CA80BD68}.Release|Any CPU.ActiveCfg = Release|Any CPU
		{2E70E89B-71CF-4AC6-B5FE-C392CA80BD68}.Release|Any CPU.Build.0 = Release|Any CPU
		{2E70E89B-71CF-4AC6-B5FE-C392CA80BD68}.Release|x64.ActiveCfg = Release|Any CPU
		{2E70E89B-71CF-4AC6-B5FE-C392CA80BD68}.Release|x64.Build.0 = Release|Any CPU
		{2E70E89B-71CF-4AC6-B5FE-C392CA80BD68}.Release|x86.ActiveCfg = Release|Any CPU
		{2E70E89B-71CF-4AC6-B5FE-C392CA80BD68}.Release|x86.Build.0 = Release|Any CPU
		{08B3BB88-D7D6-49E5-BD58-00CA408B4342}.Debug|Any CPU.ActiveCfg = Debug|Any CPU
		{08B3BB88-D7D6-49E5-BD58-00CA408B4342}.Debug|Any CPU.Build.0 = Debug|Any CPU
		{08B3BB88-D7D6-49E5-BD58-00CA408B4342}.Debug|x64.ActiveCfg = Debug|Any CPU
		{08B3BB88-D7D6-49E5-BD58-00CA408B4342}.Debug|x64.Build.0 = Debug|Any CPU
		{08B3BB88-D7D6-49E5-BD58-00CA408B4342}.Debug|x86.ActiveCfg = Debug|Any CPU
		{08B3BB88-D7D6-49E5-BD58-00CA408B4342}.Debug|x86.Build.0 = Debug|Any CPU
		{08B3BB88-D7D6-49E5-BD58-00CA408B4342}.Release|Any CPU.ActiveCfg = Release|Any CPU
		{08B3BB88-D7D6-49E5-BD58-00CA408B4342}.Release|Any CPU.Build.0 = Release|Any CPU
		{08B3BB88-D7D6-49E5-BD58-00CA408B4342}.Release|x64.ActiveCfg = Release|Any CPU
		{08B3BB88-D7D6-49E5-BD58-00CA408B4342}.Release|x64.Build.0 = Release|Any CPU
		{08B3BB88-D7D6-49E5-BD58-00CA408B4342}.Release|x86.ActiveCfg = Release|Any CPU
		{08B3BB88-D7D6-49E5-BD58-00CA408B4342}.Release|x86.Build.0 = Release|Any CPU
		{C3F63E5A-FDBE-4A6B-9048-32C5F5F5417F}.Debug|Any CPU.ActiveCfg = Debug|Any CPU
		{C3F63E5A-FDBE-4A6B-9048-32C5F5F5417F}.Debug|Any CPU.Build.0 = Debug|Any CPU
		{C3F63E5A-FDBE-4A6B-9048-32C5F5F5417F}.Debug|x64.ActiveCfg = Debug|Any CPU
		{C3F63E5A-FDBE-4A6B-9048-32C5F5F5417F}.Debug|x64.Build.0 = Debug|Any CPU
		{C3F63E5A-FDBE-4A6B-9048-32C5F5F5417F}.Debug|x86.ActiveCfg = Debug|Any CPU
		{C3F63E5A-FDBE-4A6B-9048-32C5F5F5417F}.Debug|x86.Build.0 = Debug|Any CPU
		{C3F63E5A-FDBE-4A6B-9048-32C5F5F5417F}.Release|Any CPU.ActiveCfg = Release|Any CPU
		{C3F63E5A-FDBE-4A6B-9048-32C5F5F5417F}.Release|Any CPU.Build.0 = Release|Any CPU
		{C3F63E5A-FDBE-4A6B-9048-32C5F5F5417F}.Release|x64.ActiveCfg = Release|Any CPU
		{C3F63E5A-FDBE-4A6B-9048-32C5F5F5417F}.Release|x64.Build.0 = Release|Any CPU
		{C3F63E5A-FDBE-4A6B-9048-32C5F5F5417F}.Release|x86.ActiveCfg = Release|Any CPU
		{C3F63E5A-FDBE-4A6B-9048-32C5F5F5417F}.Release|x86.Build.0 = Release|Any CPU
		{3B9A0B2E-A272-4777-A549-A9F750AA025B}.Debug|Any CPU.ActiveCfg = Debug|Any CPU
		{3B9A0B2E-A272-4777-A549-A9F750AA025B}.Debug|Any CPU.Build.0 = Debug|Any CPU
		{3B9A0B2E-A272-4777-A549-A9F750AA025B}.Debug|x64.ActiveCfg = Debug|Any CPU
		{3B9A0B2E-A272-4777-A549-A9F750AA025B}.Debug|x64.Build.0 = Debug|Any CPU
		{3B9A0B2E-A272-4777-A549-A9F750AA025B}.Debug|x86.ActiveCfg = Debug|Any CPU
		{3B9A0B2E-A272-4777-A549-A9F750AA025B}.Debug|x86.Build.0 = Debug|Any CPU
		{3B9A0B2E-A272-4777-A549-A9F750AA025B}.Release|Any CPU.ActiveCfg = Release|Any CPU
		{3B9A0B2E-A272-4777-A549-A9F750AA025B}.Release|Any CPU.Build.0 = Release|Any CPU
		{3B9A0B2E-A272-4777-A549-A9F750AA025B}.Release|x64.ActiveCfg = Release|Any CPU
		{3B9A0B2E-A272-4777-A549-A9F750AA025B}.Release|x64.Build.0 = Release|Any CPU
		{3B9A0B2E-A272-4777-A549-A9F750AA025B}.Release|x86.ActiveCfg = Release|Any CPU
		{3B9A0B2E-A272-4777-A549-A9F750AA025B}.Release|x86.Build.0 = Release|Any CPU
		{1AD32727-C1F4-4F63-94D0-83555BBD65E2}.Debug|Any CPU.ActiveCfg = Debug|Any CPU
		{1AD32727-C1F4-4F63-94D0-83555BBD65E2}.Debug|Any CPU.Build.0 = Debug|Any CPU
		{1AD32727-C1F4-4F63-94D0-83555BBD65E2}.Debug|x64.ActiveCfg = Debug|Any CPU
		{1AD32727-C1F4-4F63-94D0-83555BBD65E2}.Debug|x64.Build.0 = Debug|Any CPU
		{1AD32727-C1F4-4F63-94D0-83555BBD65E2}.Debug|x86.ActiveCfg = Debug|Any CPU
		{1AD32727-C1F4-4F63-94D0-83555BBD65E2}.Debug|x86.Build.0 = Debug|Any CPU
		{1AD32727-C1F4-4F63-94D0-83555BBD65E2}.Release|Any CPU.ActiveCfg = Release|Any CPU
		{1AD32727-C1F4-4F63-94D0-83555BBD65E2}.Release|Any CPU.Build.0 = Release|Any CPU
		{1AD32727-C1F4-4F63-94D0-83555BBD65E2}.Release|x64.ActiveCfg = Release|Any CPU
		{1AD32727-C1F4-4F63-94D0-83555BBD65E2}.Release|x64.Build.0 = Release|Any CPU
		{1AD32727-C1F4-4F63-94D0-83555BBD65E2}.Release|x86.ActiveCfg = Release|Any CPU
		{1AD32727-C1F4-4F63-94D0-83555BBD65E2}.Release|x86.Build.0 = Release|Any CPU
		{0A87BC64-4C86-499B-9AD0-8DC30D68D0F6}.Debug|Any CPU.ActiveCfg = Debug|Any CPU
		{0A87BC64-4C86-499B-9AD0-8DC30D68D0F6}.Debug|Any CPU.Build.0 = Debug|Any CPU
		{0A87BC64-4C86-499B-9AD0-8DC30D68D0F6}.Debug|x64.ActiveCfg = Debug|Any CPU
		{0A87BC64-4C86-499B-9AD0-8DC30D68D0F6}.Debug|x64.Build.0 = Debug|Any CPU
		{0A87BC64-4C86-499B-9AD0-8DC30D68D0F6}.Debug|x86.ActiveCfg = Debug|Any CPU
		{0A87BC64-4C86-499B-9AD0-8DC30D68D0F6}.Debug|x86.Build.0 = Debug|Any CPU
		{0A87BC64-4C86-499B-9AD0-8DC30D68D0F6}.Release|Any CPU.ActiveCfg = Release|Any CPU
		{0A87BC64-4C86-499B-9AD0-8DC30D68D0F6}.Release|Any CPU.Build.0 = Release|Any CPU
		{0A87BC64-4C86-499B-9AD0-8DC30D68D0F6}.Release|x64.ActiveCfg = Release|Any CPU
		{0A87BC64-4C86-499B-9AD0-8DC30D68D0F6}.Release|x64.Build.0 = Release|Any CPU
		{0A87BC64-4C86-499B-9AD0-8DC30D68D0F6}.Release|x86.ActiveCfg = Release|Any CPU
		{0A87BC64-4C86-499B-9AD0-8DC30D68D0F6}.Release|x86.Build.0 = Release|Any CPU
		{5801AC94-FC78-40E1-A8B6-1A29B376B78F}.Debug|Any CPU.ActiveCfg = Debug|Any CPU
		{5801AC94-FC78-40E1-A8B6-1A29B376B78F}.Debug|Any CPU.Build.0 = Debug|Any CPU
		{5801AC94-FC78-40E1-A8B6-1A29B376B78F}.Debug|x64.ActiveCfg = Debug|Any CPU
		{5801AC94-FC78-40E1-A8B6-1A29B376B78F}.Debug|x64.Build.0 = Debug|Any CPU
		{5801AC94-FC78-40E1-A8B6-1A29B376B78F}.Debug|x86.ActiveCfg = Debug|Any CPU
		{5801AC94-FC78-40E1-A8B6-1A29B376B78F}.Debug|x86.Build.0 = Debug|Any CPU
		{5801AC94-FC78-40E1-A8B6-1A29B376B78F}.Release|Any CPU.ActiveCfg = Release|Any CPU
		{5801AC94-FC78-40E1-A8B6-1A29B376B78F}.Release|Any CPU.Build.0 = Release|Any CPU
		{5801AC94-FC78-40E1-A8B6-1A29B376B78F}.Release|x64.ActiveCfg = Release|Any CPU
		{5801AC94-FC78-40E1-A8B6-1A29B376B78F}.Release|x64.Build.0 = Release|Any CPU
		{5801AC94-FC78-40E1-A8B6-1A29B376B78F}.Release|x86.ActiveCfg = Release|Any CPU
		{5801AC94-FC78-40E1-A8B6-1A29B376B78F}.Release|x86.Build.0 = Release|Any CPU
		{FDBF3688-01DD-4863-8CC3-B8E4C7F2226F}.Debug|Any CPU.ActiveCfg = Debug|Any CPU
		{FDBF3688-01DD-4863-8CC3-B8E4C7F2226F}.Debug|Any CPU.Build.0 = Debug|Any CPU
		{FDBF3688-01DD-4863-8CC3-B8E4C7F2226F}.Debug|x64.ActiveCfg = Debug|Any CPU
		{FDBF3688-01DD-4863-8CC3-B8E4C7F2226F}.Debug|x64.Build.0 = Debug|Any CPU
		{FDBF3688-01DD-4863-8CC3-B8E4C7F2226F}.Debug|x86.ActiveCfg = Debug|Any CPU
		{FDBF3688-01DD-4863-8CC3-B8E4C7F2226F}.Debug|x86.Build.0 = Debug|Any CPU
		{FDBF3688-01DD-4863-8CC3-B8E4C7F2226F}.Release|Any CPU.ActiveCfg = Release|Any CPU
		{FDBF3688-01DD-4863-8CC3-B8E4C7F2226F}.Release|Any CPU.Build.0 = Release|Any CPU
		{FDBF3688-01DD-4863-8CC3-B8E4C7F2226F}.Release|x64.ActiveCfg = Release|Any CPU
		{FDBF3688-01DD-4863-8CC3-B8E4C7F2226F}.Release|x64.Build.0 = Release|Any CPU
		{FDBF3688-01DD-4863-8CC3-B8E4C7F2226F}.Release|x86.ActiveCfg = Release|Any CPU
		{FDBF3688-01DD-4863-8CC3-B8E4C7F2226F}.Release|x86.Build.0 = Release|Any CPU
	EndGlobalSection
	GlobalSection(SolutionProperties) = preSolution
		HideSolutionNode = FALSE
	EndGlobalSection
	GlobalSection(ExtensibilityGlobals) = postSolution
		SolutionGuid = {AE777F37-96E6-4205-9A9A-FE70C22BFA26}
	EndGlobalSection
EndGlobal
