
Microsoft Visual Studio Solution File, Format Version 12.00
# Visual Studio Version 16
VisualStudioVersion = 16.0.30621.155
MinimumVisualStudioVersion = 15.0.26124.0
Project("{9A19103F-16F7-4668-BE54-9A1E7A4F7556}") = "001_Exceptions", "001_Exceptions\001_Exceptions.csproj", "{08C07949-BF7B-4A5B-8301-19560AC1BDF9}"
EndProject
Project("{9A19103F-16F7-4668-BE54-9A1E7A4F7556}") = "010_Exceptions", "010_Exceptions\010_Exceptions.csproj", "{BAE10266-2111-4826-BFC5-6542AB514421}"
EndProject
Project("{9A19103F-16F7-4668-BE54-9A1E7A4F7556}") = "011_Exceptions", "011_Exceptions\011_Exceptions.csproj", "{B345DCC3-3F7F-4EFD-99E7-C38F14452105}"
EndProject
Project("{9A19103F-16F7-4668-BE54-9A1E7A4F7556}") = "012_Exceptions", "012_Exceptions\012_Exceptions.csproj", "{C83DC0CC-74CB-46EA-AABF-4AF6084FA320}"
EndProject
Project("{9A19103F-16F7-4668-BE54-9A1E7A4F7556}") = "013_Exceptions", "013_Exceptions\013_Exceptions.csproj", "{3DC0739C-3317-4A60-A46C-6BFAB190B5B7}"
EndProject
Project("{9A19103F-16F7-4668-BE54-9A1E7A4F7556}") = "014_Exceptions", "014_Exceptions\014_Exceptions.csproj", "{C9F27DE2-E2DF-4F9A-8C55-9A395F34EA69}"
EndProject
Project("{9A19103F-16F7-4668-BE54-9A1E7A4F7556}") = "015_Exceptions", "015_Exceptions\015_Exceptions.csproj", "{0E3FDF7E-A15D-4E99-9A39-5AFD39683206}"
EndProject
Project("{9A19103F-16F7-4668-BE54-9A1E7A4F7556}") = "002_Exceptions", "002_Exceptions\002_Exceptions.csproj", "{53770B29-7673-4944-AF47-1C6A406B822B}"
EndProject
Project("{9A19103F-16F7-4668-BE54-9A1E7A4F7556}") = "003_Exceptions", "003_Exceptions\003_Exceptions.csproj", "{FB331587-7F26-470A-9AC9-C5A562B999D9}"
EndProject
Project("{9A19103F-16F7-4668-BE54-9A1E7A4F7556}") = "004_Exceptions", "004_Exceptions\004_Exceptions.csproj", "{5087B11F-60B7-46E7-9424-9EE995B67AC5}"
EndProject
Project("{9A19103F-16F7-4668-BE54-9A1E7A4F7556}") = "005_Exceptions", "005_Exceptions\005_Exceptions.csproj", "{2FA75DFC-1153-4B27-BEE8-D764ED3FFFB6}"
EndProject
Project("{9A19103F-16F7-4668-BE54-9A1E7A4F7556}") = "006_Exceptions", "006_Exceptions\006_Exceptions.csproj", "{BD8B709D-9642-4BDC-A891-2A831DF46181}"
EndProject
Project("{9A19103F-16F7-4668-BE54-9A1E7A4F7556}") = "007_Exceptions", "007_Exceptions\007_Exceptions.csproj", "{76B2D872-AD57-4596-9A67-D5CD983D1E49}"
EndProject
Project("{9A19103F-16F7-4668-BE54-9A1E7A4F7556}") = "008_Exceptions", "008_Exceptions\008_Exceptions.csproj", "{90DEC6C1-D7D2-4059-AFE3-7CB0AB17AD64}"
EndProject
Project("{9A19103F-16F7-4668-BE54-9A1E7A4F7556}") = "009_Exceptions", "009_Exceptions\009_Exceptions.csproj", "{F33FB464-C7BF-4D8B-9995-C86BDC0CB61C}"
EndProject
Project("{9A19103F-16F7-4668-BE54-9A1E7A4F7556}") = "016_Exceptions", "016_Exceptions\016_Exceptions.csproj", "{D8A8A5FB-E63F-489E-B7A6-552619232B2D}"
EndProject
Global
	GlobalSection(SolutionConfigurationPlatforms) = preSolution
		Debug|Any CPU = Debug|Any CPU
		Debug|x64 = Debug|x64
		Debug|x86 = Debug|x86
		Release|Any CPU = Release|Any CPU
		Release|x64 = Release|x64
		Release|x86 = Release|x86
	EndGlobalSection
	GlobalSection(ProjectConfigurationPlatforms) = postSolution
		{08C07949-BF7B-4A5B-8301-19560AC1BDF9}.Debug|Any CPU.ActiveCfg = Debug|Any CPU
		{08C07949-BF7B-4A5B-8301-19560AC1BDF9}.Debug|Any CPU.Build.0 = Debug|Any CPU
		{08C07949-BF7B-4A5B-8301-19560AC1BDF9}.Debug|x64.ActiveCfg = Debug|Any CPU
		{08C07949-BF7B-4A5B-8301-19560AC1BDF9}.Debug|x64.Build.0 = Debug|Any CPU
		{08C07949-BF7B-4A5B-8301-19560AC1BDF9}.Debug|x86.ActiveCfg = Debug|Any CPU
		{08C07949-BF7B-4A5B-8301-19560AC1BDF9}.Debug|x86.Build.0 = Debug|Any CPU
		{08C07949-BF7B-4A5B-8301-19560AC1BDF9}.Release|Any CPU.ActiveCfg = Release|Any CPU
		{08C07949-BF7B-4A5B-8301-19560AC1BDF9}.Release|Any CPU.Build.0 = Release|Any CPU
		{08C07949-BF7B-4A5B-8301-19560AC1BDF9}.Release|x64.ActiveCfg = Release|Any CPU
		{08C07949-BF7B-4A5B-8301-19560AC1BDF9}.Release|x64.Build.0 = Release|Any CPU
		{08C07949-BF7B-4A5B-8301-19560AC1BDF9}.Release|x86.ActiveCfg = Release|Any CPU
		{08C07949-BF7B-4A5B-8301-19560AC1BDF9}.Release|x86.Build.0 = Release|Any CPU
		{BAE10266-2111-4826-BFC5-6542AB514421}.Debug|Any CPU.ActiveCfg = Debug|Any CPU
		{BAE10266-2111-4826-BFC5-6542AB514421}.Debug|Any CPU.Build.0 = Debug|Any CPU
		{BAE10266-2111-4826-BFC5-6542AB514421}.Debug|x64.ActiveCfg = Debug|Any CPU
		{BAE10266-2111-4826-BFC5-6542AB514421}.Debug|x64.Build.0 = Debug|Any CPU
		{BAE10266-2111-4826-BFC5-6542AB514421}.Debug|x86.ActiveCfg = Debug|Any CPU
		{BAE10266-2111-4826-BFC5-6542AB514421}.Debug|x86.Build.0 = Debug|Any CPU
		{BAE10266-2111-4826-BFC5-6542AB514421}.Release|Any CPU.ActiveCfg = Release|Any CPU
		{BAE10266-2111-4826-BFC5-6542AB514421}.Release|Any CPU.Build.0 = Release|Any CPU
		{BAE10266-2111-4826-BFC5-6542AB514421}.Release|x64.ActiveCfg = Release|Any CPU
		{BAE10266-2111-4826-BFC5-6542AB514421}.Release|x64.Build.0 = Release|Any CPU
		{BAE10266-2111-4826-BFC5-6542AB514421}.Release|x86.ActiveCfg = Release|Any CPU
		{BAE10266-2111-4826-BFC5-6542AB514421}.Release|x86.Build.0 = Release|Any CPU
		{B345DCC3-3F7F-4EFD-99E7-C38F14452105}.Debug|Any CPU.ActiveCfg = Debug|Any CPU
		{B345DCC3-3F7F-4EFD-99E7-C38F14452105}.Debug|Any CPU.Build.0 = Debug|Any CPU
		{B345DCC3-3F7F-4EFD-99E7-C38F14452105}.Debug|x64.ActiveCfg = Debug|Any CPU
		{B345DCC3-3F7F-4EFD-99E7-C38F14452105}.Debug|x64.Build.0 = Debug|Any CPU
		{B345DCC3-3F7F-4EFD-99E7-C38F14452105}.Debug|x86.ActiveCfg = Debug|Any CPU
		{B345DCC3-3F7F-4EFD-99E7-C38F14452105}.Debug|x86.Build.0 = Debug|Any CPU
		{B345DCC3-3F7F-4EFD-99E7-C38F14452105}.Release|Any CPU.ActiveCfg = Release|Any CPU
		{B345DCC3-3F7F-4EFD-99E7-C38F14452105}.Release|Any CPU.Build.0 = Release|Any CPU
		{B345DCC3-3F7F-4EFD-99E7-C38F14452105}.Release|x64.ActiveCfg = Release|Any CPU
		{B345DCC3-3F7F-4EFD-99E7-C38F14452105}.Release|x64.Build.0 = Release|Any CPU
		{B345DCC3-3F7F-4EFD-99E7-C38F14452105}.Release|x86.ActiveCfg = Release|Any CPU
		{B345DCC3-3F7F-4EFD-99E7-C38F14452105}.Release|x86.Build.0 = Release|Any CPU
		{C83DC0CC-74CB-46EA-AABF-4AF6084FA320}.Debug|Any CPU.ActiveCfg = Debug|Any CPU
		{C83DC0CC-74CB-46EA-AABF-4AF6084FA320}.Debug|Any CPU.Build.0 = Debug|Any CPU
		{C83DC0CC-74CB-46EA-AABF-4AF6084FA320}.Debug|x64.ActiveCfg = Debug|Any CPU
		{C83DC0CC-74CB-46EA-AABF-4AF6084FA320}.Debug|x64.Build.0 = Debug|Any CPU
		{C83DC0CC-74CB-46EA-AABF-4AF6084FA320}.Debug|x86.ActiveCfg = Debug|Any CPU
		{C83DC0CC-74CB-46EA-AABF-4AF6084FA320}.Debug|x86.Build.0 = Debug|Any CPU
		{C83DC0CC-74CB-46EA-AABF-4AF6084FA320}.Release|Any CPU.ActiveCfg = Release|Any CPU
		{C83DC0CC-74CB-46EA-AABF-4AF6084FA320}.Release|Any CPU.Build.0 = Release|Any CPU
		{C83DC0CC-74CB-46EA-AABF-4AF6084FA320}.Release|x64.ActiveCfg = Release|Any CPU
		{C83DC0CC-74CB-46EA-AABF-4AF6084FA320}.Release|x64.Build.0 = Release|Any CPU
		{C83DC0CC-74CB-46EA-AABF-4AF6084FA320}.Release|x86.ActiveCfg = Release|Any CPU
		{C83DC0CC-74CB-46EA-AABF-4AF6084FA320}.Release|x86.Build.0 = Release|Any CPU
		{3DC0739C-3317-4A60-A46C-6BFAB190B5B7}.Debug|Any CPU.ActiveCfg = Debug|Any CPU
		{3DC0739C-3317-4A60-A46C-6BFAB190B5B7}.Debug|Any CPU.Build.0 = Debug|Any CPU
		{3DC0739C-3317-4A60-A46C-6BFAB190B5B7}.Debug|x64.ActiveCfg = Debug|Any CPU
		{3DC0739C-3317-4A60-A46C-6BFAB190B5B7}.Debug|x64.Build.0 = Debug|Any CPU
		{3DC0739C-3317-4A60-A46C-6BFAB190B5B7}.Debug|x86.ActiveCfg = Debug|Any CPU
		{3DC0739C-3317-4A60-A46C-6BFAB190B5B7}.Debug|x86.Build.0 = Debug|Any CPU
		{3DC0739C-3317-4A60-A46C-6BFAB190B5B7}.Release|Any CPU.ActiveCfg = Release|Any CPU
		{3DC0739C-3317-4A60-A46C-6BFAB190B5B7}.Release|Any CPU.Build.0 = Release|Any CPU
		{3DC0739C-3317-4A60-A46C-6BFAB190B5B7}.Release|x64.ActiveCfg = Release|Any CPU
		{3DC0739C-3317-4A60-A46C-6BFAB190B5B7}.Release|x64.Build.0 = Release|Any CPU
		{3DC0739C-3317-4A60-A46C-6BFAB190B5B7}.Release|x86.ActiveCfg = Release|Any CPU
		{3DC0739C-3317-4A60-A46C-6BFAB190B5B7}.Release|x86.Build.0 = Release|Any CPU
		{C9F27DE2-E2DF-4F9A-8C55-9A395F34EA69}.Debug|Any CPU.ActiveCfg = Debug|Any CPU
		{C9F27DE2-E2DF-4F9A-8C55-9A395F34EA69}.Debug|Any CPU.Build.0 = Debug|Any CPU
		{C9F27DE2-E2DF-4F9A-8C55-9A395F34EA69}.Debug|x64.ActiveCfg = Debug|Any CPU
		{C9F27DE2-E2DF-4F9A-8C55-9A395F34EA69}.Debug|x64.Build.0 = Debug|Any CPU
		{C9F27DE2-E2DF-4F9A-8C55-9A395F34EA69}.Debug|x86.ActiveCfg = Debug|Any CPU
		{C9F27DE2-E2DF-4F9A-8C55-9A395F34EA69}.Debug|x86.Build.0 = Debug|Any CPU
		{C9F27DE2-E2DF-4F9A-8C55-9A395F34EA69}.Release|Any CPU.ActiveCfg = Release|Any CPU
		{C9F27DE2-E2DF-4F9A-8C55-9A395F34EA69}.Release|Any CPU.Build.0 = Release|Any CPU
		{C9F27DE2-E2DF-4F9A-8C55-9A395F34EA69}.Release|x64.ActiveCfg = Release|Any CPU
		{C9F27DE2-E2DF-4F9A-8C55-9A395F34EA69}.Release|x64.Build.0 = Release|Any CPU
		{C9F27DE2-E2DF-4F9A-8C55-9A395F34EA69}.Release|x86.ActiveCfg = Release|Any CPU
		{C9F27DE2-E2DF-4F9A-8C55-9A395F34EA69}.Release|x86.Build.0 = Release|Any CPU
		{0E3FDF7E-A15D-4E99-9A39-5AFD39683206}.Debug|Any CPU.ActiveCfg = Debug|Any CPU
		{0E3FDF7E-A15D-4E99-9A39-5AFD39683206}.Debug|Any CPU.Build.0 = Debug|Any CPU
		{0E3FDF7E-A15D-4E99-9A39-5AFD39683206}.Debug|x64.ActiveCfg = Debug|Any CPU
		{0E3FDF7E-A15D-4E99-9A39-5AFD39683206}.Debug|x64.Build.0 = Debug|Any CPU
		{0E3FDF7E-A15D-4E99-9A39-5AFD39683206}.Debug|x86.ActiveCfg = Debug|Any CPU
		{0E3FDF7E-A15D-4E99-9A39-5AFD39683206}.Debug|x86.Build.0 = Debug|Any CPU
		{0E3FDF7E-A15D-4E99-9A39-5AFD39683206}.Release|Any CPU.ActiveCfg = Release|Any CPU
		{0E3FDF7E-A15D-4E99-9A39-5AFD39683206}.Release|Any CPU.Build.0 = Release|Any CPU
		{0E3FDF7E-A15D-4E99-9A39-5AFD39683206}.Release|x64.ActiveCfg = Release|Any CPU
		{0E3FDF7E-A15D-4E99-9A39-5AFD39683206}.Release|x64.Build.0 = Release|Any CPU
		{0E3FDF7E-A15D-4E99-9A39-5AFD39683206}.Release|x86.ActiveCfg = Release|Any CPU
		{0E3FDF7E-A15D-4E99-9A39-5AFD39683206}.Release|x86.Build.0 = Release|Any CPU
		{53770B29-7673-4944-AF47-1C6A406B822B}.Debug|Any CPU.ActiveCfg = Debug|Any CPU
		{53770B29-7673-4944-AF47-1C6A406B822B}.Debug|Any CPU.Build.0 = Debug|Any CPU
		{53770B29-7673-4944-AF47-1C6A406B822B}.Debug|x64.ActiveCfg = Debug|Any CPU
		{53770B29-7673-4944-AF47-1C6A406B822B}.Debug|x64.Build.0 = Debug|Any CPU
		{53770B29-7673-4944-AF47-1C6A406B822B}.Debug|x86.ActiveCfg = Debug|Any CPU
		{53770B29-7673-4944-AF47-1C6A406B822B}.Debug|x86.Build.0 = Debug|Any CPU
		{53770B29-7673-4944-AF47-1C6A406B822B}.Release|Any CPU.ActiveCfg = Release|Any CPU
		{53770B29-7673-4944-AF47-1C6A406B822B}.Release|Any CPU.Build.0 = Release|Any CPU
		{53770B29-7673-4944-AF47-1C6A406B822B}.Release|x64.ActiveCfg = Release|Any CPU
		{53770B29-7673-4944-AF47-1C6A406B822B}.Release|x64.Build.0 = Release|Any CPU
		{53770B29-7673-4944-AF47-1C6A406B822B}.Release|x86.ActiveCfg = Release|Any CPU
		{53770B29-7673-4944-AF47-1C6A406B822B}.Release|x86.Build.0 = Release|Any CPU
		{FB331587-7F26-470A-9AC9-C5A562B999D9}.Debug|Any CPU.ActiveCfg = Debug|Any CPU
		{FB331587-7F26-470A-9AC9-C5A562B999D9}.Debug|Any CPU.Build.0 = Debug|Any CPU
		{FB331587-7F26-470A-9AC9-C5A562B999D9}.Debug|x64.ActiveCfg = Debug|Any CPU
		{FB331587-7F26-470A-9AC9-C5A562B999D9}.Debug|x64.Build.0 = Debug|Any CPU
		{FB331587-7F26-470A-9AC9-C5A562B999D9}.Debug|x86.ActiveCfg = Debug|Any CPU
		{FB331587-7F26-470A-9AC9-C5A562B999D9}.Debug|x86.Build.0 = Debug|Any CPU
		{FB331587-7F26-470A-9AC9-C5A562B999D9}.Release|Any CPU.ActiveCfg = Release|Any CPU
		{FB331587-7F26-470A-9AC9-C5A562B999D9}.Release|Any CPU.Build.0 = Release|Any CPU
		{FB331587-7F26-470A-9AC9-C5A562B999D9}.Release|x64.ActiveCfg = Release|Any CPU
		{FB331587-7F26-470A-9AC9-C5A562B999D9}.Release|x64.Build.0 = Release|Any CPU
		{FB331587-7F26-470A-9AC9-C5A562B999D9}.Release|x86.ActiveCfg = Release|Any CPU
		{FB331587-7F26-470A-9AC9-C5A562B999D9}.Release|x86.Build.0 = Release|Any CPU
		{5087B11F-60B7-46E7-9424-9EE995B67AC5}.Debug|Any CPU.ActiveCfg = Debug|Any CPU
		{5087B11F-60B7-46E7-9424-9EE995B67AC5}.Debug|Any CPU.Build.0 = Debug|Any CPU
		{5087B11F-60B7-46E7-9424-9EE995B67AC5}.Debug|x64.ActiveCfg = Debug|Any CPU
		{5087B11F-60B7-46E7-9424-9EE995B67AC5}.Debug|x64.Build.0 = Debug|Any CPU
		{5087B11F-60B7-46E7-9424-9EE995B67AC5}.Debug|x86.ActiveCfg = Debug|Any CPU
		{5087B11F-60B7-46E7-9424-9EE995B67AC5}.Debug|x86.Build.0 = Debug|Any CPU
		{5087B11F-60B7-46E7-9424-9EE995B67AC5}.Release|Any CPU.ActiveCfg = Release|Any CPU
		{5087B11F-60B7-46E7-9424-9EE995B67AC5}.Release|Any CPU.Build.0 = Release|Any CPU
		{5087B11F-60B7-46E7-9424-9EE995B67AC5}.Release|x64.ActiveCfg = Release|Any CPU
		{5087B11F-60B7-46E7-9424-9EE995B67AC5}.Release|x64.Build.0 = Release|Any CPU
		{5087B11F-60B7-46E7-9424-9EE995B67AC5}.Release|x86.ActiveCfg = Release|Any CPU
		{5087B11F-60B7-46E7-9424-9EE995B67AC5}.Release|x86.Build.0 = Release|Any CPU
		{2FA75DFC-1153-4B27-BEE8-D764ED3FFFB6}.Debug|Any CPU.ActiveCfg = Debug|Any CPU
		{2FA75DFC-1153-4B27-BEE8-D764ED3FFFB6}.Debug|Any CPU.Build.0 = Debug|Any CPU
		{2FA75DFC-1153-4B27-BEE8-D764ED3FFFB6}.Debug|x64.ActiveCfg = Debug|Any CPU
		{2FA75DFC-1153-4B27-BEE8-D764ED3FFFB6}.Debug|x64.Build.0 = Debug|Any CPU
		{2FA75DFC-1153-4B27-BEE8-D764ED3FFFB6}.Debug|x86.ActiveCfg = Debug|Any CPU
		{2FA75DFC-1153-4B27-BEE8-D764ED3FFFB6}.Debug|x86.Build.0 = Debug|Any CPU
		{2FA75DFC-1153-4B27-BEE8-D764ED3FFFB6}.Release|Any CPU.ActiveCfg = Release|Any CPU
		{2FA75DFC-1153-4B27-BEE8-D764ED3FFFB6}.Release|Any CPU.Build.0 = Release|Any CPU
		{2FA75DFC-1153-4B27-BEE8-D764ED3FFFB6}.Release|x64.ActiveCfg = Release|Any CPU
		{2FA75DFC-1153-4B27-BEE8-D764ED3FFFB6}.Release|x64.Build.0 = Release|Any CPU
		{2FA75DFC-1153-4B27-BEE8-D764ED3FFFB6}.Release|x86.ActiveCfg = Release|Any CPU
		{2FA75DFC-1153-4B27-BEE8-D764ED3FFFB6}.Release|x86.Build.0 = Release|Any CPU
		{BD8B709D-9642-4BDC-A891-2A831DF46181}.Debug|Any CPU.ActiveCfg = Debug|Any CPU
		{BD8B709D-9642-4BDC-A891-2A831DF46181}.Debug|Any CPU.Build.0 = Debug|Any CPU
		{BD8B709D-9642-4BDC-A891-2A831DF46181}.Debug|x64.ActiveCfg = Debug|Any CPU
		{BD8B709D-9642-4BDC-A891-2A831DF46181}.Debug|x64.Build.0 = Debug|Any CPU
		{BD8B709D-9642-4BDC-A891-2A831DF46181}.Debug|x86.ActiveCfg = Debug|Any CPU
		{BD8B709D-9642-4BDC-A891-2A831DF46181}.Debug|x86.Build.0 = Debug|Any CPU
		{BD8B709D-9642-4BDC-A891-2A831DF46181}.Release|Any CPU.ActiveCfg = Release|Any CPU
		{BD8B709D-9642-4BDC-A891-2A831DF46181}.Release|Any CPU.Build.0 = Release|Any CPU
		{BD8B709D-9642-4BDC-A891-2A831DF46181}.Release|x64.ActiveCfg = Release|Any CPU
		{BD8B709D-9642-4BDC-A891-2A831DF46181}.Release|x64.Build.0 = Release|Any CPU
		{BD8B709D-9642-4BDC-A891-2A831DF46181}.Release|x86.ActiveCfg = Release|Any CPU
		{BD8B709D-9642-4BDC-A891-2A831DF46181}.Release|x86.Build.0 = Release|Any CPU
		{76B2D872-AD57-4596-9A67-D5CD983D1E49}.Debug|Any CPU.ActiveCfg = Debug|Any CPU
		{76B2D872-AD57-4596-9A67-D5CD983D1E49}.Debug|Any CPU.Build.0 = Debug|Any CPU
		{76B2D872-AD57-4596-9A67-D5CD983D1E49}.Debug|x64.ActiveCfg = Debug|Any CPU
		{76B2D872-AD57-4596-9A67-D5CD983D1E49}.Debug|x64.Build.0 = Debug|Any CPU
		{76B2D872-AD57-4596-9A67-D5CD983D1E49}.Debug|x86.ActiveCfg = Debug|Any CPU
		{76B2D872-AD57-4596-9A67-D5CD983D1E49}.Debug|x86.Build.0 = Debug|Any CPU
		{76B2D872-AD57-4596-9A67-D5CD983D1E49}.Release|Any CPU.ActiveCfg = Release|Any CPU
		{76B2D872-AD57-4596-9A67-D5CD983D1E49}.Release|Any CPU.Build.0 = Release|Any CPU
		{76B2D872-AD57-4596-9A67-D5CD983D1E49}.Release|x64.ActiveCfg = Release|Any CPU
		{76B2D872-AD57-4596-9A67-D5CD983D1E49}.Release|x64.Build.0 = Release|Any CPU
		{76B2D872-AD57-4596-9A67-D5CD983D1E49}.Release|x86.ActiveCfg = Release|Any CPU
		{76B2D872-AD57-4596-9A67-D5CD983D1E49}.Release|x86.Build.0 = Release|Any CPU
		{90DEC6C1-D7D2-4059-AFE3-7CB0AB17AD64}.Debug|Any CPU.ActiveCfg = Debug|Any CPU
		{90DEC6C1-D7D2-4059-AFE3-7CB0AB17AD64}.Debug|Any CPU.Build.0 = Debug|Any CPU
		{90DEC6C1-D7D2-4059-AFE3-7CB0AB17AD64}.Debug|x64.ActiveCfg = Debug|Any CPU
		{90DEC6C1-D7D2-4059-AFE3-7CB0AB17AD64}.Debug|x64.Build.0 = Debug|Any CPU
		{90DEC6C1-D7D2-4059-AFE3-7CB0AB17AD64}.Debug|x86.ActiveCfg = Debug|Any CPU
		{90DEC6C1-D7D2-4059-AFE3-7CB0AB17AD64}.Debug|x86.Build.0 = Debug|Any CPU
		{90DEC6C1-D7D2-4059-AFE3-7CB0AB17AD64}.Release|Any CPU.ActiveCfg = Release|Any CPU
		{90DEC6C1-D7D2-4059-AFE3-7CB0AB17AD64}.Release|Any CPU.Build.0 = Release|Any CPU
		{90DEC6C1-D7D2-4059-AFE3-7CB0AB17AD64}.Release|x64.ActiveCfg = Release|Any CPU
		{90DEC6C1-D7D2-4059-AFE3-7CB0AB17AD64}.Release|x64.Build.0 = Release|Any CPU
		{90DEC6C1-D7D2-4059-AFE3-7CB0AB17AD64}.Release|x86.ActiveCfg = Release|Any CPU
		{90DEC6C1-D7D2-4059-AFE3-7CB0AB17AD64}.Release|x86.Build.0 = Release|Any CPU
		{F33FB464-C7BF-4D8B-9995-C86BDC0CB61C}.Debug|Any CPU.ActiveCfg = Debug|Any CPU
		{F33FB464-C7BF-4D8B-9995-C86BDC0CB61C}.Debug|Any CPU.Build.0 = Debug|Any CPU
		{F33FB464-C7BF-4D8B-9995-C86BDC0CB61C}.Debug|x64.ActiveCfg = Debug|Any CPU
		{F33FB464-C7BF-4D8B-9995-C86BDC0CB61C}.Debug|x64.Build.0 = Debug|Any CPU
		{F33FB464-C7BF-4D8B-9995-C86BDC0CB61C}.Debug|x86.ActiveCfg = Debug|Any CPU
		{F33FB464-C7BF-4D8B-9995-C86BDC0CB61C}.Debug|x86.Build.0 = Debug|Any CPU
		{F33FB464-C7BF-4D8B-9995-C86BDC0CB61C}.Release|Any CPU.ActiveCfg = Release|Any CPU
		{F33FB464-C7BF-4D8B-9995-C86BDC0CB61C}.Release|Any CPU.Build.0 = Release|Any CPU
		{F33FB464-C7BF-4D8B-9995-C86BDC0CB61C}.Release|x64.ActiveCfg = Release|Any CPU
		{F33FB464-C7BF-4D8B-9995-C86BDC0CB61C}.Release|x64.Build.0 = Release|Any CPU
		{F33FB464-C7BF-4D8B-9995-C86BDC0CB61C}.Release|x86.ActiveCfg = Release|Any CPU
		{F33FB464-C7BF-4D8B-9995-C86BDC0CB61C}.Release|x86.Build.0 = Release|Any CPU
		{D8A8A5FB-E63F-489E-B7A6-552619232B2D}.Debug|Any CPU.ActiveCfg = Debug|Any CPU
		{D8A8A5FB-E63F-489E-B7A6-552619232B2D}.Debug|Any CPU.Build.0 = Debug|Any CPU
		{D8A8A5FB-E63F-489E-B7A6-552619232B2D}.Debug|x64.ActiveCfg = Debug|Any CPU
		{D8A8A5FB-E63F-489E-B7A6-552619232B2D}.Debug|x64.Build.0 = Debug|Any CPU
		{D8A8A5FB-E63F-489E-B7A6-552619232B2D}.Debug|x86.ActiveCfg = Debug|Any CPU
		{D8A8A5FB-E63F-489E-B7A6-552619232B2D}.Debug|x86.Build.0 = Debug|Any CPU
		{D8A8A5FB-E63F-489E-B7A6-552619232B2D}.Release|Any CPU.ActiveCfg = Release|Any CPU
		{D8A8A5FB-E63F-489E-B7A6-552619232B2D}.Release|Any CPU.Build.0 = Release|Any CPU
		{D8A8A5FB-E63F-489E-B7A6-552619232B2D}.Release|x64.ActiveCfg = Release|Any CPU
		{D8A8A5FB-E63F-489E-B7A6-552619232B2D}.Release|x64.Build.0 = Release|Any CPU
		{D8A8A5FB-E63F-489E-B7A6-552619232B2D}.Release|x86.ActiveCfg = Release|Any CPU
		{D8A8A5FB-E63F-489E-B7A6-552619232B2D}.Release|x86.Build.0 = Release|Any CPU
	EndGlobalSection
	GlobalSection(SolutionProperties) = preSolution
		HideSolutionNode = FALSE
	EndGlobalSection
	GlobalSection(ExtensibilityGlobals) = postSolution
		SolutionGuid = {618F12A0-A837-4E3E-AF9A-FBA0EEDCC0C7}
	EndGlobalSection
EndGlobal
