
Microsoft Visual Studio Solution File, Format Version 12.00
# Visual Studio 15
VisualStudioVersion = 15.0.26124.0
MinimumVisualStudioVersion = 15.0.26124.0
Project("{FAE04EC0-301F-11D3-BF4B-00C04F79EFBC}") = "002_ArrayList", "002_ArrayList\002_ArrayList.csproj", "{3B561E16-C6B6-4872-A1EA-16020FAA5441}"
EndProject
Project("{FAE04EC0-301F-11D3-BF4B-00C04F79EFBC}") = "001_ArrayList", "001_ArrayList\001_ArrayList.csproj", "{B0E0047A-DE46-40CC-AB52-5A363AA5AE74}"
EndProject
Project("{FAE04EC0-301F-11D3-BF4B-00C04F79EFBC}") = "003_ArrayListSort", "003_ArrayListSort\003_ArrayListSort.csproj", "{1AE0C49F-4C89-49E5-A68A-290718FE00CD}"
EndProject
Project("{FAE04EC0-301F-11D3-BF4B-00C04F79EFBC}") = "004_IComparer", "004_IComparer\004_IComparer.csproj", "{3B544599-21C9-43B3-BF45-AEA744D32044}"
EndProject
Global
	GlobalSection(SolutionConfigurationPlatforms) = preSolution
		Debug|Any CPU = Debug|Any CPU
		Debug|x64 = Debug|x64
		Debug|x86 = Debug|x86
		Release|Any CPU = Release|Any CPU
		Release|x64 = Release|x64
		Release|x86 = Release|x86
	EndGlobalSection
	GlobalSection(SolutionProperties) = preSolution
		HideSolutionNode = FALSE
	EndGlobalSection
	GlobalSection(ProjectConfigurationPlatforms) = postSolution
		{3B561E16-C6B6-4872-A1EA-16020FAA5441}.Debug|Any CPU.ActiveCfg = Debug|Any CPU
		{3B561E16-C6B6-4872-A1EA-16020FAA5441}.Debug|Any CPU.Build.0 = Debug|Any CPU
		{3B561E16-C6B6-4872-A1EA-16020FAA5441}.Debug|x64.ActiveCfg = Debug|Any CPU
		{3B561E16-C6B6-4872-A1EA-16020FAA5441}.Debug|x64.Build.0 = Debug|Any CPU
		{3B561E16-C6B6-4872-A1EA-16020FAA5441}.Debug|x86.ActiveCfg = Debug|Any CPU
		{3B561E16-C6B6-4872-A1EA-16020FAA5441}.Debug|x86.Build.0 = Debug|Any CPU
		{3B561E16-C6B6-4872-A1EA-16020FAA5441}.Release|Any CPU.ActiveCfg = Release|Any CPU
		{3B561E16-C6B6-4872-A1EA-16020FAA5441}.Release|Any CPU.Build.0 = Release|Any CPU
		{3B561E16-C6B6-4872-A1EA-16020FAA5441}.Release|x64.ActiveCfg = Release|Any CPU
		{3B561E16-C6B6-4872-A1EA-16020FAA5441}.Release|x64.Build.0 = Release|Any CPU
		{3B561E16-C6B6-4872-A1EA-16020FAA5441}.Release|x86.ActiveCfg = Release|Any CPU
		{3B561E16-C6B6-4872-A1EA-16020FAA5441}.Release|x86.Build.0 = Release|Any CPU
		{B0E0047A-DE46-40CC-AB52-5A363AA5AE74}.Debug|Any CPU.ActiveCfg = Debug|Any CPU
		{B0E0047A-DE46-40CC-AB52-5A363AA5AE74}.Debug|Any CPU.Build.0 = Debug|Any CPU
		{B0E0047A-DE46-40CC-AB52-5A363AA5AE74}.Debug|x64.ActiveCfg = Debug|Any CPU
		{B0E0047A-DE46-40CC-AB52-5A363AA5AE74}.Debug|x64.Build.0 = Debug|Any CPU
		{B0E0047A-DE46-40CC-AB52-5A363AA5AE74}.Debug|x86.ActiveCfg = Debug|Any CPU
		{B0E0047A-DE46-40CC-AB52-5A363AA5AE74}.Debug|x86.Build.0 = Debug|Any CPU
		{B0E0047A-DE46-40CC-AB52-5A363AA5AE74}.Release|Any CPU.ActiveCfg = Release|Any CPU
		{B0E0047A-DE46-40CC-AB52-5A363AA5AE74}.Release|Any CPU.Build.0 = Release|Any CPU
		{B0E0047A-DE46-40CC-AB52-5A363AA5AE74}.Release|x64.ActiveCfg = Release|Any CPU
		{B0E0047A-DE46-40CC-AB52-5A363AA5AE74}.Release|x64.Build.0 = Release|Any CPU
		{B0E0047A-DE46-40CC-AB52-5A363AA5AE74}.Release|x86.ActiveCfg = Release|Any CPU
		{B0E0047A-DE46-40CC-AB52-5A363AA5AE74}.Release|x86.Build.0 = Release|Any CPU
		{1AE0C49F-4C89-49E5-A68A-290718FE00CD}.Debug|Any CPU.ActiveCfg = Debug|Any CPU
		{1AE0C49F-4C89-49E5-A68A-290718FE00CD}.Debug|Any CPU.Build.0 = Debug|Any CPU
		{1AE0C49F-4C89-49E5-A68A-290718FE00CD}.Debug|x64.ActiveCfg = Debug|Any CPU
		{1AE0C49F-4C89-49E5-A68A-290718FE00CD}.Debug|x64.Build.0 = Debug|Any CPU
		{1AE0C49F-4C89-49E5-A68A-290718FE00CD}.Debug|x86.ActiveCfg = Debug|Any CPU
		{1AE0C49F-4C89-49E5-A68A-290718FE00CD}.Debug|x86.Build.0 = Debug|Any CPU
		{1AE0C49F-4C89-49E5-A68A-290718FE00CD}.Release|Any CPU.ActiveCfg = Release|Any CPU
		{1AE0C49F-4C89-49E5-A68A-290718FE00CD}.Release|Any CPU.Build.0 = Release|Any CPU
		{1AE0C49F-4C89-49E5-A68A-290718FE00CD}.Release|x64.ActiveCfg = Release|Any CPU
		{1AE0C49F-4C89-49E5-A68A-290718FE00CD}.Release|x64.Build.0 = Release|Any CPU
		{1AE0C49F-4C89-49E5-A68A-290718FE00CD}.Release|x86.ActiveCfg = Release|Any CPU
		{1AE0C49F-4C89-49E5-A68A-290718FE00CD}.Release|x86.Build.0 = Release|Any CPU
		{3B544599-21C9-43B3-BF45-AEA744D32044}.Debug|Any CPU.ActiveCfg = Debug|Any CPU
		{3B544599-21C9-43B3-BF45-AEA744D32044}.Debug|Any CPU.Build.0 = Debug|Any CPU
		{3B544599-21C9-43B3-BF45-AEA744D32044}.Debug|x64.ActiveCfg = Debug|Any CPU
		{3B544599-21C9-43B3-BF45-AEA744D32044}.Debug|x64.Build.0 = Debug|Any CPU
		{3B544599-21C9-43B3-BF45-AEA744D32044}.Debug|x86.ActiveCfg = Debug|Any CPU
		{3B544599-21C9-43B3-BF45-AEA744D32044}.Debug|x86.Build.0 = Debug|Any CPU
		{3B544599-21C9-43B3-BF45-AEA744D32044}.Release|Any CPU.ActiveCfg = Release|Any CPU
		{3B544599-21C9-43B3-BF45-AEA744D32044}.Release|Any CPU.Build.0 = Release|Any CPU
		{3B544599-21C9-43B3-BF45-AEA744D32044}.Release|x64.ActiveCfg = Release|Any CPU
		{3B544599-21C9-43B3-BF45-AEA744D32044}.Release|x64.Build.0 = Release|Any CPU
		{3B544599-21C9-43B3-BF45-AEA744D32044}.Release|x86.ActiveCfg = Release|Any CPU
		{3B544599-21C9-43B3-BF45-AEA744D32044}.Release|x86.Build.0 = Release|Any CPU
	EndGlobalSection
EndGlobal
