
Microsoft Visual Studio Solution File, Format Version 12.00
# Visual Studio Version 16
VisualStudioVersion = 16.0.31424.327
MinimumVisualStudioVersion = 10.0.40219.1
Project("{FAE04EC0-301F-11D3-BF4B-00C04F79EFBC}") = "Classwork_task1", "Classwork_task1\Classwork_task1.csproj", "{FAE60DB6-5E0F-4DA2-8C99-A01069675BBA}"
EndProject
Project("{FAE04EC0-301F-11D3-BF4B-00C04F79EFBC}") = "Homework_task2", "Homework_task2\Homework_task2.csproj", "{CF9E07A0-5881-4F6D-AFEB-DA62661041D8}"
EndProject
Project("{FAE04EC0-301F-11D3-BF4B-00C04F79EFBC}") = "Homework_task3", "Howework_task3\Homework_task3.csproj", "{C9DF0F3F-3DBE-4B07-ADB8-C201B9396E74}"
EndProject
Project("{FAE04EC0-301F-11D3-BF4B-00C04F79EFBC}") = "Homework_task4", "Homework_task4\Homework_task4.csproj", "{DEFDA9EA-A638-4980-B8C0-021BFE5FC547}"
EndProject
Global
	GlobalSection(SolutionConfigurationPlatforms) = preSolution
		Debug|Any CPU = Debug|Any CPU
		Release|Any CPU = Release|Any CPU
	EndGlobalSection
	GlobalSection(ProjectConfigurationPlatforms) = postSolution
		{FAE60DB6-5E0F-4DA2-8C99-A01069675BBA}.Debug|Any CPU.ActiveCfg = Debug|Any CPU
		{FAE60DB6-5E0F-4DA2-8C99-A01069675BBA}.Debug|Any CPU.Build.0 = Debug|Any CPU
		{FAE60DB6-5E0F-4DA2-8C99-A01069675BBA}.Release|Any CPU.ActiveCfg = Release|Any CPU
		{FAE60DB6-5E0F-4DA2-8C99-A01069675BBA}.Release|Any CPU.Build.0 = Release|Any CPU
		{CF9E07A0-5881-4F6D-AFEB-DA62661041D8}.Debug|Any CPU.ActiveCfg = Debug|Any CPU
		{CF9E07A0-5881-4F6D-AFEB-DA62661041D8}.Debug|Any CPU.Build.0 = Debug|Any CPU
		{CF9E07A0-5881-4F6D-AFEB-DA62661041D8}.Release|Any CPU.ActiveCfg = Release|Any CPU
		{CF9E07A0-5881-4F6D-AFEB-DA62661041D8}.Release|Any CPU.Build.0 = Release|Any CPU
		{C9DF0F3F-3DBE-4B07-ADB8-C201B9396E74}.Debug|Any CPU.ActiveCfg = Debug|Any CPU
		{C9DF0F3F-3DBE-4B07-ADB8-C201B9396E74}.Debug|Any CPU.Build.0 = Debug|Any CPU
		{C9DF0F3F-3DBE-4B07-ADB8-C201B9396E74}.Release|Any CPU.ActiveCfg = Release|Any CPU
		{C9DF0F3F-3DBE-4B07-ADB8-C201B9396E74}.Release|Any CPU.Build.0 = Release|Any CPU
		{DEFDA9EA-A638-4980-B8C0-021BFE5FC547}.Debug|Any CPU.ActiveCfg = Debug|Any CPU
		{DEFDA9EA-A638-4980-B8C0-021BFE5FC547}.Debug|Any CPU.Build.0 = Debug|Any CPU
		{DEFDA9EA-A638-4980-B8C0-021BFE5FC547}.Release|Any CPU.ActiveCfg = Release|Any CPU
		{DEFDA9EA-A638-4980-B8C0-021BFE5FC547}.Release|Any CPU.Build.0 = Release|Any CPU
	EndGlobalSection
	GlobalSection(SolutionProperties) = preSolution
		HideSolutionNode = FALSE
	EndGlobalSection
	GlobalSection(ExtensibilityGlobals) = postSolution
		SolutionGuid = {BBC607B6-C343-4899-A0EF-68D1AD7FFBD4}
	EndGlobalSection
EndGlobal
