
Microsoft Visual Studio Solution File, Format Version 12.00
# Visual Studio Version 16
VisualStudioVersion = 16.0.30621.155
MinimumVisualStudioVersion = 15.0.26124.0
Project("{9A19103F-16F7-4668-BE54-9A1E7A4F7556}") = "001_Hashtable", "001_Hashtable\001_Hashtable.csproj", "{DC08418B-2CF1-42B7-9B94-40C3B93CBA31}"
EndProject
Project("{9A19103F-16F7-4668-BE54-9A1E7A4F7556}") = "002_Hashtable", "002_Hashtable\002_Hashtable.csproj", "{8949276D-905F-4750-966D-DFD2B8A0DC7A}"
EndProject
Project("{9A19103F-16F7-4668-BE54-9A1E7A4F7556}") = "003_Hashtable", "003_Hashtable\003_Hashtable.csproj", "{9FBB8F88-7D9D-4799-8CBD-81B9E5E014C0}"
EndProject
Project("{9A19103F-16F7-4668-BE54-9A1E7A4F7556}") = "004_Hashtable", "004_Hashtable\004_Hashtable.csproj", "{A8ACC832-71E6-4DFE-9806-E92FD2684BEF}"
EndProject
Project("{9A19103F-16F7-4668-BE54-9A1E7A4F7556}") = "005_Hashtable", "005_Hashtable\005_Hashtable.csproj", "{1E651255-4C9C-41DE-A902-49D6F5F81BDF}"
EndProject
Project("{9A19103F-16F7-4668-BE54-9A1E7A4F7556}") = "010_HybridDictionary", "010_HybridDictionary\010_HybridDictionary.csproj", "{98C410C7-19D8-4E4D-AFC0-57D43160CE74}"
EndProject
Project("{9A19103F-16F7-4668-BE54-9A1E7A4F7556}") = "006_IEqualityComparer", "006_IEqualityComparer\006_IEqualityComparer.csproj", "{5B96C796-C505-417F-8799-1E50CE4EA280}"
EndProject
Project("{9A19103F-16F7-4668-BE54-9A1E7A4F7556}") = "009_ListDictionary", "009_ListDictionary\009_ListDictionary.csproj", "{543E2C1C-C914-4F86-B3BE-B3679E5D8505}"
EndProject
Project("{9A19103F-16F7-4668-BE54-9A1E7A4F7556}") = "011_OrderDictionary", "011_OrderDictionary\011_OrderDictionary.csproj", "{DBB19763-FF5E-4886-9A44-E5C8017BF9D6}"
EndProject
Project("{9A19103F-16F7-4668-BE54-9A1E7A4F7556}") = "007_SortedList", "007_SortedList\007_SortedList.csproj", "{E564B287-AC00-4501-A1D3-EFEB15BF921C}"
EndProject
Project("{9A19103F-16F7-4668-BE54-9A1E7A4F7556}") = "008_SortedList", "008_SortedList\008_SortedList.csproj", "{28CEF6F2-5F8B-4A5B-9995-CFF04310E2A8}"
EndProject
Global
	GlobalSection(SolutionConfigurationPlatforms) = preSolution
		Debug|Any CPU = Debug|Any CPU
		Debug|x64 = Debug|x64
		Debug|x86 = Debug|x86
		Release|Any CPU = Release|Any CPU
		Release|x64 = Release|x64
		Release|x86 = Release|x86
	EndGlobalSection
	GlobalSection(ProjectConfigurationPlatforms) = postSolution
		{DC08418B-2CF1-42B7-9B94-40C3B93CBA31}.Debug|Any CPU.ActiveCfg = Debug|Any CPU
		{DC08418B-2CF1-42B7-9B94-40C3B93CBA31}.Debug|Any CPU.Build.0 = Debug|Any CPU
		{DC08418B-2CF1-42B7-9B94-40C3B93CBA31}.Debug|x64.ActiveCfg = Debug|Any CPU
		{DC08418B-2CF1-42B7-9B94-40C3B93CBA31}.Debug|x64.Build.0 = Debug|Any CPU
		{DC08418B-2CF1-42B7-9B94-40C3B93CBA31}.Debug|x86.ActiveCfg = Debug|Any CPU
		{DC08418B-2CF1-42B7-9B94-40C3B93CBA31}.Debug|x86.Build.0 = Debug|Any CPU
		{DC08418B-2CF1-42B7-9B94-40C3B93CBA31}.Release|Any CPU.ActiveCfg = Release|Any CPU
		{DC08418B-2CF1-42B7-9B94-40C3B93CBA31}.Release|Any CPU.Build.0 = Release|Any CPU
		{DC08418B-2CF1-42B7-9B94-40C3B93CBA31}.Release|x64.ActiveCfg = Release|Any CPU
		{DC08418B-2CF1-42B7-9B94-40C3B93CBA31}.Release|x64.Build.0 = Release|Any CPU
		{DC08418B-2CF1-42B7-9B94-40C3B93CBA31}.Release|x86.ActiveCfg = Release|Any CPU
		{DC08418B-2CF1-42B7-9B94-40C3B93CBA31}.Release|x86.Build.0 = Release|Any CPU
		{8949276D-905F-4750-966D-DFD2B8A0DC7A}.Debug|Any CPU.ActiveCfg = Debug|Any CPU
		{8949276D-905F-4750-966D-DFD2B8A0DC7A}.Debug|Any CPU.Build.0 = Debug|Any CPU
		{8949276D-905F-4750-966D-DFD2B8A0DC7A}.Debug|x64.ActiveCfg = Debug|Any CPU
		{8949276D-905F-4750-966D-DFD2B8A0DC7A}.Debug|x64.Build.0 = Debug|Any CPU
		{8949276D-905F-4750-966D-DFD2B8A0DC7A}.Debug|x86.ActiveCfg = Debug|Any CPU
		{8949276D-905F-4750-966D-DFD2B8A0DC7A}.Debug|x86.Build.0 = Debug|Any CPU
		{8949276D-905F-4750-966D-DFD2B8A0DC7A}.Release|Any CPU.ActiveCfg = Release|Any CPU
		{8949276D-905F-4750-966D-DFD2B8A0DC7A}.Release|Any CPU.Build.0 = Release|Any CPU
		{8949276D-905F-4750-966D-DFD2B8A0DC7A}.Release|x64.ActiveCfg = Release|Any CPU
		{8949276D-905F-4750-966D-DFD2B8A0DC7A}.Release|x64.Build.0 = Release|Any CPU
		{8949276D-905F-4750-966D-DFD2B8A0DC7A}.Release|x86.ActiveCfg = Release|Any CPU
		{8949276D-905F-4750-966D-DFD2B8A0DC7A}.Release|x86.Build.0 = Release|Any CPU
		{9FBB8F88-7D9D-4799-8CBD-81B9E5E014C0}.Debug|Any CPU.ActiveCfg = Debug|Any CPU
		{9FBB8F88-7D9D-4799-8CBD-81B9E5E014C0}.Debug|Any CPU.Build.0 = Debug|Any CPU
		{9FBB8F88-7D9D-4799-8CBD-81B9E5E014C0}.Debug|x64.ActiveCfg = Debug|Any CPU
		{9FBB8F88-7D9D-4799-8CBD-81B9E5E014C0}.Debug|x64.Build.0 = Debug|Any CPU
		{9FBB8F88-7D9D-4799-8CBD-81B9E5E014C0}.Debug|x86.ActiveCfg = Debug|Any CPU
		{9FBB8F88-7D9D-4799-8CBD-81B9E5E014C0}.Debug|x86.Build.0 = Debug|Any CPU
		{9FBB8F88-7D9D-4799-8CBD-81B9E5E014C0}.Release|Any CPU.ActiveCfg = Release|Any CPU
		{9FBB8F88-7D9D-4799-8CBD-81B9E5E014C0}.Release|Any CPU.Build.0 = Release|Any CPU
		{9FBB8F88-7D9D-4799-8CBD-81B9E5E014C0}.Release|x64.ActiveCfg = Release|Any CPU
		{9FBB8F88-7D9D-4799-8CBD-81B9E5E014C0}.Release|x64.Build.0 = Release|Any CPU
		{9FBB8F88-7D9D-4799-8CBD-81B9E5E014C0}.Release|x86.ActiveCfg = Release|Any CPU
		{9FBB8F88-7D9D-4799-8CBD-81B9E5E014C0}.Release|x86.Build.0 = Release|Any CPU
		{A8ACC832-71E6-4DFE-9806-E92FD2684BEF}.Debug|Any CPU.ActiveCfg = Debug|Any CPU
		{A8ACC832-71E6-4DFE-9806-E92FD2684BEF}.Debug|Any CPU.Build.0 = Debug|Any CPU
		{A8ACC832-71E6-4DFE-9806-E92FD2684BEF}.Debug|x64.ActiveCfg = Debug|Any CPU
		{A8ACC832-71E6-4DFE-9806-E92FD2684BEF}.Debug|x64.Build.0 = Debug|Any CPU
		{A8ACC832-71E6-4DFE-9806-E92FD2684BEF}.Debug|x86.ActiveCfg = Debug|Any CPU
		{A8ACC832-71E6-4DFE-9806-E92FD2684BEF}.Debug|x86.Build.0 = Debug|Any CPU
		{A8ACC832-71E6-4DFE-9806-E92FD2684BEF}.Release|Any CPU.ActiveCfg = Release|Any CPU
		{A8ACC832-71E6-4DFE-9806-E92FD2684BEF}.Release|Any CPU.Build.0 = Release|Any CPU
		{A8ACC832-71E6-4DFE-9806-E92FD2684BEF}.Release|x64.ActiveCfg = Release|Any CPU
		{A8ACC832-71E6-4DFE-9806-E92FD2684BEF}.Release|x64.Build.0 = Release|Any CPU
		{A8ACC832-71E6-4DFE-9806-E92FD2684BEF}.Release|x86.ActiveCfg = Release|Any CPU
		{A8ACC832-71E6-4DFE-9806-E92FD2684BEF}.Release|x86.Build.0 = Release|Any CPU
		{1E651255-4C9C-41DE-A902-49D6F5F81BDF}.Debug|Any CPU.ActiveCfg = Debug|Any CPU
		{1E651255-4C9C-41DE-A902-49D6F5F81BDF}.Debug|Any CPU.Build.0 = Debug|Any CPU
		{1E651255-4C9C-41DE-A902-49D6F5F81BDF}.Debug|x64.ActiveCfg = Debug|Any CPU
		{1E651255-4C9C-41DE-A902-49D6F5F81BDF}.Debug|x64.Build.0 = Debug|Any CPU
		{1E651255-4C9C-41DE-A902-49D6F5F81BDF}.Debug|x86.ActiveCfg = Debug|Any CPU
		{1E651255-4C9C-41DE-A902-49D6F5F81BDF}.Debug|x86.Build.0 = Debug|Any CPU
		{1E651255-4C9C-41DE-A902-49D6F5F81BDF}.Release|Any CPU.ActiveCfg = Release|Any CPU
		{1E651255-4C9C-41DE-A902-49D6F5F81BDF}.Release|Any CPU.Build.0 = Release|Any CPU
		{1E651255-4C9C-41DE-A902-49D6F5F81BDF}.Release|x64.ActiveCfg = Release|Any CPU
		{1E651255-4C9C-41DE-A902-49D6F5F81BDF}.Release|x64.Build.0 = Release|Any CPU
		{1E651255-4C9C-41DE-A902-49D6F5F81BDF}.Release|x86.ActiveCfg = Release|Any CPU
		{1E651255-4C9C-41DE-A902-49D6F5F81BDF}.Release|x86.Build.0 = Release|Any CPU
		{98C410C7-19D8-4E4D-AFC0-57D43160CE74}.Debug|Any CPU.ActiveCfg = Debug|Any CPU
		{98C410C7-19D8-4E4D-AFC0-57D43160CE74}.Debug|Any CPU.Build.0 = Debug|Any CPU
		{98C410C7-19D8-4E4D-AFC0-57D43160CE74}.Debug|x64.ActiveCfg = Debug|Any CPU
		{98C410C7-19D8-4E4D-AFC0-57D43160CE74}.Debug|x64.Build.0 = Debug|Any CPU
		{98C410C7-19D8-4E4D-AFC0-57D43160CE74}.Debug|x86.ActiveCfg = Debug|Any CPU
		{98C410C7-19D8-4E4D-AFC0-57D43160CE74}.Debug|x86.Build.0 = Debug|Any CPU
		{98C410C7-19D8-4E4D-AFC0-57D43160CE74}.Release|Any CPU.ActiveCfg = Release|Any CPU
		{98C410C7-19D8-4E4D-AFC0-57D43160CE74}.Release|Any CPU.Build.0 = Release|Any CPU
		{98C410C7-19D8-4E4D-AFC0-57D43160CE74}.Release|x64.ActiveCfg = Release|Any CPU
		{98C410C7-19D8-4E4D-AFC0-57D43160CE74}.Release|x64.Build.0 = Release|Any CPU
		{98C410C7-19D8-4E4D-AFC0-57D43160CE74}.Release|x86.ActiveCfg = Release|Any CPU
		{98C410C7-19D8-4E4D-AFC0-57D43160CE74}.Release|x86.Build.0 = Release|Any CPU
		{5B96C796-C505-417F-8799-1E50CE4EA280}.Debug|Any CPU.ActiveCfg = Debug|Any CPU
		{5B96C796-C505-417F-8799-1E50CE4EA280}.Debug|Any CPU.Build.0 = Debug|Any CPU
		{5B96C796-C505-417F-8799-1E50CE4EA280}.Debug|x64.ActiveCfg = Debug|Any CPU
		{5B96C796-C505-417F-8799-1E50CE4EA280}.Debug|x64.Build.0 = Debug|Any CPU
		{5B96C796-C505-417F-8799-1E50CE4EA280}.Debug|x86.ActiveCfg = Debug|Any CPU
		{5B96C796-C505-417F-8799-1E50CE4EA280}.Debug|x86.Build.0 = Debug|Any CPU
		{5B96C796-C505-417F-8799-1E50CE4EA280}.Release|Any CPU.ActiveCfg = Release|Any CPU
		{5B96C796-C505-417F-8799-1E50CE4EA280}.Release|Any CPU.Build.0 = Release|Any CPU
		{5B96C796-C505-417F-8799-1E50CE4EA280}.Release|x64.ActiveCfg = Release|Any CPU
		{5B96C796-C505-417F-8799-1E50CE4EA280}.Release|x64.Build.0 = Release|Any CPU
		{5B96C796-C505-417F-8799-1E50CE4EA280}.Release|x86.ActiveCfg = Release|Any CPU
		{5B96C796-C505-417F-8799-1E50CE4EA280}.Release|x86.Build.0 = Release|Any CPU
		{543E2C1C-C914-4F86-B3BE-B3679E5D8505}.Debug|Any CPU.ActiveCfg = Debug|Any CPU
		{543E2C1C-C914-4F86-B3BE-B3679E5D8505}.Debug|Any CPU.Build.0 = Debug|Any CPU
		{543E2C1C-C914-4F86-B3BE-B3679E5D8505}.Debug|x64.ActiveCfg = Debug|Any CPU
		{543E2C1C-C914-4F86-B3BE-B3679E5D8505}.Debug|x64.Build.0 = Debug|Any CPU
		{543E2C1C-C914-4F86-B3BE-B3679E5D8505}.Debug|x86.ActiveCfg = Debug|Any CPU
		{543E2C1C-C914-4F86-B3BE-B3679E5D8505}.Debug|x86.Build.0 = Debug|Any CPU
		{543E2C1C-C914-4F86-B3BE-B3679E5D8505}.Release|Any CPU.ActiveCfg = Release|Any CPU
		{543E2C1C-C914-4F86-B3BE-B3679E5D8505}.Release|Any CPU.Build.0 = Release|Any CPU
		{543E2C1C-C914-4F86-B3BE-B3679E5D8505}.Release|x64.ActiveCfg = Release|Any CPU
		{543E2C1C-C914-4F86-B3BE-B3679E5D8505}.Release|x64.Build.0 = Release|Any CPU
		{543E2C1C-C914-4F86-B3BE-B3679E5D8505}.Release|x86.ActiveCfg = Release|Any CPU
		{543E2C1C-C914-4F86-B3BE-B3679E5D8505}.Release|x86.Build.0 = Release|Any CPU
		{DBB19763-FF5E-4886-9A44-E5C8017BF9D6}.Debug|Any CPU.ActiveCfg = Debug|Any CPU
		{DBB19763-FF5E-4886-9A44-E5C8017BF9D6}.Debug|Any CPU.Build.0 = Debug|Any CPU
		{DBB19763-FF5E-4886-9A44-E5C8017BF9D6}.Debug|x64.ActiveCfg = Debug|Any CPU
		{DBB19763-FF5E-4886-9A44-E5C8017BF9D6}.Debug|x64.Build.0 = Debug|Any CPU
		{DBB19763-FF5E-4886-9A44-E5C8017BF9D6}.Debug|x86.ActiveCfg = Debug|Any CPU
		{DBB19763-FF5E-4886-9A44-E5C8017BF9D6}.Debug|x86.Build.0 = Debug|Any CPU
		{DBB19763-FF5E-4886-9A44-E5C8017BF9D6}.Release|Any CPU.ActiveCfg = Release|Any CPU
		{DBB19763-FF5E-4886-9A44-E5C8017BF9D6}.Release|Any CPU.Build.0 = Release|Any CPU
		{DBB19763-FF5E-4886-9A44-E5C8017BF9D6}.Release|x64.ActiveCfg = Release|Any CPU
		{DBB19763-FF5E-4886-9A44-E5C8017BF9D6}.Release|x64.Build.0 = Release|Any CPU
		{DBB19763-FF5E-4886-9A44-E5C8017BF9D6}.Release|x86.ActiveCfg = Release|Any CPU
		{DBB19763-FF5E-4886-9A44-E5C8017BF9D6}.Release|x86.Build.0 = Release|Any CPU
		{E564B287-AC00-4501-A1D3-EFEB15BF921C}.Debug|Any CPU.ActiveCfg = Debug|Any CPU
		{E564B287-AC00-4501-A1D3-EFEB15BF921C}.Debug|Any CPU.Build.0 = Debug|Any CPU
		{E564B287-AC00-4501-A1D3-EFEB15BF921C}.Debug|x64.ActiveCfg = Debug|Any CPU
		{E564B287-AC00-4501-A1D3-EFEB15BF921C}.Debug|x64.Build.0 = Debug|Any CPU
		{E564B287-AC00-4501-A1D3-EFEB15BF921C}.Debug|x86.ActiveCfg = Debug|Any CPU
		{E564B287-AC00-4501-A1D3-EFEB15BF921C}.Debug|x86.Build.0 = Debug|Any CPU
		{E564B287-AC00-4501-A1D3-EFEB15BF921C}.Release|Any CPU.ActiveCfg = Release|Any CPU
		{E564B287-AC00-4501-A1D3-EFEB15BF921C}.Release|Any CPU.Build.0 = Release|Any CPU
		{E564B287-AC00-4501-A1D3-EFEB15BF921C}.Release|x64.ActiveCfg = Release|Any CPU
		{E564B287-AC00-4501-A1D3-EFEB15BF921C}.Release|x64.Build.0 = Release|Any CPU
		{E564B287-AC00-4501-A1D3-EFEB15BF921C}.Release|x86.ActiveCfg = Release|Any CPU
		{E564B287-AC00-4501-A1D3-EFEB15BF921C}.Release|x86.Build.0 = Release|Any CPU
		{28CEF6F2-5F8B-4A5B-9995-CFF04310E2A8}.Debug|Any CPU.ActiveCfg = Debug|Any CPU
		{28CEF6F2-5F8B-4A5B-9995-CFF04310E2A8}.Debug|Any CPU.Build.0 = Debug|Any CPU
		{28CEF6F2-5F8B-4A5B-9995-CFF04310E2A8}.Debug|x64.ActiveCfg = Debug|Any CPU
		{28CEF6F2-5F8B-4A5B-9995-CFF04310E2A8}.Debug|x64.Build.0 = Debug|Any CPU
		{28CEF6F2-5F8B-4A5B-9995-CFF04310E2A8}.Debug|x86.ActiveCfg = Debug|Any CPU
		{28CEF6F2-5F8B-4A5B-9995-CFF04310E2A8}.Debug|x86.Build.0 = Debug|Any CPU
		{28CEF6F2-5F8B-4A5B-9995-CFF04310E2A8}.Release|Any CPU.ActiveCfg = Release|Any CPU
		{28CEF6F2-5F8B-4A5B-9995-CFF04310E2A8}.Release|Any CPU.Build.0 = Release|Any CPU
		{28CEF6F2-5F8B-4A5B-9995-CFF04310E2A8}.Release|x64.ActiveCfg = Release|Any CPU
		{28CEF6F2-5F8B-4A5B-9995-CFF04310E2A8}.Release|x64.Build.0 = Release|Any CPU
		{28CEF6F2-5F8B-4A5B-9995-CFF04310E2A8}.Release|x86.ActiveCfg = Release|Any CPU
		{28CEF6F2-5F8B-4A5B-9995-CFF04310E2A8}.Release|x86.Build.0 = Release|Any CPU
	EndGlobalSection
	GlobalSection(SolutionProperties) = preSolution
		HideSolutionNode = FALSE
	EndGlobalSection
	GlobalSection(ExtensibilityGlobals) = postSolution
		SolutionGuid = {E8413BF7-2A8A-41D1-AC19-EDBE5CD0DC31}
	EndGlobalSection
EndGlobal
