
Microsoft Visual Studio Solution File, Format Version 12.00
# Visual Studio 15
VisualStudioVersion = 15.0.26124.0
MinimumVisualStudioVersion = 15.0.26124.0
Project("{FAE04EC0-301F-11D3-BF4B-00C04F79EFBC}") = "008_BinaryReader", "008_BinaryReader\008_BinaryReader.csproj", "{782B2BD2-5D24-4BF2-A710-4FDFA7B25A93}"
EndProject
Project("{FAE04EC0-301F-11D3-BF4B-00C04F79EFBC}") = "007_BinaryWriter", "007_BinaryWriter\007_BinaryWriter.csproj", "{594A642E-39A8-4105-AE44-CFC35CCC6B1D}"
EndProject
Project("{FAE04EC0-301F-11D3-BF4B-00C04F79EFBC}") = "010_BufferedStream", "010_BufferedStream\010_BufferedStream.csproj", "{5CF0EEC2-21F6-4522-A7F2-A6750D35B5B7}"
EndProject
Project("{FAE04EC0-301F-11D3-BF4B-00C04F79EFBC}") = "009_MemoryStream", "009_MemoryStream\009_MemoryStream.csproj", "{118C1243-108D-4E3A-AFDF-33C834210C7C}"
EndProject
Project("{FAE04EC0-301F-11D3-BF4B-00C04F79EFBC}") = "001_ReadWriteStream", "001_ReadWriteStream\001_ReadWriteStream.csproj", "{D676D64E-4D3D-4EB2-A6AB-BE035F0C97E8}"
EndProject
Project("{FAE04EC0-301F-11D3-BF4B-00C04F79EFBC}") = "002_StreamReader", "002_StreamReader\002_StreamReader.csproj", "{2FD8AB41-AD98-4C61-8C8D-8E594EE5E5FE}"
EndProject
Project("{FAE04EC0-301F-11D3-BF4B-00C04F79EFBC}") = "003_StreamReader", "003_StreamReader\003_StreamReader.csproj", "{86276003-D0AC-4A7D-9501-00C4FB08EBD4}"
EndProject
Project("{FAE04EC0-301F-11D3-BF4B-00C04F79EFBC}") = "004_StreamWriter", "004_StreamWriter\004_StreamWriter.csproj", "{3EE2B358-7864-49F5-8870-ABF0B1737B0D}"
EndProject
Project("{FAE04EC0-301F-11D3-BF4B-00C04F79EFBC}") = "005_StringReader", "005_StringReader\005_StringReader.csproj", "{9D4BE3A5-0F39-4CFA-8DF2-5B13324A68A7}"
EndProject
Project("{FAE04EC0-301F-11D3-BF4B-00C04F79EFBC}") = "006_StringWriter", "006_StringWriter\006_StringWriter.csproj", "{DEDAA1B9-4997-41B9-ADAF-346F589799A3}"
EndProject
Global
	GlobalSection(SolutionConfigurationPlatforms) = preSolution
		Debug|Any CPU = Debug|Any CPU
		Debug|x64 = Debug|x64
		Debug|x86 = Debug|x86
		Release|Any CPU = Release|Any CPU
		Release|x64 = Release|x64
		Release|x86 = Release|x86
	EndGlobalSection
	GlobalSection(SolutionProperties) = preSolution
		HideSolutionNode = FALSE
	EndGlobalSection
	GlobalSection(ProjectConfigurationPlatforms) = postSolution
		{782B2BD2-5D24-4BF2-A710-4FDFA7B25A93}.Debug|Any CPU.ActiveCfg = Debug|Any CPU
		{782B2BD2-5D24-4BF2-A710-4FDFA7B25A93}.Debug|Any CPU.Build.0 = Debug|Any CPU
		{782B2BD2-5D24-4BF2-A710-4FDFA7B25A93}.Debug|x64.ActiveCfg = Debug|Any CPU
		{782B2BD2-5D24-4BF2-A710-4FDFA7B25A93}.Debug|x64.Build.0 = Debug|Any CPU
		{782B2BD2-5D24-4BF2-A710-4FDFA7B25A93}.Debug|x86.ActiveCfg = Debug|Any CPU
		{782B2BD2-5D24-4BF2-A710-4FDFA7B25A93}.Debug|x86.Build.0 = Debug|Any CPU
		{782B2BD2-5D24-4BF2-A710-4FDFA7B25A93}.Release|Any CPU.ActiveCfg = Release|Any CPU
		{782B2BD2-5D24-4BF2-A710-4FDFA7B25A93}.Release|Any CPU.Build.0 = Release|Any CPU
		{782B2BD2-5D24-4BF2-A710-4FDFA7B25A93}.Release|x64.ActiveCfg = Release|Any CPU
		{782B2BD2-5D24-4BF2-A710-4FDFA7B25A93}.Release|x64.Build.0 = Release|Any CPU
		{782B2BD2-5D24-4BF2-A710-4FDFA7B25A93}.Release|x86.ActiveCfg = Release|Any CPU
		{782B2BD2-5D24-4BF2-A710-4FDFA7B25A93}.Release|x86.Build.0 = Release|Any CPU
		{594A642E-39A8-4105-AE44-CFC35CCC6B1D}.Debug|Any CPU.ActiveCfg = Debug|Any CPU
		{594A642E-39A8-4105-AE44-CFC35CCC6B1D}.Debug|Any CPU.Build.0 = Debug|Any CPU
		{594A642E-39A8-4105-AE44-CFC35CCC6B1D}.Debug|x64.ActiveCfg = Debug|Any CPU
		{594A642E-39A8-4105-AE44-CFC35CCC6B1D}.Debug|x64.Build.0 = Debug|Any CPU
		{594A642E-39A8-4105-AE44-CFC35CCC6B1D}.Debug|x86.ActiveCfg = Debug|Any CPU
		{594A642E-39A8-4105-AE44-CFC35CCC6B1D}.Debug|x86.Build.0 = Debug|Any CPU
		{594A642E-39A8-4105-AE44-CFC35CCC6B1D}.Release|Any CPU.ActiveCfg = Release|Any CPU
		{594A642E-39A8-4105-AE44-CFC35CCC6B1D}.Release|Any CPU.Build.0 = Release|Any CPU
		{594A642E-39A8-4105-AE44-CFC35CCC6B1D}.Release|x64.ActiveCfg = Release|Any CPU
		{594A642E-39A8-4105-AE44-CFC35CCC6B1D}.Release|x64.Build.0 = Release|Any CPU
		{594A642E-39A8-4105-AE44-CFC35CCC6B1D}.Release|x86.ActiveCfg = Release|Any CPU
		{594A642E-39A8-4105-AE44-CFC35CCC6B1D}.Release|x86.Build.0 = Release|Any CPU
		{5CF0EEC2-21F6-4522-A7F2-A6750D35B5B7}.Debug|Any CPU.ActiveCfg = Debug|Any CPU
		{5CF0EEC2-21F6-4522-A7F2-A6750D35B5B7}.Debug|Any CPU.Build.0 = Debug|Any CPU
		{5CF0EEC2-21F6-4522-A7F2-A6750D35B5B7}.Debug|x64.ActiveCfg = Debug|Any CPU
		{5CF0EEC2-21F6-4522-A7F2-A6750D35B5B7}.Debug|x64.Build.0 = Debug|Any CPU
		{5CF0EEC2-21F6-4522-A7F2-A6750D35B5B7}.Debug|x86.ActiveCfg = Debug|Any CPU
		{5CF0EEC2-21F6-4522-A7F2-A6750D35B5B7}.Debug|x86.Build.0 = Debug|Any CPU
		{5CF0EEC2-21F6-4522-A7F2-A6750D35B5B7}.Release|Any CPU.ActiveCfg = Release|Any CPU
		{5CF0EEC2-21F6-4522-A7F2-A6750D35B5B7}.Release|Any CPU.Build.0 = Release|Any CPU
		{5CF0EEC2-21F6-4522-A7F2-A6750D35B5B7}.Release|x64.ActiveCfg = Release|Any CPU
		{5CF0EEC2-21F6-4522-A7F2-A6750D35B5B7}.Release|x64.Build.0 = Release|Any CPU
		{5CF0EEC2-21F6-4522-A7F2-A6750D35B5B7}.Release|x86.ActiveCfg = Release|Any CPU
		{5CF0EEC2-21F6-4522-A7F2-A6750D35B5B7}.Release|x86.Build.0 = Release|Any CPU
		{118C1243-108D-4E3A-AFDF-33C834210C7C}.Debug|Any CPU.ActiveCfg = Debug|Any CPU
		{118C1243-108D-4E3A-AFDF-33C834210C7C}.Debug|Any CPU.Build.0 = Debug|Any CPU
		{118C1243-108D-4E3A-AFDF-33C834210C7C}.Debug|x64.ActiveCfg = Debug|Any CPU
		{118C1243-108D-4E3A-AFDF-33C834210C7C}.Debug|x64.Build.0 = Debug|Any CPU
		{118C1243-108D-4E3A-AFDF-33C834210C7C}.Debug|x86.ActiveCfg = Debug|Any CPU
		{118C1243-108D-4E3A-AFDF-33C834210C7C}.Debug|x86.Build.0 = Debug|Any CPU
		{118C1243-108D-4E3A-AFDF-33C834210C7C}.Release|Any CPU.ActiveCfg = Release|Any CPU
		{118C1243-108D-4E3A-AFDF-33C834210C7C}.Release|Any CPU.Build.0 = Release|Any CPU
		{118C1243-108D-4E3A-AFDF-33C834210C7C}.Release|x64.ActiveCfg = Release|Any CPU
		{118C1243-108D-4E3A-AFDF-33C834210C7C}.Release|x64.Build.0 = Release|Any CPU
		{118C1243-108D-4E3A-AFDF-33C834210C7C}.Release|x86.ActiveCfg = Release|Any CPU
		{118C1243-108D-4E3A-AFDF-33C834210C7C}.Release|x86.Build.0 = Release|Any CPU
		{D676D64E-4D3D-4EB2-A6AB-BE035F0C97E8}.Debug|Any CPU.ActiveCfg = Debug|Any CPU
		{D676D64E-4D3D-4EB2-A6AB-BE035F0C97E8}.Debug|Any CPU.Build.0 = Debug|Any CPU
		{D676D64E-4D3D-4EB2-A6AB-BE035F0C97E8}.Debug|x64.ActiveCfg = Debug|Any CPU
		{D676D64E-4D3D-4EB2-A6AB-BE035F0C97E8}.Debug|x64.Build.0 = Debug|Any CPU
		{D676D64E-4D3D-4EB2-A6AB-BE035F0C97E8}.Debug|x86.ActiveCfg = Debug|Any CPU
		{D676D64E-4D3D-4EB2-A6AB-BE035F0C97E8}.Debug|x86.Build.0 = Debug|Any CPU
		{D676D64E-4D3D-4EB2-A6AB-BE035F0C97E8}.Release|Any CPU.ActiveCfg = Release|Any CPU
		{D676D64E-4D3D-4EB2-A6AB-BE035F0C97E8}.Release|Any CPU.Build.0 = Release|Any CPU
		{D676D64E-4D3D-4EB2-A6AB-BE035F0C97E8}.Release|x64.ActiveCfg = Release|Any CPU
		{D676D64E-4D3D-4EB2-A6AB-BE035F0C97E8}.Release|x64.Build.0 = Release|Any CPU
		{D676D64E-4D3D-4EB2-A6AB-BE035F0C97E8}.Release|x86.ActiveCfg = Release|Any CPU
		{D676D64E-4D3D-4EB2-A6AB-BE035F0C97E8}.Release|x86.Build.0 = Release|Any CPU
		{2FD8AB41-AD98-4C61-8C8D-8E594EE5E5FE}.Debug|Any CPU.ActiveCfg = Debug|Any CPU
		{2FD8AB41-AD98-4C61-8C8D-8E594EE5E5FE}.Debug|Any CPU.Build.0 = Debug|Any CPU
		{2FD8AB41-AD98-4C61-8C8D-8E594EE5E5FE}.Debug|x64.ActiveCfg = Debug|Any CPU
		{2FD8AB41-AD98-4C61-8C8D-8E594EE5E5FE}.Debug|x64.Build.0 = Debug|Any CPU
		{2FD8AB41-AD98-4C61-8C8D-8E594EE5E5FE}.Debug|x86.ActiveCfg = Debug|Any CPU
		{2FD8AB41-AD98-4C61-8C8D-8E594EE5E5FE}.Debug|x86.Build.0 = Debug|Any CPU
		{2FD8AB41-AD98-4C61-8C8D-8E594EE5E5FE}.Release|Any CPU.ActiveCfg = Release|Any CPU
		{2FD8AB41-AD98-4C61-8C8D-8E594EE5E5FE}.Release|Any CPU.Build.0 = Release|Any CPU
		{2FD8AB41-AD98-4C61-8C8D-8E594EE5E5FE}.Release|x64.ActiveCfg = Release|Any CPU
		{2FD8AB41-AD98-4C61-8C8D-8E594EE5E5FE}.Release|x64.Build.0 = Release|Any CPU
		{2FD8AB41-AD98-4C61-8C8D-8E594EE5E5FE}.Release|x86.ActiveCfg = Release|Any CPU
		{2FD8AB41-AD98-4C61-8C8D-8E594EE5E5FE}.Release|x86.Build.0 = Release|Any CPU
		{86276003-D0AC-4A7D-9501-00C4FB08EBD4}.Debug|Any CPU.ActiveCfg = Debug|Any CPU
		{86276003-D0AC-4A7D-9501-00C4FB08EBD4}.Debug|Any CPU.Build.0 = Debug|Any CPU
		{86276003-D0AC-4A7D-9501-00C4FB08EBD4}.Debug|x64.ActiveCfg = Debug|Any CPU
		{86276003-D0AC-4A7D-9501-00C4FB08EBD4}.Debug|x64.Build.0 = Debug|Any CPU
		{86276003-D0AC-4A7D-9501-00C4FB08EBD4}.Debug|x86.ActiveCfg = Debug|Any CPU
		{86276003-D0AC-4A7D-9501-00C4FB08EBD4}.Debug|x86.Build.0 = Debug|Any CPU
		{86276003-D0AC-4A7D-9501-00C4FB08EBD4}.Release|Any CPU.ActiveCfg = Release|Any CPU
		{86276003-D0AC-4A7D-9501-00C4FB08EBD4}.Release|Any CPU.Build.0 = Release|Any CPU
		{86276003-D0AC-4A7D-9501-00C4FB08EBD4}.Release|x64.ActiveCfg = Release|Any CPU
		{86276003-D0AC-4A7D-9501-00C4FB08EBD4}.Release|x64.Build.0 = Release|Any CPU
		{86276003-D0AC-4A7D-9501-00C4FB08EBD4}.Release|x86.ActiveCfg = Release|Any CPU
		{86276003-D0AC-4A7D-9501-00C4FB08EBD4}.Release|x86.Build.0 = Release|Any CPU
		{3EE2B358-7864-49F5-8870-ABF0B1737B0D}.Debug|Any CPU.ActiveCfg = Debug|Any CPU
		{3EE2B358-7864-49F5-8870-ABF0B1737B0D}.Debug|Any CPU.Build.0 = Debug|Any CPU
		{3EE2B358-7864-49F5-8870-ABF0B1737B0D}.Debug|x64.ActiveCfg = Debug|Any CPU
		{3EE2B358-7864-49F5-8870-ABF0B1737B0D}.Debug|x64.Build.0 = Debug|Any CPU
		{3EE2B358-7864-49F5-8870-ABF0B1737B0D}.Debug|x86.ActiveCfg = Debug|Any CPU
		{3EE2B358-7864-49F5-8870-ABF0B1737B0D}.Debug|x86.Build.0 = Debug|Any CPU
		{3EE2B358-7864-49F5-8870-ABF0B1737B0D}.Release|Any CPU.ActiveCfg = Release|Any CPU
		{3EE2B358-7864-49F5-8870-ABF0B1737B0D}.Release|Any CPU.Build.0 = Release|Any CPU
		{3EE2B358-7864-49F5-8870-ABF0B1737B0D}.Release|x64.ActiveCfg = Release|Any CPU
		{3EE2B358-7864-49F5-8870-ABF0B1737B0D}.Release|x64.Build.0 = Release|Any CPU
		{3EE2B358-7864-49F5-8870-ABF0B1737B0D}.Release|x86.ActiveCfg = Release|Any CPU
		{3EE2B358-7864-49F5-8870-ABF0B1737B0D}.Release|x86.Build.0 = Release|Any CPU
		{9D4BE3A5-0F39-4CFA-8DF2-5B13324A68A7}.Debug|Any CPU.ActiveCfg = Debug|Any CPU
		{9D4BE3A5-0F39-4CFA-8DF2-5B13324A68A7}.Debug|Any CPU.Build.0 = Debug|Any CPU
		{9D4BE3A5-0F39-4CFA-8DF2-5B13324A68A7}.Debug|x64.ActiveCfg = Debug|Any CPU
		{9D4BE3A5-0F39-4CFA-8DF2-5B13324A68A7}.Debug|x64.Build.0 = Debug|Any CPU
		{9D4BE3A5-0F39-4CFA-8DF2-5B13324A68A7}.Debug|x86.ActiveCfg = Debug|Any CPU
		{9D4BE3A5-0F39-4CFA-8DF2-5B13324A68A7}.Debug|x86.Build.0 = Debug|Any CPU
		{9D4BE3A5-0F39-4CFA-8DF2-5B13324A68A7}.Release|Any CPU.ActiveCfg = Release|Any CPU
		{9D4BE3A5-0F39-4CFA-8DF2-5B13324A68A7}.Release|Any CPU.Build.0 = Release|Any CPU
		{9D4BE3A5-0F39-4CFA-8DF2-5B13324A68A7}.Release|x64.ActiveCfg = Release|Any CPU
		{9D4BE3A5-0F39-4CFA-8DF2-5B13324A68A7}.Release|x64.Build.0 = Release|Any CPU
		{9D4BE3A5-0F39-4CFA-8DF2-5B13324A68A7}.Release|x86.ActiveCfg = Release|Any CPU
		{9D4BE3A5-0F39-4CFA-8DF2-5B13324A68A7}.Release|x86.Build.0 = Release|Any CPU
		{DEDAA1B9-4997-41B9-ADAF-346F589799A3}.Debug|Any CPU.ActiveCfg = Debug|Any CPU
		{DEDAA1B9-4997-41B9-ADAF-346F589799A3}.Debug|Any CPU.Build.0 = Debug|Any CPU
		{DEDAA1B9-4997-41B9-ADAF-346F589799A3}.Debug|x64.ActiveCfg = Debug|Any CPU
		{DEDAA1B9-4997-41B9-ADAF-346F589799A3}.Debug|x64.Build.0 = Debug|Any CPU
		{DEDAA1B9-4997-41B9-ADAF-346F589799A3}.Debug|x86.ActiveCfg = Debug|Any CPU
		{DEDAA1B9-4997-41B9-ADAF-346F589799A3}.Debug|x86.Build.0 = Debug|Any CPU
		{DEDAA1B9-4997-41B9-ADAF-346F589799A3}.Release|Any CPU.ActiveCfg = Release|Any CPU
		{DEDAA1B9-4997-41B9-ADAF-346F589799A3}.Release|Any CPU.Build.0 = Release|Any CPU
		{DEDAA1B9-4997-41B9-ADAF-346F589799A3}.Release|x64.ActiveCfg = Release|Any CPU
		{DEDAA1B9-4997-41B9-ADAF-346F589799A3}.Release|x64.Build.0 = Release|Any CPU
		{DEDAA1B9-4997-41B9-ADAF-346F589799A3}.Release|x86.ActiveCfg = Release|Any CPU
		{DEDAA1B9-4997-41B9-ADAF-346F589799A3}.Release|x86.Build.0 = Release|Any CPU
	EndGlobalSection
EndGlobal
