
Microsoft Visual Studio Solution File, Format Version 12.00
# Visual Studio 15
VisualStudioVersion = 15.0.26124.0
MinimumVisualStudioVersion = 15.0.26124.0
Project("{FAE04EC0-301F-11D3-BF4B-00C04F79EFBC}") = "003_Priority", "003_Priority\003_Priority.csproj", "{28485283-5ABF-438C-97F9-1097EE10CC62}"
EndProject
Project("{FAE04EC0-301F-11D3-BF4B-00C04F79EFBC}") = "004_Priority", "004_Priority\004_Priority.csproj", "{68BF6705-1F9F-4986-9D02-6C8CC635E951}"
EndProject
Project("{FAE04EC0-301F-11D3-BF4B-00C04F79EFBC}") = "001_ForeGround", "001_ForeGround\001_ForeGround.csproj", "{43638091-234C-4F1A-9E53-573FFB058C41}"
EndProject
Project("{FAE04EC0-301F-11D3-BF4B-00C04F79EFBC}") = "002_Priority", "002_Priority\002_Priority.csproj", "{8154020C-BFBB-435A-B421-466558BF674B}"
EndProject
Global
	GlobalSection(SolutionConfigurationPlatforms) = preSolution
		Debug|Any CPU = Debug|Any CPU
		Debug|x64 = Debug|x64
		Debug|x86 = Debug|x86
		Release|Any CPU = Release|Any CPU
		Release|x64 = Release|x64
		Release|x86 = Release|x86
	EndGlobalSection
	GlobalSection(SolutionProperties) = preSolution
		HideSolutionNode = FALSE
	EndGlobalSection
	GlobalSection(ProjectConfigurationPlatforms) = postSolution
		{28485283-5ABF-438C-97F9-1097EE10CC62}.Debug|Any CPU.ActiveCfg = Debug|Any CPU
		{28485283-5ABF-438C-97F9-1097EE10CC62}.Debug|Any CPU.Build.0 = Debug|Any CPU
		{28485283-5ABF-438C-97F9-1097EE10CC62}.Debug|x64.ActiveCfg = Debug|Any CPU
		{28485283-5ABF-438C-97F9-1097EE10CC62}.Debug|x64.Build.0 = Debug|Any CPU
		{28485283-5ABF-438C-97F9-1097EE10CC62}.Debug|x86.ActiveCfg = Debug|Any CPU
		{28485283-5ABF-438C-97F9-1097EE10CC62}.Debug|x86.Build.0 = Debug|Any CPU
		{28485283-5ABF-438C-97F9-1097EE10CC62}.Release|Any CPU.ActiveCfg = Release|Any CPU
		{28485283-5ABF-438C-97F9-1097EE10CC62}.Release|Any CPU.Build.0 = Release|Any CPU
		{28485283-5ABF-438C-97F9-1097EE10CC62}.Release|x64.ActiveCfg = Release|Any CPU
		{28485283-5ABF-438C-97F9-1097EE10CC62}.Release|x64.Build.0 = Release|Any CPU
		{28485283-5ABF-438C-97F9-1097EE10CC62}.Release|x86.ActiveCfg = Release|Any CPU
		{28485283-5ABF-438C-97F9-1097EE10CC62}.Release|x86.Build.0 = Release|Any CPU
		{68BF6705-1F9F-4986-9D02-6C8CC635E951}.Debug|Any CPU.ActiveCfg = Debug|Any CPU
		{68BF6705-1F9F-4986-9D02-6C8CC635E951}.Debug|Any CPU.Build.0 = Debug|Any CPU
		{68BF6705-1F9F-4986-9D02-6C8CC635E951}.Debug|x64.ActiveCfg = Debug|Any CPU
		{68BF6705-1F9F-4986-9D02-6C8CC635E951}.Debug|x64.Build.0 = Debug|Any CPU
		{68BF6705-1F9F-4986-9D02-6C8CC635E951}.Debug|x86.ActiveCfg = Debug|Any CPU
		{68BF6705-1F9F-4986-9D02-6C8CC635E951}.Debug|x86.Build.0 = Debug|Any CPU
		{68BF6705-1F9F-4986-9D02-6C8CC635E951}.Release|Any CPU.ActiveCfg = Release|Any CPU
		{68BF6705-1F9F-4986-9D02-6C8CC635E951}.Release|Any CPU.Build.0 = Release|Any CPU
		{68BF6705-1F9F-4986-9D02-6C8CC635E951}.Release|x64.ActiveCfg = Release|Any CPU
		{68BF6705-1F9F-4986-9D02-6C8CC635E951}.Release|x64.Build.0 = Release|Any CPU
		{68BF6705-1F9F-4986-9D02-6C8CC635E951}.Release|x86.ActiveCfg = Release|Any CPU
		{68BF6705-1F9F-4986-9D02-6C8CC635E951}.Release|x86.Build.0 = Release|Any CPU
		{43638091-234C-4F1A-9E53-573FFB058C41}.Debug|Any CPU.ActiveCfg = Debug|Any CPU
		{43638091-234C-4F1A-9E53-573FFB058C41}.Debug|Any CPU.Build.0 = Debug|Any CPU
		{43638091-234C-4F1A-9E53-573FFB058C41}.Debug|x64.ActiveCfg = Debug|Any CPU
		{43638091-234C-4F1A-9E53-573FFB058C41}.Debug|x64.Build.0 = Debug|Any CPU
		{43638091-234C-4F1A-9E53-573FFB058C41}.Debug|x86.ActiveCfg = Debug|Any CPU
		{43638091-234C-4F1A-9E53-573FFB058C41}.Debug|x86.Build.0 = Debug|Any CPU
		{43638091-234C-4F1A-9E53-573FFB058C41}.Release|Any CPU.ActiveCfg = Release|Any CPU
		{43638091-234C-4F1A-9E53-573FFB058C41}.Release|Any CPU.Build.0 = Release|Any CPU
		{43638091-234C-4F1A-9E53-573FFB058C41}.Release|x64.ActiveCfg = Release|Any CPU
		{43638091-234C-4F1A-9E53-573FFB058C41}.Release|x64.Build.0 = Release|Any CPU
		{43638091-234C-4F1A-9E53-573FFB058C41}.Release|x86.ActiveCfg = Release|Any CPU
		{43638091-234C-4F1A-9E53-573FFB058C41}.Release|x86.Build.0 = Release|Any CPU
		{8154020C-BFBB-435A-B421-466558BF674B}.Debug|Any CPU.ActiveCfg = Debug|Any CPU
		{8154020C-BFBB-435A-B421-466558BF674B}.Debug|Any CPU.Build.0 = Debug|Any CPU
		{8154020C-BFBB-435A-B421-466558BF674B}.Debug|x64.ActiveCfg = Debug|Any CPU
		{8154020C-BFBB-435A-B421-466558BF674B}.Debug|x64.Build.0 = Debug|Any CPU
		{8154020C-BFBB-435A-B421-466558BF674B}.Debug|x86.ActiveCfg = Debug|Any CPU
		{8154020C-BFBB-435A-B421-466558BF674B}.Debug|x86.Build.0 = Debug|Any CPU
		{8154020C-BFBB-435A-B421-466558BF674B}.Release|Any CPU.ActiveCfg = Release|Any CPU
		{8154020C-BFBB-435A-B421-466558BF674B}.Release|Any CPU.Build.0 = Release|Any CPU
		{8154020C-BFBB-435A-B421-466558BF674B}.Release|x64.ActiveCfg = Release|Any CPU
		{8154020C-BFBB-435A-B421-466558BF674B}.Release|x64.Build.0 = Release|Any CPU
		{8154020C-BFBB-435A-B421-466558BF674B}.Release|x86.ActiveCfg = Release|Any CPU
		{8154020C-BFBB-435A-B421-466558BF674B}.Release|x86.Build.0 = Release|Any CPU
	EndGlobalSection
EndGlobal
