
Microsoft Visual Studio Solution File, Format Version 12.00
# Visual Studio Version 16
VisualStudioVersion = 16.0.30611.23
MinimumVisualStudioVersion = 15.0.26124.0
Project("{9A19103F-16F7-4668-BE54-9A1E7A4F7556}") = "003_ArrayMultiDim", "003_ArrayMultiDim\003_ArrayMultiDim.csproj", "{3734EF16-80C6-4706-A60E-CB5D8A1CA46D}"
EndProject
Project("{9A19103F-16F7-4668-BE54-9A1E7A4F7556}") = "001_Arrays", "001_Arrays\001_Arrays.csproj", "{2EA738F2-9A1F-4485-AC57-EFC9DC6AF400}"
EndProject
Project("{9A19103F-16F7-4668-BE54-9A1E7A4F7556}") = "002_TwoDimensional", "002_TwoDimensional\002_TwoDimensional.csproj", "{F3C359F4-EC11-4DF2-98AE-95C810893F4F}"
EndProject
Project("{9A19103F-16F7-4668-BE54-9A1E7A4F7556}") = "004_Jagged", "004_Jagged\004_Jagged.csproj", "{626AA19A-47E8-47D6-BC5E-ED972BE4848D}"
EndProject
Project("{9A19103F-16F7-4668-BE54-9A1E7A4F7556}") = "006_VarArrays", "006_VarArrays\006_VarArrays.csproj", "{AA9F889E-8F6E-433A-A4B8-97AE0727C294}"
EndProject
Project("{9A19103F-16F7-4668-BE54-9A1E7A4F7556}") = "005_ClassArray", "005_ClassArray\005_ClassArray.csproj", "{EB10C3EB-9261-4CDD-8C3E-146F086BD6D5}"
EndProject
Project("{9A19103F-16F7-4668-BE54-9A1E7A4F7556}") = "007_Covariant", "007_Covariant\007_Covariant.csproj", "{8D0B2C45-81B3-4DCB-96A7-3CA92295B2B9}"
EndProject
Project("{9A19103F-16F7-4668-BE54-9A1E7A4F7556}") = "008_Params", "008_Params\008_Params.csproj", "{38E8DC39-3D25-4444-ACE0-E0DFAB11A797}"
EndProject
Project("{9A19103F-16F7-4668-BE54-9A1E7A4F7556}") = "009_Params", "009_Params\009_Params.csproj", "{65202080-ECBF-48EA-88A0-CC133FDACC80}"
EndProject
Project("{FAE04EC0-301F-11D3-BF4B-00C04F79EFBC}") = "010_Index", "010_Index\010_Index.csproj", "{95161097-EB56-4302-8B6F-10BE9F3CF4EE}"
EndProject
Project("{FAE04EC0-301F-11D3-BF4B-00C04F79EFBC}") = "011_Ranges", "011_Ranges\011_Ranges.csproj", "{6075AAB1-6473-4BC9-858A-0FBE02C35BA9}"
EndProject
Global
	GlobalSection(SolutionConfigurationPlatforms) = preSolution
		Debug|Any CPU = Debug|Any CPU
		Debug|x64 = Debug|x64
		Debug|x86 = Debug|x86
		Release|Any CPU = Release|Any CPU
		Release|x64 = Release|x64
		Release|x86 = Release|x86
	EndGlobalSection
	GlobalSection(ProjectConfigurationPlatforms) = postSolution
		{3734EF16-80C6-4706-A60E-CB5D8A1CA46D}.Debug|Any CPU.ActiveCfg = Debug|Any CPU
		{3734EF16-80C6-4706-A60E-CB5D8A1CA46D}.Debug|Any CPU.Build.0 = Debug|Any CPU
		{3734EF16-80C6-4706-A60E-CB5D8A1CA46D}.Debug|x64.ActiveCfg = Debug|Any CPU
		{3734EF16-80C6-4706-A60E-CB5D8A1CA46D}.Debug|x64.Build.0 = Debug|Any CPU
		{3734EF16-80C6-4706-A60E-CB5D8A1CA46D}.Debug|x86.ActiveCfg = Debug|Any CPU
		{3734EF16-80C6-4706-A60E-CB5D8A1CA46D}.Debug|x86.Build.0 = Debug|Any CPU
		{3734EF16-80C6-4706-A60E-CB5D8A1CA46D}.Release|Any CPU.ActiveCfg = Release|Any CPU
		{3734EF16-80C6-4706-A60E-CB5D8A1CA46D}.Release|Any CPU.Build.0 = Release|Any CPU
		{3734EF16-80C6-4706-A60E-CB5D8A1CA46D}.Release|x64.ActiveCfg = Release|Any CPU
		{3734EF16-80C6-4706-A60E-CB5D8A1CA46D}.Release|x64.Build.0 = Release|Any CPU
		{3734EF16-80C6-4706-A60E-CB5D8A1CA46D}.Release|x86.ActiveCfg = Release|Any CPU
		{3734EF16-80C6-4706-A60E-CB5D8A1CA46D}.Release|x86.Build.0 = Release|Any CPU
		{2EA738F2-9A1F-4485-AC57-EFC9DC6AF400}.Debug|Any CPU.ActiveCfg = Debug|Any CPU
		{2EA738F2-9A1F-4485-AC57-EFC9DC6AF400}.Debug|Any CPU.Build.0 = Debug|Any CPU
		{2EA738F2-9A1F-4485-AC57-EFC9DC6AF400}.Debug|x64.ActiveCfg = Debug|Any CPU
		{2EA738F2-9A1F-4485-AC57-EFC9DC6AF400}.Debug|x64.Build.0 = Debug|Any CPU
		{2EA738F2-9A1F-4485-AC57-EFC9DC6AF400}.Debug|x86.ActiveCfg = Debug|Any CPU
		{2EA738F2-9A1F-4485-AC57-EFC9DC6AF400}.Debug|x86.Build.0 = Debug|Any CPU
		{2EA738F2-9A1F-4485-AC57-EFC9DC6AF400}.Release|Any CPU.ActiveCfg = Release|Any CPU
		{2EA738F2-9A1F-4485-AC57-EFC9DC6AF400}.Release|Any CPU.Build.0 = Release|Any CPU
		{2EA738F2-9A1F-4485-AC57-EFC9DC6AF400}.Release|x64.ActiveCfg = Release|Any CPU
		{2EA738F2-9A1F-4485-AC57-EFC9DC6AF400}.Release|x64.Build.0 = Release|Any CPU
		{2EA738F2-9A1F-4485-AC57-EFC9DC6AF400}.Release|x86.ActiveCfg = Release|Any CPU
		{2EA738F2-9A1F-4485-AC57-EFC9DC6AF400}.Release|x86.Build.0 = Release|Any CPU
		{F3C359F4-EC11-4DF2-98AE-95C810893F4F}.Debug|Any CPU.ActiveCfg = Debug|Any CPU
		{F3C359F4-EC11-4DF2-98AE-95C810893F4F}.Debug|Any CPU.Build.0 = Debug|Any CPU
		{F3C359F4-EC11-4DF2-98AE-95C810893F4F}.Debug|x64.ActiveCfg = Debug|Any CPU
		{F3C359F4-EC11-4DF2-98AE-95C810893F4F}.Debug|x64.Build.0 = Debug|Any CPU
		{F3C359F4-EC11-4DF2-98AE-95C810893F4F}.Debug|x86.ActiveCfg = Debug|Any CPU
		{F3C359F4-EC11-4DF2-98AE-95C810893F4F}.Debug|x86.Build.0 = Debug|Any CPU
		{F3C359F4-EC11-4DF2-98AE-95C810893F4F}.Release|Any CPU.ActiveCfg = Release|Any CPU
		{F3C359F4-EC11-4DF2-98AE-95C810893F4F}.Release|Any CPU.Build.0 = Release|Any CPU
		{F3C359F4-EC11-4DF2-98AE-95C810893F4F}.Release|x64.ActiveCfg = Release|Any CPU
		{F3C359F4-EC11-4DF2-98AE-95C810893F4F}.Release|x64.Build.0 = Release|Any CPU
		{F3C359F4-EC11-4DF2-98AE-95C810893F4F}.Release|x86.ActiveCfg = Release|Any CPU
		{F3C359F4-EC11-4DF2-98AE-95C810893F4F}.Release|x86.Build.0 = Release|Any CPU
		{626AA19A-47E8-47D6-BC5E-ED972BE4848D}.Debug|Any CPU.ActiveCfg = Debug|Any CPU
		{626AA19A-47E8-47D6-BC5E-ED972BE4848D}.Debug|Any CPU.Build.0 = Debug|Any CPU
		{626AA19A-47E8-47D6-BC5E-ED972BE4848D}.Debug|x64.ActiveCfg = Debug|Any CPU
		{626AA19A-47E8-47D6-BC5E-ED972BE4848D}.Debug|x64.Build.0 = Debug|Any CPU
		{626AA19A-47E8-47D6-BC5E-ED972BE4848D}.Debug|x86.ActiveCfg = Debug|Any CPU
		{626AA19A-47E8-47D6-BC5E-ED972BE4848D}.Debug|x86.Build.0 = Debug|Any CPU
		{626AA19A-47E8-47D6-BC5E-ED972BE4848D}.Release|Any CPU.ActiveCfg = Release|Any CPU
		{626AA19A-47E8-47D6-BC5E-ED972BE4848D}.Release|Any CPU.Build.0 = Release|Any CPU
		{626AA19A-47E8-47D6-BC5E-ED972BE4848D}.Release|x64.ActiveCfg = Release|Any CPU
		{626AA19A-47E8-47D6-BC5E-ED972BE4848D}.Release|x64.Build.0 = Release|Any CPU
		{626AA19A-47E8-47D6-BC5E-ED972BE4848D}.Release|x86.ActiveCfg = Release|Any CPU
		{626AA19A-47E8-47D6-BC5E-ED972BE4848D}.Release|x86.Build.0 = Release|Any CPU
		{AA9F889E-8F6E-433A-A4B8-97AE0727C294}.Debug|Any CPU.ActiveCfg = Debug|Any CPU
		{AA9F889E-8F6E-433A-A4B8-97AE0727C294}.Debug|Any CPU.Build.0 = Debug|Any CPU
		{AA9F889E-8F6E-433A-A4B8-97AE0727C294}.Debug|x64.ActiveCfg = Debug|Any CPU
		{AA9F889E-8F6E-433A-A4B8-97AE0727C294}.Debug|x64.Build.0 = Debug|Any CPU
		{AA9F889E-8F6E-433A-A4B8-97AE0727C294}.Debug|x86.ActiveCfg = Debug|Any CPU
		{AA9F889E-8F6E-433A-A4B8-97AE0727C294}.Debug|x86.Build.0 = Debug|Any CPU
		{AA9F889E-8F6E-433A-A4B8-97AE0727C294}.Release|Any CPU.ActiveCfg = Release|Any CPU
		{AA9F889E-8F6E-433A-A4B8-97AE0727C294}.Release|Any CPU.Build.0 = Release|Any CPU
		{AA9F889E-8F6E-433A-A4B8-97AE0727C294}.Release|x64.ActiveCfg = Release|Any CPU
		{AA9F889E-8F6E-433A-A4B8-97AE0727C294}.Release|x64.Build.0 = Release|Any CPU
		{AA9F889E-8F6E-433A-A4B8-97AE0727C294}.Release|x86.ActiveCfg = Release|Any CPU
		{AA9F889E-8F6E-433A-A4B8-97AE0727C294}.Release|x86.Build.0 = Release|Any CPU
		{EB10C3EB-9261-4CDD-8C3E-146F086BD6D5}.Debug|Any CPU.ActiveCfg = Debug|Any CPU
		{EB10C3EB-9261-4CDD-8C3E-146F086BD6D5}.Debug|Any CPU.Build.0 = Debug|Any CPU
		{EB10C3EB-9261-4CDD-8C3E-146F086BD6D5}.Debug|x64.ActiveCfg = Debug|Any CPU
		{EB10C3EB-9261-4CDD-8C3E-146F086BD6D5}.Debug|x64.Build.0 = Debug|Any CPU
		{EB10C3EB-9261-4CDD-8C3E-146F086BD6D5}.Debug|x86.ActiveCfg = Debug|Any CPU
		{EB10C3EB-9261-4CDD-8C3E-146F086BD6D5}.Debug|x86.Build.0 = Debug|Any CPU
		{EB10C3EB-9261-4CDD-8C3E-146F086BD6D5}.Release|Any CPU.ActiveCfg = Release|Any CPU
		{EB10C3EB-9261-4CDD-8C3E-146F086BD6D5}.Release|Any CPU.Build.0 = Release|Any CPU
		{EB10C3EB-9261-4CDD-8C3E-146F086BD6D5}.Release|x64.ActiveCfg = Release|Any CPU
		{EB10C3EB-9261-4CDD-8C3E-146F086BD6D5}.Release|x64.Build.0 = Release|Any CPU
		{EB10C3EB-9261-4CDD-8C3E-146F086BD6D5}.Release|x86.ActiveCfg = Release|Any CPU
		{EB10C3EB-9261-4CDD-8C3E-146F086BD6D5}.Release|x86.Build.0 = Release|Any CPU
		{8D0B2C45-81B3-4DCB-96A7-3CA92295B2B9}.Debug|Any CPU.ActiveCfg = Debug|Any CPU
		{8D0B2C45-81B3-4DCB-96A7-3CA92295B2B9}.Debug|Any CPU.Build.0 = Debug|Any CPU
		{8D0B2C45-81B3-4DCB-96A7-3CA92295B2B9}.Debug|x64.ActiveCfg = Debug|Any CPU
		{8D0B2C45-81B3-4DCB-96A7-3CA92295B2B9}.Debug|x64.Build.0 = Debug|Any CPU
		{8D0B2C45-81B3-4DCB-96A7-3CA92295B2B9}.Debug|x86.ActiveCfg = Debug|Any CPU
		{8D0B2C45-81B3-4DCB-96A7-3CA92295B2B9}.Debug|x86.Build.0 = Debug|Any CPU
		{8D0B2C45-81B3-4DCB-96A7-3CA92295B2B9}.Release|Any CPU.ActiveCfg = Release|Any CPU
		{8D0B2C45-81B3-4DCB-96A7-3CA92295B2B9}.Release|Any CPU.Build.0 = Release|Any CPU
		{8D0B2C45-81B3-4DCB-96A7-3CA92295B2B9}.Release|x64.ActiveCfg = Release|Any CPU
		{8D0B2C45-81B3-4DCB-96A7-3CA92295B2B9}.Release|x64.Build.0 = Release|Any CPU
		{8D0B2C45-81B3-4DCB-96A7-3CA92295B2B9}.Release|x86.ActiveCfg = Release|Any CPU
		{8D0B2C45-81B3-4DCB-96A7-3CA92295B2B9}.Release|x86.Build.0 = Release|Any CPU
		{38E8DC39-3D25-4444-ACE0-E0DFAB11A797}.Debug|Any CPU.ActiveCfg = Debug|Any CPU
		{38E8DC39-3D25-4444-ACE0-E0DFAB11A797}.Debug|Any CPU.Build.0 = Debug|Any CPU
		{38E8DC39-3D25-4444-ACE0-E0DFAB11A797}.Debug|x64.ActiveCfg = Debug|Any CPU
		{38E8DC39-3D25-4444-ACE0-E0DFAB11A797}.Debug|x64.Build.0 = Debug|Any CPU
		{38E8DC39-3D25-4444-ACE0-E0DFAB11A797}.Debug|x86.ActiveCfg = Debug|Any CPU
		{38E8DC39-3D25-4444-ACE0-E0DFAB11A797}.Debug|x86.Build.0 = Debug|Any CPU
		{38E8DC39-3D25-4444-ACE0-E0DFAB11A797}.Release|Any CPU.ActiveCfg = Release|Any CPU
		{38E8DC39-3D25-4444-ACE0-E0DFAB11A797}.Release|Any CPU.Build.0 = Release|Any CPU
		{38E8DC39-3D25-4444-ACE0-E0DFAB11A797}.Release|x64.ActiveCfg = Release|Any CPU
		{38E8DC39-3D25-4444-ACE0-E0DFAB11A797}.Release|x64.Build.0 = Release|Any CPU
		{38E8DC39-3D25-4444-ACE0-E0DFAB11A797}.Release|x86.ActiveCfg = Release|Any CPU
		{38E8DC39-3D25-4444-ACE0-E0DFAB11A797}.Release|x86.Build.0 = Release|Any CPU
		{65202080-ECBF-48EA-88A0-CC133FDACC80}.Debug|Any CPU.ActiveCfg = Debug|Any CPU
		{65202080-ECBF-48EA-88A0-CC133FDACC80}.Debug|Any CPU.Build.0 = Debug|Any CPU
		{65202080-ECBF-48EA-88A0-CC133FDACC80}.Debug|x64.ActiveCfg = Debug|Any CPU
		{65202080-ECBF-48EA-88A0-CC133FDACC80}.Debug|x64.Build.0 = Debug|Any CPU
		{65202080-ECBF-48EA-88A0-CC133FDACC80}.Debug|x86.ActiveCfg = Debug|Any CPU
		{65202080-ECBF-48EA-88A0-CC133FDACC80}.Debug|x86.Build.0 = Debug|Any CPU
		{65202080-ECBF-48EA-88A0-CC133FDACC80}.Release|Any CPU.ActiveCfg = Release|Any CPU
		{65202080-ECBF-48EA-88A0-CC133FDACC80}.Release|Any CPU.Build.0 = Release|Any CPU
		{65202080-ECBF-48EA-88A0-CC133FDACC80}.Release|x64.ActiveCfg = Release|Any CPU
		{65202080-ECBF-48EA-88A0-CC133FDACC80}.Release|x64.Build.0 = Release|Any CPU
		{65202080-ECBF-48EA-88A0-CC133FDACC80}.Release|x86.ActiveCfg = Release|Any CPU
		{65202080-ECBF-48EA-88A0-CC133FDACC80}.Release|x86.Build.0 = Release|Any CPU
		{95161097-EB56-4302-8B6F-10BE9F3CF4EE}.Debug|Any CPU.ActiveCfg = Debug|Any CPU
		{95161097-EB56-4302-8B6F-10BE9F3CF4EE}.Debug|Any CPU.Build.0 = Debug|Any CPU
		{95161097-EB56-4302-8B6F-10BE9F3CF4EE}.Debug|x64.ActiveCfg = Debug|Any CPU
		{95161097-EB56-4302-8B6F-10BE9F3CF4EE}.Debug|x64.Build.0 = Debug|Any CPU
		{95161097-EB56-4302-8B6F-10BE9F3CF4EE}.Debug|x86.ActiveCfg = Debug|Any CPU
		{95161097-EB56-4302-8B6F-10BE9F3CF4EE}.Debug|x86.Build.0 = Debug|Any CPU
		{95161097-EB56-4302-8B6F-10BE9F3CF4EE}.Release|Any CPU.ActiveCfg = Release|Any CPU
		{95161097-EB56-4302-8B6F-10BE9F3CF4EE}.Release|Any CPU.Build.0 = Release|Any CPU
		{95161097-EB56-4302-8B6F-10BE9F3CF4EE}.Release|x64.ActiveCfg = Release|Any CPU
		{95161097-EB56-4302-8B6F-10BE9F3CF4EE}.Release|x64.Build.0 = Release|Any CPU
		{95161097-EB56-4302-8B6F-10BE9F3CF4EE}.Release|x86.ActiveCfg = Release|Any CPU
		{95161097-EB56-4302-8B6F-10BE9F3CF4EE}.Release|x86.Build.0 = Release|Any CPU
		{6075AAB1-6473-4BC9-858A-0FBE02C35BA9}.Debug|Any CPU.ActiveCfg = Debug|Any CPU
		{6075AAB1-6473-4BC9-858A-0FBE02C35BA9}.Debug|Any CPU.Build.0 = Debug|Any CPU
		{6075AAB1-6473-4BC9-858A-0FBE02C35BA9}.Debug|x64.ActiveCfg = Debug|Any CPU
		{6075AAB1-6473-4BC9-858A-0FBE02C35BA9}.Debug|x64.Build.0 = Debug|Any CPU
		{6075AAB1-6473-4BC9-858A-0FBE02C35BA9}.Debug|x86.ActiveCfg = Debug|Any CPU
		{6075AAB1-6473-4BC9-858A-0FBE02C35BA9}.Debug|x86.Build.0 = Debug|Any CPU
		{6075AAB1-6473-4BC9-858A-0FBE02C35BA9}.Release|Any CPU.ActiveCfg = Release|Any CPU
		{6075AAB1-6473-4BC9-858A-0FBE02C35BA9}.Release|Any CPU.Build.0 = Release|Any CPU
		{6075AAB1-6473-4BC9-858A-0FBE02C35BA9}.Release|x64.ActiveCfg = Release|Any CPU
		{6075AAB1-6473-4BC9-858A-0FBE02C35BA9}.Release|x64.Build.0 = Release|Any CPU
		{6075AAB1-6473-4BC9-858A-0FBE02C35BA9}.Release|x86.ActiveCfg = Release|Any CPU
		{6075AAB1-6473-4BC9-858A-0FBE02C35BA9}.Release|x86.Build.0 = Release|Any CPU
	EndGlobalSection
	GlobalSection(SolutionProperties) = preSolution
		HideSolutionNode = FALSE
	EndGlobalSection
	GlobalSection(ExtensibilityGlobals) = postSolution
		SolutionGuid = {6B3B8CFA-9689-4E13-9570-BE531B1F99AA}
	EndGlobalSection
EndGlobal
