
Microsoft Visual Studio Solution File, Format Version 12.00
# Visual Studio 15
VisualStudioVersion = 15.0.26124.0
MinimumVisualStudioVersion = 15.0.26124.0
Project("{FAE04EC0-301F-11D3-BF4B-00C04F79EFBC}") = "001_PartialClasses", "001_PartialClasses\001_PartialClasses.csproj", "{E83F42FD-FED5-4D75-BE50-4F8C6B24C2D4}"
EndProject
Project("{FAE04EC0-301F-11D3-BF4B-00C04F79EFBC}") = "002_PartialMethods", "002_PartialMethods\002_PartialMethods.csproj", "{7E968CFD-6A56-4177-A92C-CD8F629A5B2D}"
EndProject
Project("{FAE04EC0-301F-11D3-BF4B-00C04F79EFBC}") = "003_Encapsulation", "003_Encapsulation\003_Encapsulation.csproj", "{80D37AD0-BC14-4EE1-9A43-0372F27966A8}"
EndProject
Project("{FAE04EC0-301F-11D3-BF4B-00C04F79EFBC}") = "004_Readonly", "004_Readonly\004_Readonly.csproj", "{BC56932E-1154-43E7-AB58-DCA183A35B92}"
EndProject
Project("{FAE04EC0-301F-11D3-BF4B-00C04F79EFBC}") = "005_SelfAssociation", "005_SelfAssociation\005_SelfAssociation.csproj", "{44EE53B9-8102-4E81-8808-8C5CA93A6063}"
EndProject
Project("{FAE04EC0-301F-11D3-BF4B-00C04F79EFBC}") = "006_SelfAssociation", "006_SelfAssociation\006_SelfAssociation.csproj", "{8CB7DABA-9C6C-4FE6-AE11-1825BDB947DC}"
EndProject
Project("{FAE04EC0-301F-11D3-BF4B-00C04F79EFBC}") = "007_Association", "007_Association\007_Association.csproj", "{3D2D2D3B-F121-4319-AEE3-DD4E0D8FF4C5}"
EndProject
Project("{FAE04EC0-301F-11D3-BF4B-00C04F79EFBC}") = "008_Association", "008_Association\008_Association.csproj", "{960E19B7-65EB-45ED-A274-05D6A92A3591}"
EndProject
Global
	GlobalSection(SolutionConfigurationPlatforms) = preSolution
		Debug|Any CPU = Debug|Any CPU
		Debug|x64 = Debug|x64
		Debug|x86 = Debug|x86
		Release|Any CPU = Release|Any CPU
		Release|x64 = Release|x64
		Release|x86 = Release|x86
	EndGlobalSection
	GlobalSection(SolutionProperties) = preSolution
		HideSolutionNode = FALSE
	EndGlobalSection
	GlobalSection(ProjectConfigurationPlatforms) = postSolution
		{E83F42FD-FED5-4D75-BE50-4F8C6B24C2D4}.Debug|Any CPU.ActiveCfg = Debug|Any CPU
		{E83F42FD-FED5-4D75-BE50-4F8C6B24C2D4}.Debug|Any CPU.Build.0 = Debug|Any CPU
		{E83F42FD-FED5-4D75-BE50-4F8C6B24C2D4}.Debug|x64.ActiveCfg = Debug|Any CPU
		{E83F42FD-FED5-4D75-BE50-4F8C6B24C2D4}.Debug|x64.Build.0 = Debug|Any CPU
		{E83F42FD-FED5-4D75-BE50-4F8C6B24C2D4}.Debug|x86.ActiveCfg = Debug|Any CPU
		{E83F42FD-FED5-4D75-BE50-4F8C6B24C2D4}.Debug|x86.Build.0 = Debug|Any CPU
		{E83F42FD-FED5-4D75-BE50-4F8C6B24C2D4}.Release|Any CPU.ActiveCfg = Release|Any CPU
		{E83F42FD-FED5-4D75-BE50-4F8C6B24C2D4}.Release|Any CPU.Build.0 = Release|Any CPU
		{E83F42FD-FED5-4D75-BE50-4F8C6B24C2D4}.Release|x64.ActiveCfg = Release|Any CPU
		{E83F42FD-FED5-4D75-BE50-4F8C6B24C2D4}.Release|x64.Build.0 = Release|Any CPU
		{E83F42FD-FED5-4D75-BE50-4F8C6B24C2D4}.Release|x86.ActiveCfg = Release|Any CPU
		{E83F42FD-FED5-4D75-BE50-4F8C6B24C2D4}.Release|x86.Build.0 = Release|Any CPU
		{7E968CFD-6A56-4177-A92C-CD8F629A5B2D}.Debug|Any CPU.ActiveCfg = Debug|Any CPU
		{7E968CFD-6A56-4177-A92C-CD8F629A5B2D}.Debug|Any CPU.Build.0 = Debug|Any CPU
		{7E968CFD-6A56-4177-A92C-CD8F629A5B2D}.Debug|x64.ActiveCfg = Debug|Any CPU
		{7E968CFD-6A56-4177-A92C-CD8F629A5B2D}.Debug|x64.Build.0 = Debug|Any CPU
		{7E968CFD-6A56-4177-A92C-CD8F629A5B2D}.Debug|x86.ActiveCfg = Debug|Any CPU
		{7E968CFD-6A56-4177-A92C-CD8F629A5B2D}.Debug|x86.Build.0 = Debug|Any CPU
		{7E968CFD-6A56-4177-A92C-CD8F629A5B2D}.Release|Any CPU.ActiveCfg = Release|Any CPU
		{7E968CFD-6A56-4177-A92C-CD8F629A5B2D}.Release|Any CPU.Build.0 = Release|Any CPU
		{7E968CFD-6A56-4177-A92C-CD8F629A5B2D}.Release|x64.ActiveCfg = Release|Any CPU
		{7E968CFD-6A56-4177-A92C-CD8F629A5B2D}.Release|x64.Build.0 = Release|Any CPU
		{7E968CFD-6A56-4177-A92C-CD8F629A5B2D}.Release|x86.ActiveCfg = Release|Any CPU
		{7E968CFD-6A56-4177-A92C-CD8F629A5B2D}.Release|x86.Build.0 = Release|Any CPU
		{80D37AD0-BC14-4EE1-9A43-0372F27966A8}.Debug|Any CPU.ActiveCfg = Debug|Any CPU
		{80D37AD0-BC14-4EE1-9A43-0372F27966A8}.Debug|Any CPU.Build.0 = Debug|Any CPU
		{80D37AD0-BC14-4EE1-9A43-0372F27966A8}.Debug|x64.ActiveCfg = Debug|Any CPU
		{80D37AD0-BC14-4EE1-9A43-0372F27966A8}.Debug|x64.Build.0 = Debug|Any CPU
		{80D37AD0-BC14-4EE1-9A43-0372F27966A8}.Debug|x86.ActiveCfg = Debug|Any CPU
		{80D37AD0-BC14-4EE1-9A43-0372F27966A8}.Debug|x86.Build.0 = Debug|Any CPU
		{80D37AD0-BC14-4EE1-9A43-0372F27966A8}.Release|Any CPU.ActiveCfg = Release|Any CPU
		{80D37AD0-BC14-4EE1-9A43-0372F27966A8}.Release|Any CPU.Build.0 = Release|Any CPU
		{80D37AD0-BC14-4EE1-9A43-0372F27966A8}.Release|x64.ActiveCfg = Release|Any CPU
		{80D37AD0-BC14-4EE1-9A43-0372F27966A8}.Release|x64.Build.0 = Release|Any CPU
		{80D37AD0-BC14-4EE1-9A43-0372F27966A8}.Release|x86.ActiveCfg = Release|Any CPU
		{80D37AD0-BC14-4EE1-9A43-0372F27966A8}.Release|x86.Build.0 = Release|Any CPU
		{BC56932E-1154-43E7-AB58-DCA183A35B92}.Debug|Any CPU.ActiveCfg = Debug|Any CPU
		{BC56932E-1154-43E7-AB58-DCA183A35B92}.Debug|Any CPU.Build.0 = Debug|Any CPU
		{BC56932E-1154-43E7-AB58-DCA183A35B92}.Debug|x64.ActiveCfg = Debug|Any CPU
		{BC56932E-1154-43E7-AB58-DCA183A35B92}.Debug|x64.Build.0 = Debug|Any CPU
		{BC56932E-1154-43E7-AB58-DCA183A35B92}.Debug|x86.ActiveCfg = Debug|Any CPU
		{BC56932E-1154-43E7-AB58-DCA183A35B92}.Debug|x86.Build.0 = Debug|Any CPU
		{BC56932E-1154-43E7-AB58-DCA183A35B92}.Release|Any CPU.ActiveCfg = Release|Any CPU
		{BC56932E-1154-43E7-AB58-DCA183A35B92}.Release|Any CPU.Build.0 = Release|Any CPU
		{BC56932E-1154-43E7-AB58-DCA183A35B92}.Release|x64.ActiveCfg = Release|Any CPU
		{BC56932E-1154-43E7-AB58-DCA183A35B92}.Release|x64.Build.0 = Release|Any CPU
		{BC56932E-1154-43E7-AB58-DCA183A35B92}.Release|x86.ActiveCfg = Release|Any CPU
		{BC56932E-1154-43E7-AB58-DCA183A35B92}.Release|x86.Build.0 = Release|Any CPU
		{44EE53B9-8102-4E81-8808-8C5CA93A6063}.Debug|Any CPU.ActiveCfg = Debug|Any CPU
		{44EE53B9-8102-4E81-8808-8C5CA93A6063}.Debug|Any CPU.Build.0 = Debug|Any CPU
		{44EE53B9-8102-4E81-8808-8C5CA93A6063}.Debug|x64.ActiveCfg = Debug|Any CPU
		{44EE53B9-8102-4E81-8808-8C5CA93A6063}.Debug|x64.Build.0 = Debug|Any CPU
		{44EE53B9-8102-4E81-8808-8C5CA93A6063}.Debug|x86.ActiveCfg = Debug|Any CPU
		{44EE53B9-8102-4E81-8808-8C5CA93A6063}.Debug|x86.Build.0 = Debug|Any CPU
		{44EE53B9-8102-4E81-8808-8C5CA93A6063}.Release|Any CPU.ActiveCfg = Release|Any CPU
		{44EE53B9-8102-4E81-8808-8C5CA93A6063}.Release|Any CPU.Build.0 = Release|Any CPU
		{44EE53B9-8102-4E81-8808-8C5CA93A6063}.Release|x64.ActiveCfg = Release|Any CPU
		{44EE53B9-8102-4E81-8808-8C5CA93A6063}.Release|x64.Build.0 = Release|Any CPU
		{44EE53B9-8102-4E81-8808-8C5CA93A6063}.Release|x86.ActiveCfg = Release|Any CPU
		{44EE53B9-8102-4E81-8808-8C5CA93A6063}.Release|x86.Build.0 = Release|Any CPU
		{8CB7DABA-9C6C-4FE6-AE11-1825BDB947DC}.Debug|Any CPU.ActiveCfg = Debug|Any CPU
		{8CB7DABA-9C6C-4FE6-AE11-1825BDB947DC}.Debug|Any CPU.Build.0 = Debug|Any CPU
		{8CB7DABA-9C6C-4FE6-AE11-1825BDB947DC}.Debug|x64.ActiveCfg = Debug|Any CPU
		{8CB7DABA-9C6C-4FE6-AE11-1825BDB947DC}.Debug|x64.Build.0 = Debug|Any CPU
		{8CB7DABA-9C6C-4FE6-AE11-1825BDB947DC}.Debug|x86.ActiveCfg = Debug|Any CPU
		{8CB7DABA-9C6C-4FE6-AE11-1825BDB947DC}.Debug|x86.Build.0 = Debug|Any CPU
		{8CB7DABA-9C6C-4FE6-AE11-1825BDB947DC}.Release|Any CPU.ActiveCfg = Release|Any CPU
		{8CB7DABA-9C6C-4FE6-AE11-1825BDB947DC}.Release|Any CPU.Build.0 = Release|Any CPU
		{8CB7DABA-9C6C-4FE6-AE11-1825BDB947DC}.Release|x64.ActiveCfg = Release|Any CPU
		{8CB7DABA-9C6C-4FE6-AE11-1825BDB947DC}.Release|x64.Build.0 = Release|Any CPU
		{8CB7DABA-9C6C-4FE6-AE11-1825BDB947DC}.Release|x86.ActiveCfg = Release|Any CPU
		{8CB7DABA-9C6C-4FE6-AE11-1825BDB947DC}.Release|x86.Build.0 = Release|Any CPU
		{3D2D2D3B-F121-4319-AEE3-DD4E0D8FF4C5}.Debug|Any CPU.ActiveCfg = Debug|Any CPU
		{3D2D2D3B-F121-4319-AEE3-DD4E0D8FF4C5}.Debug|Any CPU.Build.0 = Debug|Any CPU
		{3D2D2D3B-F121-4319-AEE3-DD4E0D8FF4C5}.Debug|x64.ActiveCfg = Debug|Any CPU
		{3D2D2D3B-F121-4319-AEE3-DD4E0D8FF4C5}.Debug|x64.Build.0 = Debug|Any CPU
		{3D2D2D3B-F121-4319-AEE3-DD4E0D8FF4C5}.Debug|x86.ActiveCfg = Debug|Any CPU
		{3D2D2D3B-F121-4319-AEE3-DD4E0D8FF4C5}.Debug|x86.Build.0 = Debug|Any CPU
		{3D2D2D3B-F121-4319-AEE3-DD4E0D8FF4C5}.Release|Any CPU.ActiveCfg = Release|Any CPU
		{3D2D2D3B-F121-4319-AEE3-DD4E0D8FF4C5}.Release|Any CPU.Build.0 = Release|Any CPU
		{3D2D2D3B-F121-4319-AEE3-DD4E0D8FF4C5}.Release|x64.ActiveCfg = Release|Any CPU
		{3D2D2D3B-F121-4319-AEE3-DD4E0D8FF4C5}.Release|x64.Build.0 = Release|Any CPU
		{3D2D2D3B-F121-4319-AEE3-DD4E0D8FF4C5}.Release|x86.ActiveCfg = Release|Any CPU
		{3D2D2D3B-F121-4319-AEE3-DD4E0D8FF4C5}.Release|x86.Build.0 = Release|Any CPU
		{960E19B7-65EB-45ED-A274-05D6A92A3591}.Debug|Any CPU.ActiveCfg = Debug|Any CPU
		{960E19B7-65EB-45ED-A274-05D6A92A3591}.Debug|Any CPU.Build.0 = Debug|Any CPU
		{960E19B7-65EB-45ED-A274-05D6A92A3591}.Debug|x64.ActiveCfg = Debug|Any CPU
		{960E19B7-65EB-45ED-A274-05D6A92A3591}.Debug|x64.Build.0 = Debug|Any CPU
		{960E19B7-65EB-45ED-A274-05D6A92A3591}.Debug|x86.ActiveCfg = Debug|Any CPU
		{960E19B7-65EB-45ED-A274-05D6A92A3591}.Debug|x86.Build.0 = Debug|Any CPU
		{960E19B7-65EB-45ED-A274-05D6A92A3591}.Release|Any CPU.ActiveCfg = Release|Any CPU
		{960E19B7-65EB-45ED-A274-05D6A92A3591}.Release|Any CPU.Build.0 = Release|Any CPU
		{960E19B7-65EB-45ED-A274-05D6A92A3591}.Release|x64.ActiveCfg = Release|Any CPU
		{960E19B7-65EB-45ED-A274-05D6A92A3591}.Release|x64.Build.0 = Release|Any CPU
		{960E19B7-65EB-45ED-A274-05D6A92A3591}.Release|x86.ActiveCfg = Release|Any CPU
		{960E19B7-65EB-45ED-A274-05D6A92A3591}.Release|x86.Build.0 = Release|Any CPU
	EndGlobalSection
EndGlobal
