
Microsoft Visual Studio Solution File, Format Version 12.00
# Visual Studio Version 16
VisualStudioVersion = 16.0.31727.386
MinimumVisualStudioVersion = 10.0.40219.1
Project("{9A19103F-16F7-4668-BE54-9A1E7A4F7556}") = "Classwork_task1", "Classwork_task1\Classwork_task1.csproj", "{C6B445BF-46A4-467D-A37D-D8E7803954D4}"
EndProject
Project("{FAE04EC0-301F-11D3-BF4B-00C04F79EFBC}") = "Homework_task2", "Homework_task2\Homework_task2.csproj", "{7B3BA619-A99C-4956-835C-1F795EAC26D7}"
EndProject
Project("{FAE04EC0-301F-11D3-BF4B-00C04F79EFBC}") = "Homework_task3", "Homework_task3\Homework_task3.csproj", "{E8AE7D13-442F-4BEC-87B1-2AF68397F80F}"
EndProject
Global
	GlobalSection(SolutionConfigurationPlatforms) = preSolution
		Debug|Any CPU = Debug|Any CPU
		Release|Any CPU = Release|Any CPU
	EndGlobalSection
	GlobalSection(ProjectConfigurationPlatforms) = postSolution
		{C6B445BF-46A4-467D-A37D-D8E7803954D4}.Debug|Any CPU.ActiveCfg = Debug|Any CPU
		{C6B445BF-46A4-467D-A37D-D8E7803954D4}.Debug|Any CPU.Build.0 = Debug|Any CPU
		{C6B445BF-46A4-467D-A37D-D8E7803954D4}.Release|Any CPU.ActiveCfg = Release|Any CPU
		{C6B445BF-46A4-467D-A37D-D8E7803954D4}.Release|Any CPU.Build.0 = Release|Any CPU
		{7B3BA619-A99C-4956-835C-1F795EAC26D7}.Debug|Any CPU.ActiveCfg = Debug|Any CPU
		{7B3BA619-A99C-4956-835C-1F795EAC26D7}.Debug|Any CPU.Build.0 = Debug|Any CPU
		{7B3BA619-A99C-4956-835C-1F795EAC26D7}.Release|Any CPU.ActiveCfg = Release|Any CPU
		{7B3BA619-A99C-4956-835C-1F795EAC26D7}.Release|Any CPU.Build.0 = Release|Any CPU
		{E8AE7D13-442F-4BEC-87B1-2AF68397F80F}.Debug|Any CPU.ActiveCfg = Debug|Any CPU
		{E8AE7D13-442F-4BEC-87B1-2AF68397F80F}.Debug|Any CPU.Build.0 = Debug|Any CPU
		{E8AE7D13-442F-4BEC-87B1-2AF68397F80F}.Release|Any CPU.ActiveCfg = Release|Any CPU
		{E8AE7D13-442F-4BEC-87B1-2AF68397F80F}.Release|Any CPU.Build.0 = Release|Any CPU
	EndGlobalSection
	GlobalSection(SolutionProperties) = preSolution
		HideSolutionNode = FALSE
	EndGlobalSection
	GlobalSection(ExtensibilityGlobals) = postSolution
		SolutionGuid = {43593B46-2D86-4FB7-A9CD-BAFB773C8DDD}
	EndGlobalSection
EndGlobal
